// !$*UTF8*$!
{
	archiveVersion = 1;
	classes = {
	};
	objectVersion = 46;
	objects = {

/* Begin PBXBuildFile section */
		C74B81171CBE335C005307FF /* main.m in Sources */ = {isa = PBXBuildFile; fileRef = C74B81161CBE335C005307FF /* main.m */; };
		C74B811A1CBE335C005307FF /* AppDelegate.m in Sources */ = {isa = PBXBuildFile; fileRef = C74B81191CBE335C005307FF /* AppDelegate.m */; };
		C74B81201CBE335C005307FF /* Main.storyboard in Resources */ = {isa = PBXBuildFile; fileRef = C74B811E1CBE335C005307FF /* Main.storyboard */; };
		C74B81221CBE335C005307FF /* Assets.xcassets in Resources */ = {isa = PBXBuildFile; fileRef = C74B81211CBE335C005307FF /* Assets.xcassets */; };
		C74B81251CBE335C005307FF /* LaunchScreen.storyboard in Resources */ = {isa = PBXBuildFile; fileRef = C74B81231CBE335C005307FF /* LaunchScreen.storyboard */; };
		C74B812E1CBE358F005307FF /* iKeyboardMenuViewController.m in Sources */ = {isa = PBXBuildFile; fileRef = C74B812D1CBE358F005307FF /* iKeyboardMenuViewController.m */; };
		C74B81321CBE3A0D005307FF /* part_of_keyboard.png in Resources */ = {isa = PBXBuildFile; fileRef = C74B81311CBE3A0D005307FF /* part_of_keyboard.png */; };
		C74B813A1CBE4267005307FF /* white7.png in Resources */ = {isa = PBXBuildFile; fileRef = C74B81331CBE4267005307FF /* white7.png */; };
		C74B813B1CBE4267005307FF /* white6.png in Resources */ = {isa = PBXBuildFile; fileRef = C74B81341CBE4267005307FF /* white6.png */; };
		C74B813C1CBE4267005307FF /* white5.png in Resources */ = {isa = PBXBuildFile; fileRef = C74B81351CBE4267005307FF /* white5.png */; };
		C74B813D1CBE4267005307FF /* white4.png in Resources */ = {isa = PBXBuildFile; fileRef = C74B81361CBE4267005307FF /* white4.png */; };
		C74B813E1CBE4267005307FF /* white3.png in Resources */ = {isa = PBXBuildFile; fileRef = C74B81371CBE4267005307FF /* white3.png */; };
		C74B813F1CBE4267005307FF /* white2.png in Resources */ = {isa = PBXBuildFile; fileRef = C74B81381CBE4267005307FF /* white2.png */; };
		C74B81401CBE4267005307FF /* white1.png in Resources */ = {isa = PBXBuildFile; fileRef = C74B81391CBE4267005307FF /* white1.png */; };
		C74B81431CBE4325005307FF /* iKeyboardNormalModeViewController.m in Sources */ = {isa = PBXBuildFile; fileRef = C74B81421CBE4325005307FF /* iKeyboardNormalModeViewController.m */; };
		C74B81471CBE54EB005307FF /* keyboard.png in Resources */ = {isa = PBXBuildFile; fileRef = C74B81461CBE54EB005307FF /* keyboard.png */; };
		C74B81491CBE5C9D005307FF /* frame.png in Resources */ = {isa = PBXBuildFile; fileRef = C74B81481CBE5C9D005307FF /* frame.png */; };
		C74B814C1CBF6B9B005307FF /* rightArrow.png in Resources */ = {isa = PBXBuildFile; fileRef = C74B814A1CBF6B9B005307FF /* rightArrow.png */; };
		C74B814D1CBF6B9B005307FF /* leftArrow.png in Resources */ = {isa = PBXBuildFile; fileRef = C74B814B1CBF6B9B005307FF /* leftArrow.png */; };
		C74B81551CBF7665005307FF /* white7_highlight.png in Resources */ = {isa = PBXBuildFile; fileRef = C74B814E1CBF7665005307FF /* white7_highlight.png */; };
		C74B81561CBF7665005307FF /* white6_highlight.png in Resources */ = {isa = PBXBuildFile; fileRef = C74B814F1CBF7665005307FF /* white6_highlight.png */; };
		C74B81571CBF7665005307FF /* white5_highlight.png in Resources */ = {isa = PBXBuildFile; fileRef = C74B81501CBF7665005307FF /* white5_highlight.png */; };
		C74B81581CBF7665005307FF /* white4_highlight.png in Resources */ = {isa = PBXBuildFile; fileRef = C74B81511CBF7665005307FF /* white4_highlight.png */; };
		C74B81591CBF7665005307FF /* white2_highlight.png in Resources */ = {isa = PBXBuildFile; fileRef = C74B81521CBF7665005307FF /* white2_highlight.png */; };
		C74B815A1CBF7665005307FF /* white3_highlight.png in Resources */ = {isa = PBXBuildFile; fileRef = C74B81531CBF7665005307FF /* white3_highlight.png */; };
		C74B815B1CBF7665005307FF /* white1_highlight.png in Resources */ = {isa = PBXBuildFile; fileRef = C74B81541CBF7665005307FF /* white1_highlight.png */; };
		C74B81991CBF9FC6005307FF /* piano_a0.wav in Resources */ = {isa = PBXBuildFile; fileRef = C74B815F1CBF9FC6005307FF /* piano_a0.wav */; };
		C74B819A1CBF9FC6005307FF /* piano_a1.wav in Resources */ = {isa = PBXBuildFile; fileRef = C74B81601CBF9FC6005307FF /* piano_a1.wav */; };
		C74B819B1CBF9FC6005307FF /* piano_a2.wav in Resources */ = {isa = PBXBuildFile; fileRef = C74B81611CBF9FC6005307FF /* piano_a2.wav */; };
		C74B819C1CBF9FC6005307FF /* piano_a3.wav in Resources */ = {isa = PBXBuildFile; fileRef = C74B81621CBF9FC6005307FF /* piano_a3.wav */; };
		C74B819D1CBF9FC6005307FF /* piano_a4.wav in Resources */ = {isa = PBXBuildFile; fileRef = C74B81631CBF9FC6005307FF /* piano_a4.wav */; };
		C74B819E1CBF9FC6005307FF /* piano_a5.wav in Resources */ = {isa = PBXBuildFile; fileRef = C74B81641CBF9FC6005307FF /* piano_a5.wav */; };
		C74B819F1CBF9FC6005307FF /* piano_a6.wav in Resources */ = {isa = PBXBuildFile; fileRef = C74B81651CBF9FC6005307FF /* piano_a6.wav */; };
		C74B81A01CBF9FC6005307FF /* piano_a7.wav in Resources */ = {isa = PBXBuildFile; fileRef = C74B81661CBF9FC6005307FF /* piano_a7.wav */; };
		C74B81A11CBF9FC6005307FF /* piano_b0.wav in Resources */ = {isa = PBXBuildFile; fileRef = C74B81681CBF9FC6005307FF /* piano_b0.wav */; };
		C74B81A21CBF9FC6005307FF /* piano_b1.wav in Resources */ = {isa = PBXBuildFile; fileRef = C74B81691CBF9FC6005307FF /* piano_b1.wav */; };
		C74B81A31CBF9FC6005307FF /* piano_b2.wav in Resources */ = {isa = PBXBuildFile; fileRef = C74B816A1CBF9FC6005307FF /* piano_b2.wav */; };
		C74B81A41CBF9FC6005307FF /* piano_b3.wav in Resources */ = {isa = PBXBuildFile; fileRef = C74B816B1CBF9FC6005307FF /* piano_b3.wav */; };
		C74B81A51CBF9FC6005307FF /* piano_b4.wav in Resources */ = {isa = PBXBuildFile; fileRef = C74B816C1CBF9FC6005307FF /* piano_b4.wav */; };
		C74B81A61CBF9FC6005307FF /* piano_b5.wav in Resources */ = {isa = PBXBuildFile; fileRef = C74B816D1CBF9FC6005307FF /* piano_b5.wav */; };
		C74B81A71CBF9FC6005307FF /* piano_b6.wav in Resources */ = {isa = PBXBuildFile; fileRef = C74B816E1CBF9FC6005307FF /* piano_b6.wav */; };
		C74B81A81CBF9FC6005307FF /* piano_b7.wav in Resources */ = {isa = PBXBuildFile; fileRef = C74B816F1CBF9FC6005307FF /* piano_b7.wav */; };
		C74B81A91CBF9FC6005307FF /* piano_c1.wav in Resources */ = {isa = PBXBuildFile; fileRef = C74B81711CBF9FC6005307FF /* piano_c1.wav */; };
		C74B81AA1CBF9FC6005307FF /* piano_c2.wav in Resources */ = {isa = PBXBuildFile; fileRef = C74B81721CBF9FC6005307FF /* piano_c2.wav */; };
		C74B81AB1CBF9FC6005307FF /* piano_c3.wav in Resources */ = {isa = PBXBuildFile; fileRef = C74B81731CBF9FC6005307FF /* piano_c3.wav */; };
		C74B81AC1CBF9FC6005307FF /* piano_c4.wav in Resources */ = {isa = PBXBuildFile; fileRef = C74B81741CBF9FC6005307FF /* piano_c4.wav */; };
		C74B81AD1CBF9FC6005307FF /* piano_c5.wav in Resources */ = {isa = PBXBuildFile; fileRef = C74B81751CBF9FC6005307FF /* piano_c5.wav */; };
		C74B81AE1CBF9FC6005307FF /* piano_c6.wav in Resources */ = {isa = PBXBuildFile; fileRef = C74B81761CBF9FC6005307FF /* piano_c6.wav */; };
		C74B81AF1CBF9FC6005307FF /* piano_c7.wav in Resources */ = {isa = PBXBuildFile; fileRef = C74B81771CBF9FC6005307FF /* piano_c7.wav */; };
		C74B81B01CBF9FC6005307FF /* piano_c8.wav in Resources */ = {isa = PBXBuildFile; fileRef = C74B81781CBF9FC6005307FF /* piano_c8.wav */; };
		C74B81B11CBF9FC6005307FF /* piano_d1.wav in Resources */ = {isa = PBXBuildFile; fileRef = C74B817A1CBF9FC6005307FF /* piano_d1.wav */; };
		C74B81B21CBF9FC6005307FF /* piano_d2.wav in Resources */ = {isa = PBXBuildFile; fileRef = C74B817B1CBF9FC6005307FF /* piano_d2.wav */; };
		C74B81B31CBF9FC6005307FF /* piano_d3.wav in Resources */ = {isa = PBXBuildFile; fileRef = C74B817C1CBF9FC6005307FF /* piano_d3.wav */; };
		C74B81B41CBF9FC6005307FF /* piano_d4.wav in Resources */ = {isa = PBXBuildFile; fileRef = C74B817D1CBF9FC6005307FF /* piano_d4.wav */; };
		C74B81B51CBF9FC6005307FF /* piano_d5.wav in Resources */ = {isa = PBXBuildFile; fileRef = C74B817E1CBF9FC6005307FF /* piano_d5.wav */; };
		C74B81B61CBF9FC6005307FF /* piano_d6.wav in Resources */ = {isa = PBXBuildFile; fileRef = C74B817F1CBF9FC6005307FF /* piano_d6.wav */; };
		C74B81B71CBF9FC6005307FF /* piano_d7.wav in Resources */ = {isa = PBXBuildFile; fileRef = C74B81801CBF9FC6005307FF /* piano_d7.wav */; };
		C74B81B81CBF9FC6005307FF /* piano_e1.wav in Resources */ = {isa = PBXBuildFile; fileRef = C74B81821CBF9FC6005307FF /* piano_e1.wav */; };
		C74B81B91CBF9FC6005307FF /* piano_e2.wav in Resources */ = {isa = PBXBuildFile; fileRef = C74B81831CBF9FC6005307FF /* piano_e2.wav */; };
		C74B81BA1CBF9FC6005307FF /* piano_e3.wav in Resources */ = {isa = PBXBuildFile; fileRef = C74B81841CBF9FC6005307FF /* piano_e3.wav */; };
		C74B81BB1CBF9FC6005307FF /* piano_e4.wav in Resources */ = {isa = PBXBuildFile; fileRef = C74B81851CBF9FC6005307FF /* piano_e4.wav */; };
		C74B81BC1CBF9FC6005307FF /* piano_e5.wav in Resources */ = {isa = PBXBuildFile; fileRef = C74B81861CBF9FC6005307FF /* piano_e5.wav */; };
		C74B81BD1CBF9FC6005307FF /* piano_e6.wav in Resources */ = {isa = PBXBuildFile; fileRef = C74B81871CBF9FC6005307FF /* piano_e6.wav */; };
		C74B81BE1CBF9FC6005307FF /* piano_e7.wav in Resources */ = {isa = PBXBuildFile; fileRef = C74B81881CBF9FC6005307FF /* piano_e7.wav */; };
		C74B81BF1CBF9FC6005307FF /* piano_f1.wav in Resources */ = {isa = PBXBuildFile; fileRef = C74B818A1CBF9FC6005307FF /* piano_f1.wav */; };
		C74B81C01CBF9FC6005307FF /* piano_f2.wav in Resources */ = {isa = PBXBuildFile; fileRef = C74B818B1CBF9FC6005307FF /* piano_f2.wav */; };
		C74B81C11CBF9FC6005307FF /* piano_f3.wav in Resources */ = {isa = PBXBuildFile; fileRef = C74B818C1CBF9FC6005307FF /* piano_f3.wav */; };
		C74B81C21CBF9FC6005307FF /* piano_f4.wav in Resources */ = {isa = PBXBuildFile; fileRef = C74B818D1CBF9FC6005307FF /* piano_f4.wav */; };
		C74B81C31CBF9FC6005307FF /* piano_f5.wav in Resources */ = {isa = PBXBuildFile; fileRef = C74B818E1CBF9FC6005307FF /* piano_f5.wav */; };
		C74B81C41CBF9FC6005307FF /* piano_f6.wav in Resources */ = {isa = PBXBuildFile; fileRef = C74B818F1CBF9FC6005307FF /* piano_f6.wav */; };
		C74B81C51CBF9FC6005307FF /* piano_f7.wav in Resources */ = {isa = PBXBuildFile; fileRef = C74B81901CBF9FC6005307FF /* piano_f7.wav */; };
		C74B81C61CBF9FC6005307FF /* piano_g1.wav in Resources */ = {isa = PBXBuildFile; fileRef = C74B81921CBF9FC6005307FF /* piano_g1.wav */; };
		C74B81C71CBF9FC6005307FF /* piano_g2.wav in Resources */ = {isa = PBXBuildFile; fileRef = C74B81931CBF9FC6005307FF /* piano_g2.wav */; };
		C74B81C81CBF9FC6005307FF /* piano_g3.wav in Resources */ = {isa = PBXBuildFile; fileRef = C74B81941CBF9FC6005307FF /* piano_g3.wav */; };
		C74B81C91CBF9FC6005307FF /* piano_g4.wav in Resources */ = {isa = PBXBuildFile; fileRef = C74B81951CBF9FC6005307FF /* piano_g4.wav */; };
		C74B81CA1CBF9FC6005307FF /* piano_g5.wav in Resources */ = {isa = PBXBuildFile; fileRef = C74B81961CBF9FC6005307FF /* piano_g5.wav */; };
		C74B81CB1CBF9FC6005307FF /* piano_g6.wav in Resources */ = {isa = PBXBuildFile; fileRef = C74B81971CBF9FC6005307FF /* piano_g6.wav */; };
		C74B81CC1CBF9FC6005307FF /* piano_g7.wav in Resources */ = {isa = PBXBuildFile; fileRef = C74B81981CBF9FC6005307FF /* piano_g7.wav */; };
		C757D59D1CBFE1C5002BDF5D /* libFinch.a in Frameworks */ = {isa = PBXBuildFile; fileRef = C757D5911CBFDFBA002BDF5D /* libFinch.a */; };
/* End PBXBuildFile section */

/* Begin PBXContainerItemProxy section */
		C757D5901CBFDFBA002BDF5D /* PBXContainerItemProxy */ = {
			isa = PBXContainerItemProxy;
			containerPortal = C757D5891CBFDFB9002BDF5D /* Finch.xcodeproj */;
			proxyType = 2;
			remoteGlobalIDString = 0D2AA93E14174FA000F4071B;
			remoteInfo = Finch;
		};
		C757D5921CBFDFBA002BDF5D /* PBXContainerItemProxy */ = {
			isa = PBXContainerItemProxy;
			containerPortal = C757D5891CBFDFB9002BDF5D /* Finch.xcodeproj */;
			proxyType = 2;
			remoteGlobalIDString = 0D1BA656141A45B6004A5A9F;
			remoteInfo = Tests;
		};
		C757D5941CBFDFBA002BDF5D /* PBXContainerItemProxy */ = {
			isa = PBXContainerItemProxy;
			containerPortal = C757D5891CBFDFB9002BDF5D /* Finch.xcodeproj */;
			proxyType = 2;
			remoteGlobalIDString = 0D2AA971141750F700F4071B;
			remoteInfo = "Finch Demo";
		};
		C757D5961CBFDFBA002BDF5D /* PBXContainerItemProxy */ = {
			isa = PBXContainerItemProxy;
			containerPortal = C757D5891CBFDFB9002BDF5D /* Finch.xcodeproj */;
			proxyType = 2;
			remoteGlobalIDString = 0DAF0EA516947C8D00612EED;
			remoteInfo = "Test Runner";
		};
		C757D59B1CBFE19C002BDF5D /* PBXContainerItemProxy */ = {
			isa = PBXContainerItemProxy;
			containerPortal = C757D5891CBFDFB9002BDF5D /* Finch.xcodeproj */;
			proxyType = 1;
			remoteGlobalIDString = 0D2AA93D14174FA000F4071B;
			remoteInfo = Finch;
		};
/* End PBXContainerItemProxy section */

/* Begin PBXFileReference section */
		C74B81121CBE335B005307FF /* iKeyboard.app */ = {isa = PBXFileReference; explicitFileType = wrapper.application; includeInIndex = 0; path = iKeyboard.app; sourceTree = BUILT_PRODUCTS_DIR; };
		C74B81161CBE335C005307FF /* main.m */ = {isa = PBXFileReference; lastKnownFileType = sourcecode.c.objc; path = main.m; sourceTree = "<group>"; };
		C74B81181CBE335C005307FF /* AppDelegate.h */ = {isa = PBXFileReference; lastKnownFileType = sourcecode.c.h; path = AppDelegate.h; sourceTree = "<group>"; };
		C74B81191CBE335C005307FF /* AppDelegate.m */ = {isa = PBXFileReference; lastKnownFileType = sourcecode.c.objc; path = AppDelegate.m; sourceTree = "<group>"; };
		C74B811F1CBE335C005307FF /* Base */ = {isa = PBXFileReference; lastKnownFileType = file.storyboard; name = Base; path = Base.lproj/Main.storyboard; sourceTree = "<group>"; };
		C74B81211CBE335C005307FF /* Assets.xcassets */ = {isa = PBXFileReference; lastKnownFileType = folder.assetcatalog; path = Assets.xcassets; sourceTree = "<group>"; };
		C74B81241CBE335C005307FF /* Base */ = {isa = PBXFileReference; lastKnownFileType = file.storyboard; name = Base; path = Base.lproj/LaunchScreen.storyboard; sourceTree = "<group>"; };
		C74B81261CBE335C005307FF /* Info.plist */ = {isa = PBXFileReference; lastKnownFileType = text.plist.xml; path = Info.plist; sourceTree = "<group>"; };
		C74B812C1CBE358F005307FF /* iKeyboardMenuViewController.h */ = {isa = PBXFileReference; fileEncoding = 4; lastKnownFileType = sourcecode.c.h; path = iKeyboardMenuViewController.h; sourceTree = "<group>"; };
		C74B812D1CBE358F005307FF /* iKeyboardMenuViewController.m */ = {isa = PBXFileReference; fileEncoding = 4; lastKnownFileType = sourcecode.c.objc; path = iKeyboardMenuViewController.m; sourceTree = "<group>"; };
		C74B81311CBE3A0D005307FF /* part_of_keyboard.png */ = {isa = PBXFileReference; lastKnownFileType = image.png; path = part_of_keyboard.png; sourceTree = "<group>"; };
		C74B81331CBE4267005307FF /* white7.png */ = {isa = PBXFileReference; lastKnownFileType = image.png; path = white7.png; sourceTree = "<group>"; };
		C74B81341CBE4267005307FF /* white6.png */ = {isa = PBXFileReference; lastKnownFileType = image.png; path = white6.png; sourceTree = "<group>"; };
		C74B81351CBE4267005307FF /* white5.png */ = {isa = PBXFileReference; lastKnownFileType = image.png; path = white5.png; sourceTree = "<group>"; };
		C74B81361CBE4267005307FF /* white4.png */ = {isa = PBXFileReference; lastKnownFileType = image.png; path = white4.png; sourceTree = "<group>"; };
		C74B81371CBE4267005307FF /* white3.png */ = {isa = PBXFileReference; lastKnownFileType = image.png; path = white3.png; sourceTree = "<group>"; };
		C74B81381CBE4267005307FF /* white2.png */ = {isa = PBXFileReference; lastKnownFileType = image.png; path = white2.png; sourceTree = "<group>"; };
		C74B81391CBE4267005307FF /* white1.png */ = {isa = PBXFileReference; lastKnownFileType = image.png; path = white1.png; sourceTree = "<group>"; };
		C74B81411CBE4325005307FF /* iKeyboardNormalModeViewController.h */ = {isa = PBXFileReference; fileEncoding = 4; lastKnownFileType = sourcecode.c.h; path = iKeyboardNormalModeViewController.h; sourceTree = "<group>"; };
		C74B81421CBE4325005307FF /* iKeyboardNormalModeViewController.m */ = {isa = PBXFileReference; fileEncoding = 4; lastKnownFileType = sourcecode.c.objc; path = iKeyboardNormalModeViewController.m; sourceTree = "<group>"; };
		C74B81461CBE54EB005307FF /* keyboard.png */ = {isa = PBXFileReference; lastKnownFileType = image.png; path = keyboard.png; sourceTree = "<group>"; };
		C74B81481CBE5C9D005307FF /* frame.png */ = {isa = PBXFileReference; lastKnownFileType = image.png; path = frame.png; sourceTree = "<group>"; };
		C74B814A1CBF6B9B005307FF /* rightArrow.png */ = {isa = PBXFileReference; lastKnownFileType = image.png; path = rightArrow.png; sourceTree = "<group>"; };
		C74B814B1CBF6B9B005307FF /* leftArrow.png */ = {isa = PBXFileReference; lastKnownFileType = image.png; path = leftArrow.png; sourceTree = "<group>"; };
		C74B814E1CBF7665005307FF /* white7_highlight.png */ = {isa = PBXFileReference; lastKnownFileType = image.png; path = white7_highlight.png; sourceTree = "<group>"; };
		C74B814F1CBF7665005307FF /* white6_highlight.png */ = {isa = PBXFileReference; lastKnownFileType = image.png; path = white6_highlight.png; sourceTree = "<group>"; };
		C74B81501CBF7665005307FF /* white5_highlight.png */ = {isa = PBXFileReference; lastKnownFileType = image.png; path = white5_highlight.png; sourceTree = "<group>"; };
		C74B81511CBF7665005307FF /* white4_highlight.png */ = {isa = PBXFileReference; lastKnownFileType = image.png; path = white4_highlight.png; sourceTree = "<group>"; };
		C74B81521CBF7665005307FF /* white2_highlight.png */ = {isa = PBXFileReference; lastKnownFileType = image.png; path = white2_highlight.png; sourceTree = "<group>"; };
		C74B81531CBF7665005307FF /* white3_highlight.png */ = {isa = PBXFileReference; lastKnownFileType = image.png; path = white3_highlight.png; sourceTree = "<group>"; };
		C74B81541CBF7665005307FF /* white1_highlight.png */ = {isa = PBXFileReference; lastKnownFileType = image.png; path = white1_highlight.png; sourceTree = "<group>"; };
		C74B815F1CBF9FC6005307FF /* piano_a0.wav */ = {isa = PBXFileReference; lastKnownFileType = audio.wav; path = piano_a0.wav; sourceTree = "<group>"; };
		C74B81601CBF9FC6005307FF /* piano_a1.wav */ = {isa = PBXFileReference; lastKnownFileType = audio.wav; path = piano_a1.wav; sourceTree = "<group>"; };
		C74B81611CBF9FC6005307FF /* piano_a2.wav */ = {isa = PBXFileReference; lastKnownFileType = audio.wav; path = piano_a2.wav; sourceTree = "<group>"; };
		C74B81621CBF9FC6005307FF /* piano_a3.wav */ = {isa = PBXFileReference; lastKnownFileType = audio.wav; path = piano_a3.wav; sourceTree = "<group>"; };
		C74B81631CBF9FC6005307FF /* piano_a4.wav */ = {isa = PBXFileReference; lastKnownFileType = audio.wav; path = piano_a4.wav; sourceTree = "<group>"; };
		C74B81641CBF9FC6005307FF /* piano_a5.wav */ = {isa = PBXFileReference; lastKnownFileType = audio.wav; path = piano_a5.wav; sourceTree = "<group>"; };
		C74B81651CBF9FC6005307FF /* piano_a6.wav */ = {isa = PBXFileReference; lastKnownFileType = audio.wav; path = piano_a6.wav; sourceTree = "<group>"; };
		C74B81661CBF9FC6005307FF /* piano_a7.wav */ = {isa = PBXFileReference; lastKnownFileType = audio.wav; path = piano_a7.wav; sourceTree = "<group>"; };
		C74B81681CBF9FC6005307FF /* piano_b0.wav */ = {isa = PBXFileReference; lastKnownFileType = audio.wav; path = piano_b0.wav; sourceTree = "<group>"; };
		C74B81691CBF9FC6005307FF /* piano_b1.wav */ = {isa = PBXFileReference; lastKnownFileType = audio.wav; path = piano_b1.wav; sourceTree = "<group>"; };
		C74B816A1CBF9FC6005307FF /* piano_b2.wav */ = {isa = PBXFileReference; lastKnownFileType = audio.wav; path = piano_b2.wav; sourceTree = "<group>"; };
		C74B816B1CBF9FC6005307FF /* piano_b3.wav */ = {isa = PBXFileReference; lastKnownFileType = audio.wav; path = piano_b3.wav; sourceTree = "<group>"; };
		C74B816C1CBF9FC6005307FF /* piano_b4.wav */ = {isa = PBXFileReference; lastKnownFileType = audio.wav; path = piano_b4.wav; sourceTree = "<group>"; };
		C74B816D1CBF9FC6005307FF /* piano_b5.wav */ = {isa = PBXFileReference; lastKnownFileType = audio.wav; path = piano_b5.wav; sourceTree = "<group>"; };
		C74B816E1CBF9FC6005307FF /* piano_b6.wav */ = {isa = PBXFileReference; lastKnownFileType = audio.wav; path = piano_b6.wav; sourceTree = "<group>"; };
		C74B816F1CBF9FC6005307FF /* piano_b7.wav */ = {isa = PBXFileReference; lastKnownFileType = audio.wav; path = piano_b7.wav; sourceTree = "<group>"; };
		C74B81711CBF9FC6005307FF /* piano_c1.wav */ = {isa = PBXFileReference; lastKnownFileType = audio.wav; path = piano_c1.wav; sourceTree = "<group>"; };
		C74B81721CBF9FC6005307FF /* piano_c2.wav */ = {isa = PBXFileReference; lastKnownFileType = audio.wav; path = piano_c2.wav; sourceTree = "<group>"; };
		C74B81731CBF9FC6005307FF /* piano_c3.wav */ = {isa = PBXFileReference; lastKnownFileType = audio.wav; path = piano_c3.wav; sourceTree = "<group>"; };
		C74B81741CBF9FC6005307FF /* piano_c4.wav */ = {isa = PBXFileReference; lastKnownFileType = audio.wav; path = piano_c4.wav; sourceTree = "<group>"; };
		C74B81751CBF9FC6005307FF /* piano_c5.wav */ = {isa = PBXFileReference; lastKnownFileType = audio.wav; path = piano_c5.wav; sourceTree = "<group>"; };
		C74B81761CBF9FC6005307FF /* piano_c6.wav */ = {isa = PBXFileReference; lastKnownFileType = audio.wav; path = piano_c6.wav; sourceTree = "<group>"; };
		C74B81771CBF9FC6005307FF /* piano_c7.wav */ = {isa = PBXFileReference; lastKnownFileType = audio.wav; path = piano_c7.wav; sourceTree = "<group>"; };
		C74B81781CBF9FC6005307FF /* piano_c8.wav */ = {isa = PBXFileReference; lastKnownFileType = audio.wav; path = piano_c8.wav; sourceTree = "<group>"; };
		C74B817A1CBF9FC6005307FF /* piano_d1.wav */ = {isa = PBXFileReference; lastKnownFileType = audio.wav; path = piano_d1.wav; sourceTree = "<group>"; };
		C74B817B1CBF9FC6005307FF /* piano_d2.wav */ = {isa = PBXFileReference; lastKnownFileType = audio.wav; path = piano_d2.wav; sourceTree = "<group>"; };
		C74B817C1CBF9FC6005307FF /* piano_d3.wav */ = {isa = PBXFileReference; lastKnownFileType = audio.wav; path = piano_d3.wav; sourceTree = "<group>"; };
		C74B817D1CBF9FC6005307FF /* piano_d4.wav */ = {isa = PBXFileReference; lastKnownFileType = audio.wav; path = piano_d4.wav; sourceTree = "<group>"; };
		C74B817E1CBF9FC6005307FF /* piano_d5.wav */ = {isa = PBXFileReference; lastKnownFileType = audio.wav; path = piano_d5.wav; sourceTree = "<group>"; };
		C74B817F1CBF9FC6005307FF /* piano_d6.wav */ = {isa = PBXFileReference; lastKnownFileType = audio.wav; path = piano_d6.wav; sourceTree = "<group>"; };
		C74B81801CBF9FC6005307FF /* piano_d7.wav */ = {isa = PBXFileReference; lastKnownFileType = audio.wav; path = piano_d7.wav; sourceTree = "<group>"; };
		C74B81821CBF9FC6005307FF /* piano_e1.wav */ = {isa = PBXFileReference; lastKnownFileType = audio.wav; path = piano_e1.wav; sourceTree = "<group>"; };
		C74B81831CBF9FC6005307FF /* piano_e2.wav */ = {isa = PBXFileReference; lastKnownFileType = audio.wav; path = piano_e2.wav; sourceTree = "<group>"; };
		C74B81841CBF9FC6005307FF /* piano_e3.wav */ = {isa = PBXFileReference; lastKnownFileType = audio.wav; path = piano_e3.wav; sourceTree = "<group>"; };
		C74B81851CBF9FC6005307FF /* piano_e4.wav */ = {isa = PBXFileReference; lastKnownFileType = audio.wav; path = piano_e4.wav; sourceTree = "<group>"; };
		C74B81861CBF9FC6005307FF /* piano_e5.wav */ = {isa = PBXFileReference; lastKnownFileType = audio.wav; path = piano_e5.wav; sourceTree = "<group>"; };
		C74B81871CBF9FC6005307FF /* piano_e6.wav */ = {isa = PBXFileReference; lastKnownFileType = audio.wav; path = piano_e6.wav; sourceTree = "<group>"; };
		C74B81881CBF9FC6005307FF /* piano_e7.wav */ = {isa = PBXFileReference; lastKnownFileType = audio.wav; path = piano_e7.wav; sourceTree = "<group>"; };
		C74B818A1CBF9FC6005307FF /* piano_f1.wav */ = {isa = PBXFileReference; lastKnownFileType = audio.wav; path = piano_f1.wav; sourceTree = "<group>"; };
		C74B818B1CBF9FC6005307FF /* piano_f2.wav */ = {isa = PBXFileReference; lastKnownFileType = audio.wav; path = piano_f2.wav; sourceTree = "<group>"; };
		C74B818C1CBF9FC6005307FF /* piano_f3.wav */ = {isa = PBXFileReference; lastKnownFileType = audio.wav; path = piano_f3.wav; sourceTree = "<group>"; };
		C74B818D1CBF9FC6005307FF /* piano_f4.wav */ = {isa = PBXFileReference; lastKnownFileType = audio.wav; path = piano_f4.wav; sourceTree = "<group>"; };
		C74B818E1CBF9FC6005307FF /* piano_f5.wav */ = {isa = PBXFileReference; lastKnownFileType = audio.wav; path = piano_f5.wav; sourceTree = "<group>"; };
		C74B818F1CBF9FC6005307FF /* piano_f6.wav */ = {isa = PBXFileReference; lastKnownFileType = audio.wav; path = piano_f6.wav; sourceTree = "<group>"; };
		C74B81901CBF9FC6005307FF /* piano_f7.wav */ = {isa = PBXFileReference; lastKnownFileType = audio.wav; path = piano_f7.wav; sourceTree = "<group>"; };
		C74B81921CBF9FC6005307FF /* piano_g1.wav */ = {isa = PBXFileReference; lastKnownFileType = audio.wav; path = piano_g1.wav; sourceTree = "<group>"; };
		C74B81931CBF9FC6005307FF /* piano_g2.wav */ = {isa = PBXFileReference; lastKnownFileType = audio.wav; path = piano_g2.wav; sourceTree = "<group>"; };
		C74B81941CBF9FC6005307FF /* piano_g3.wav */ = {isa = PBXFileReference; lastKnownFileType = audio.wav; path = piano_g3.wav; sourceTree = "<group>"; };
		C74B81951CBF9FC6005307FF /* piano_g4.wav */ = {isa = PBXFileReference; lastKnownFileType = audio.wav; path = piano_g4.wav; sourceTree = "<group>"; };
		C74B81961CBF9FC6005307FF /* piano_g5.wav */ = {isa = PBXFileReference; lastKnownFileType = audio.wav; path = piano_g5.wav; sourceTree = "<group>"; };
		C74B81971CBF9FC6005307FF /* piano_g6.wav */ = {isa = PBXFileReference; lastKnownFileType = audio.wav; path = piano_g6.wav; sourceTree = "<group>"; };
		C74B81981CBF9FC6005307FF /* piano_g7.wav */ = {isa = PBXFileReference; lastKnownFileType = audio.wav; path = piano_g7.wav; sourceTree = "<group>"; };
		C757D5891CBFDFB9002BDF5D /* Finch.xcodeproj */ = {isa = PBXFileReference; lastKnownFileType = "wrapper.pb-project"; name = Finch.xcodeproj; path = Finch/Finch.xcodeproj; sourceTree = "<group>"; };
/* End PBXFileReference section */

/* Begin PBXFrameworksBuildPhase section */
		C74B810F1CBE335B005307FF /* Frameworks */ = {
			isa = PBXFrameworksBuildPhase;
			buildActionMask = 2147483647;
			files = (
				C757D59D1CBFE1C5002BDF5D /* libFinch.a in Frameworks */,
			);
			runOnlyForDeploymentPostprocessing = 0;
		};
/* End PBXFrameworksBuildPhase section */

/* Begin PBXGroup section */
		C74B81091CBE335B005307FF = {
			isa = PBXGroup;
			children = (
				C74B81141CBE335C005307FF /* iKeyboard */,
				C74B81301CBE3A0D005307FF /* image */,
				C74B815C1CBF9FC6005307FF /* voice */,
				C74B81131CBE335B005307FF /* Products */,
				C757D5891CBFDFB9002BDF5D /* Finch.xcodeproj */,
			);
			sourceTree = "<group>";
		};
		C74B81131CBE335B005307FF /* Products */ = {
			isa = PBXGroup;
			children = (
				C74B81121CBE335B005307FF /* iKeyboard.app */,
			);
			name = Products;
			sourceTree = "<group>";
		};
		C74B81141CBE335C005307FF /* iKeyboard */ = {
			isa = PBXGroup;
			children = (
				C74B81181CBE335C005307FF /* AppDelegate.h */,
				C74B81191CBE335C005307FF /* AppDelegate.m */,
				C74B812C1CBE358F005307FF /* iKeyboardMenuViewController.h */,
				C74B812D1CBE358F005307FF /* iKeyboardMenuViewController.m */,
				C74B81411CBE4325005307FF /* iKeyboardNormalModeViewController.h */,
				C74B81421CBE4325005307FF /* iKeyboardNormalModeViewController.m */,
				C74B811E1CBE335C005307FF /* Main.storyboard */,
				C74B81211CBE335C005307FF /* Assets.xcassets */,
				C74B81231CBE335C005307FF /* LaunchScreen.storyboard */,
				C74B81261CBE335C005307FF /* Info.plist */,
				C74B81151CBE335C005307FF /* Supporting Files */,
			);
			path = iKeyboard;
			sourceTree = "<group>";
		};
		C74B81151CBE335C005307FF /* Supporting Files */ = {
			isa = PBXGroup;
			children = (
				C74B81161CBE335C005307FF /* main.m */,
			);
			name = "Supporting Files";
			sourceTree = "<group>";
		};
		C74B81301CBE3A0D005307FF /* image */ = {
			isa = PBXGroup;
			children = (
				C74B814E1CBF7665005307FF /* white7_highlight.png */,
				C74B814F1CBF7665005307FF /* white6_highlight.png */,
				C74B81501CBF7665005307FF /* white5_highlight.png */,
				C74B81511CBF7665005307FF /* white4_highlight.png */,
				C74B81521CBF7665005307FF /* white2_highlight.png */,
				C74B81531CBF7665005307FF /* white3_highlight.png */,
				C74B81541CBF7665005307FF /* white1_highlight.png */,
				C74B814A1CBF6B9B005307FF /* rightArrow.png */,
				C74B814B1CBF6B9B005307FF /* leftArrow.png */,
				C74B81481CBE5C9D005307FF /* frame.png */,
				C74B81461CBE54EB005307FF /* keyboard.png */,
				C74B81331CBE4267005307FF /* white7.png */,
				C74B81341CBE4267005307FF /* white6.png */,
				C74B81351CBE4267005307FF /* white5.png */,
				C74B81361CBE4267005307FF /* white4.png */,
				C74B81371CBE4267005307FF /* white3.png */,
				C74B81381CBE4267005307FF /* white2.png */,
				C74B81391CBE4267005307FF /* white1.png */,
				C74B81311CBE3A0D005307FF /* part_of_keyboard.png */,
			);
			path = image;
			sourceTree = "<group>";
		};
		C74B815C1CBF9FC6005307FF /* voice */ = {
			isa = PBXGroup;
			children = (
				C74B815D1CBF9FC6005307FF /* piano */,
			);
			path = voice;
			sourceTree = "<group>";
		};
		C74B815D1CBF9FC6005307FF /* piano */ = {
			isa = PBXGroup;
			children = (
				C74B815E1CBF9FC6005307FF /* a */,
				C74B81671CBF9FC6005307FF /* b */,
				C74B81701CBF9FC6005307FF /* c */,
				C74B81791CBF9FC6005307FF /* d */,
				C74B81811CBF9FC6005307FF /* e */,
				C74B81891CBF9FC6005307FF /* f */,
				C74B81911CBF9FC6005307FF /* g */,
			);
			path = piano;
			sourceTree = "<group>";
		};
		C74B815E1CBF9FC6005307FF /* a */ = {
			isa = PBXGroup;
			children = (
				C74B815F1CBF9FC6005307FF /* piano_a0.wav */,
				C74B81601CBF9FC6005307FF /* piano_a1.wav */,
				C74B81611CBF9FC6005307FF /* piano_a2.wav */,
				C74B81621CBF9FC6005307FF /* piano_a3.wav */,
				C74B81631CBF9FC6005307FF /* piano_a4.wav */,
				C74B81641CBF9FC6005307FF /* piano_a5.wav */,
				C74B81651CBF9FC6005307FF /* piano_a6.wav */,
				C74B81661CBF9FC6005307FF /* piano_a7.wav */,
			);
			path = a;
			sourceTree = "<group>";
		};
		C74B81671CBF9FC6005307FF /* b */ = {
			isa = PBXGroup;
			children = (
				C74B81681CBF9FC6005307FF /* piano_b0.wav */,
				C74B81691CBF9FC6005307FF /* piano_b1.wav */,
				C74B816A1CBF9FC6005307FF /* piano_b2.wav */,
				C74B816B1CBF9FC6005307FF /* piano_b3.wav */,
				C74B816C1CBF9FC6005307FF /* piano_b4.wav */,
				C74B816D1CBF9FC6005307FF /* piano_b5.wav */,
				C74B816E1CBF9FC6005307FF /* piano_b6.wav */,
				C74B816F1CBF9FC6005307FF /* piano_b7.wav */,
			);
			path = b;
			sourceTree = "<group>";
		};
		C74B81701CBF9FC6005307FF /* c */ = {
			isa = PBXGroup;
			children = (
				C74B81711CBF9FC6005307FF /* piano_c1.wav */,
				C74B81721CBF9FC6005307FF /* piano_c2.wav */,
				C74B81731CBF9FC6005307FF /* piano_c3.wav */,
				C74B81741CBF9FC6005307FF /* piano_c4.wav */,
				C74B81751CBF9FC6005307FF /* piano_c5.wav */,
				C74B81761CBF9FC6005307FF /* piano_c6.wav */,
				C74B81771CBF9FC6005307FF /* piano_c7.wav */,
				C74B81781CBF9FC6005307FF /* piano_c8.wav */,
			);
			path = c;
			sourceTree = "<group>";
		};
		C74B81791CBF9FC6005307FF /* d */ = {
			isa = PBXGroup;
			children = (
				C74B817A1CBF9FC6005307FF /* piano_d1.wav */,
				C74B817B1CBF9FC6005307FF /* piano_d2.wav */,
				C74B817C1CBF9FC6005307FF /* piano_d3.wav */,
				C74B817D1CBF9FC6005307FF /* piano_d4.wav */,
				C74B817E1CBF9FC6005307FF /* piano_d5.wav */,
				C74B817F1CBF9FC6005307FF /* piano_d6.wav */,
				C74B81801CBF9FC6005307FF /* piano_d7.wav */,
			);
			path = d;
			sourceTree = "<group>";
		};
		C74B81811CBF9FC6005307FF /* e */ = {
			isa = PBXGroup;
			children = (
				C74B81821CBF9FC6005307FF /* piano_e1.wav */,
				C74B81831CBF9FC6005307FF /* piano_e2.wav */,
				C74B81841CBF9FC6005307FF /* piano_e3.wav */,
				C74B81851CBF9FC6005307FF /* piano_e4.wav */,
				C74B81861CBF9FC6005307FF /* piano_e5.wav */,
				C74B81871CBF9FC6005307FF /* piano_e6.wav */,
				C74B81881CBF9FC6005307FF /* piano_e7.wav */,
			);
			path = e;
			sourceTree = "<group>";
		};
		C74B81891CBF9FC6005307FF /* f */ = {
			isa = PBXGroup;
			children = (
				C74B818A1CBF9FC6005307FF /* piano_f1.wav */,
				C74B818B1CBF9FC6005307FF /* piano_f2.wav */,
				C74B818C1CBF9FC6005307FF /* piano_f3.wav */,
				C74B818D1CBF9FC6005307FF /* piano_f4.wav */,
				C74B818E1CBF9FC6005307FF /* piano_f5.wav */,
				C74B818F1CBF9FC6005307FF /* piano_f6.wav */,
				C74B81901CBF9FC6005307FF /* piano_f7.wav */,
			);
			path = f;
			sourceTree = "<group>";
		};
		C74B81911CBF9FC6005307FF /* g */ = {
			isa = PBXGroup;
			children = (
				C74B81921CBF9FC6005307FF /* piano_g1.wav */,
				C74B81931CBF9FC6005307FF /* piano_g2.wav */,
				C74B81941CBF9FC6005307FF /* piano_g3.wav */,
				C74B81951CBF9FC6005307FF /* piano_g4.wav */,
				C74B81961CBF9FC6005307FF /* piano_g5.wav */,
				C74B81971CBF9FC6005307FF /* piano_g6.wav */,
				C74B81981CBF9FC6005307FF /* piano_g7.wav */,
			);
			path = g;
			sourceTree = "<group>";
		};
		C757D58A1CBFDFB9002BDF5D /* Products */ = {
			isa = PBXGroup;
			children = (
				C757D5911CBFDFBA002BDF5D /* libFinch.a */,
				C757D5931CBFDFBA002BDF5D /* Tests.octest */,
				C757D5951CBFDFBA002BDF5D /* Finch Demo.app */,
				C757D5971CBFDFBA002BDF5D /* TestRunner.app */,
			);
			name = Products;
			sourceTree = "<group>";
		};
/* End PBXGroup section */

/* Begin PBXNativeTarget section */
		C74B81111CBE335B005307FF /* iKeyboard */ = {
			isa = PBXNativeTarget;
			buildConfigurationList = C74B81291CBE335C005307FF /* Build configuration list for PBXNativeTarget "iKeyboard" */;
			buildPhases = (
				C74B810E1CBE335B005307FF /* Sources */,
				C74B810F1CBE335B005307FF /* Frameworks */,
				C74B81101CBE335B005307FF /* Resources */,
			);
			buildRules = (
			);
			dependencies = (
				C757D59C1CBFE19C002BDF5D /* PBXTargetDependency */,
			);
			name = iKeyboard;
			productName = iKeyboard;
			productReference = C74B81121CBE335B005307FF /* iKeyboard.app */;
			productType = "com.apple.product-type.application";
		};
/* End PBXNativeTarget section */

/* Begin PBXProject section */
		C74B810A1CBE335B005307FF /* Project object */ = {
			isa = PBXProject;
			attributes = {
				LastUpgradeCheck = 0730;
				ORGANIZATIONNAME = "Lin Chih-An";
				TargetAttributes = {
					C74B81111CBE335B005307FF = {
						CreatedOnToolsVersion = 7.3;
						DevelopmentTeam = KRGS5BKS3M;
					};
				};
			};
			buildConfigurationList = C74B810D1CBE335B005307FF /* Build configuration list for PBXProject "iKeyboard" */;
			compatibilityVersion = "Xcode 3.2";
			developmentRegion = English;
			hasScannedForEncodings = 0;
			knownRegions = (
				en,
				Base,
			);
			mainGroup = C74B81091CBE335B005307FF;
			productRefGroup = C74B81131CBE335B005307FF /* Products */;
			projectDirPath = "";
			projectReferences = (
				{
					ProductGroup = C757D58A1CBFDFB9002BDF5D /* Products */;
					ProjectRef = C757D5891CBFDFB9002BDF5D /* Finch.xcodeproj */;
				},
			);
			projectRoot = "";
			targets = (
				C74B81111CBE335B005307FF /* iKeyboard */,
			);
		};
/* End PBXProject section */

/* Begin PBXReferenceProxy section */
		C757D5911CBFDFBA002BDF5D /* libFinch.a */ = {
			isa = PBXReferenceProxy;
			fileType = archive.ar;
			path = libFinch.a;
			remoteRef = C757D5901CBFDFBA002BDF5D /* PBXContainerItemProxy */;
			sourceTree = BUILT_PRODUCTS_DIR;
		};
		C757D5931CBFDFBA002BDF5D /* Tests.octest */ = {
			isa = PBXReferenceProxy;
			fileType = wrapper.cfbundle;
			path = Tests.octest;
			remoteRef = C757D5921CBFDFBA002BDF5D /* PBXContainerItemProxy */;
			sourceTree = BUILT_PRODUCTS_DIR;
		};
		C757D5951CBFDFBA002BDF5D /* Finch Demo.app */ = {
			isa = PBXReferenceProxy;
			fileType = wrapper.application;
			path = "Finch Demo.app";
			remoteRef = C757D5941CBFDFBA002BDF5D /* PBXContainerItemProxy */;
			sourceTree = BUILT_PRODUCTS_DIR;
		};
		C757D5971CBFDFBA002BDF5D /* TestRunner.app */ = {
			isa = PBXReferenceProxy;
			fileType = wrapper.application;
			path = TestRunner.app;
			remoteRef = C757D5961CBFDFBA002BDF5D /* PBXContainerItemProxy */;
			sourceTree = BUILT_PRODUCTS_DIR;
		};
/* End PBXReferenceProxy section */

/* Begin PBXResourcesBuildPhase section */
		C74B81101CBE335B005307FF /* Resources */ = {
			isa = PBXResourcesBuildPhase;
			buildActionMask = 2147483647;
			files = (
				C74B813B1CBE4267005307FF /* white6.png in Resources */,
				C74B81A51CBF9FC6005307FF /* piano_b4.wav in Resources */,
				C74B81A91CBF9FC6005307FF /* piano_c1.wav in Resources */,
				C74B81401CBE4267005307FF /* white1.png in Resources */,
				C74B81B61CBF9FC6005307FF /* piano_d6.wav in Resources */,
				C74B814D1CBF6B9B005307FF /* leftArrow.png in Resources */,
				C74B81A41CBF9FC6005307FF /* piano_b3.wav in Resources */,
				C74B814C1CBF6B9B005307FF /* rightArrow.png in Resources */,
				C74B81251CBE335C005307FF /* LaunchScreen.storyboard in Resources */,
				C74B81A31CBF9FC6005307FF /* piano_b2.wav in Resources */,
				C74B813D1CBE4267005307FF /* white4.png in Resources */,
				C74B81C51CBF9FC6005307FF /* piano_f7.wav in Resources */,
				C74B81C91CBF9FC6005307FF /* piano_g4.wav in Resources */,
				C74B81B91CBF9FC6005307FF /* piano_e2.wav in Resources */,
				C74B81561CBF7665005307FF /* white6_highlight.png in Resources */,
				C74B81AA1CBF9FC6005307FF /* piano_c2.wav in Resources */,
				C74B81CC1CBF9FC6005307FF /* piano_g7.wav in Resources */,
				C74B81551CBF7665005307FF /* white7_highlight.png in Resources */,
				C74B819A1CBF9FC6005307FF /* piano_a1.wav in Resources */,
				C74B813E1CBE4267005307FF /* white3.png in Resources */,
				C74B819C1CBF9FC6005307FF /* piano_a3.wav in Resources */,
				C74B81BD1CBF9FC6005307FF /* piano_e6.wav in Resources */,
				C74B81C71CBF9FC6005307FF /* piano_g2.wav in Resources */,
				C74B81B41CBF9FC6005307FF /* piano_d4.wav in Resources */,
				C74B81991CBF9FC6005307FF /* piano_a0.wav in Resources */,
				C74B819B1CBF9FC6005307FF /* piano_a2.wav in Resources */,
				C74B81B11CBF9FC6005307FF /* piano_d1.wav in Resources */,
				C74B81CA1CBF9FC6005307FF /* piano_g5.wav in Resources */,
				C74B81BA1CBF9FC6005307FF /* piano_e3.wav in Resources */,
				C74B81C21CBF9FC6005307FF /* piano_f4.wav in Resources */,
				C74B81B51CBF9FC6005307FF /* piano_d5.wav in Resources */,
				C74B81C41CBF9FC6005307FF /* piano_f6.wav in Resources */,
				C74B813F1CBE4267005307FF /* white2.png in Resources */,
				C74B81BE1CBF9FC6005307FF /* piano_e7.wav in Resources */,
				C74B81B21CBF9FC6005307FF /* piano_d2.wav in Resources */,
				C74B81A61CBF9FC6005307FF /* piano_b5.wav in Resources */,
				C74B815B1CBF7665005307FF /* white1_highlight.png in Resources */,
				C74B81A81CBF9FC6005307FF /* piano_b7.wav in Resources */,
				C74B815A1CBF7665005307FF /* white3_highlight.png in Resources */,
				C74B81AC1CBF9FC6005307FF /* piano_c4.wav in Resources */,
				C74B81BF1CBF9FC6005307FF /* piano_f1.wav in Resources */,
				C74B81B71CBF9FC6005307FF /* piano_d7.wav in Resources */,
				C74B81CB1CBF9FC6005307FF /* piano_g6.wav in Resources */,
				C74B81C31CBF9FC6005307FF /* piano_f5.wav in Resources */,
				C74B81A71CBF9FC6005307FF /* piano_b6.wav in Resources */,
				C74B81581CBF7665005307FF /* white4_highlight.png in Resources */,
				C74B81AF1CBF9FC6005307FF /* piano_c7.wav in Resources */,
				C74B81A21CBF9FC6005307FF /* piano_b1.wav in Resources */,
				C74B81BC1CBF9FC6005307FF /* piano_e5.wav in Resources */,
				C74B81AB1CBF9FC6005307FF /* piano_c3.wav in Resources */,
				C74B81AD1CBF9FC6005307FF /* piano_c5.wav in Resources */,
				C74B81BB1CBF9FC6005307FF /* piano_e4.wav in Resources */,
				C74B819D1CBF9FC6005307FF /* piano_a4.wav in Resources */,
				C74B81C11CBF9FC6005307FF /* piano_f3.wav in Resources */,
				C74B81221CBE335C005307FF /* Assets.xcassets in Resources */,
				C74B81AE1CBF9FC6005307FF /* piano_c6.wav in Resources */,
				C74B81B31CBF9FC6005307FF /* piano_d3.wav in Resources */,
				C74B81491CBE5C9D005307FF /* frame.png in Resources */,
				C74B81591CBF7665005307FF /* white2_highlight.png in Resources */,
				C74B81C61CBF9FC6005307FF /* piano_g1.wav in Resources */,
				C74B81321CBE3A0D005307FF /* part_of_keyboard.png in Resources */,
				C74B819F1CBF9FC6005307FF /* piano_a6.wav in Resources */,
				C74B81B81CBF9FC6005307FF /* piano_e1.wav in Resources */,
				C74B81B01CBF9FC6005307FF /* piano_c8.wav in Resources */,
				C74B81A11CBF9FC6005307FF /* piano_b0.wav in Resources */,
				C74B81471CBE54EB005307FF /* keyboard.png in Resources */,
				C74B81571CBF7665005307FF /* white5_highlight.png in Resources */,
				C74B81C01CBF9FC6005307FF /* piano_f2.wav in Resources */,
				C74B819E1CBF9FC6005307FF /* piano_a5.wav in Resources */,
				C74B81A01CBF9FC6005307FF /* piano_a7.wav in Resources */,
				C74B81C81CBF9FC6005307FF /* piano_g3.wav in Resources */,
				C74B813C1CBE4267005307FF /* white5.png in Resources */,
				C74B81201CBE335C005307FF /* Main.storyboard in Resources */,
				C74B813A1CBE4267005307FF /* white7.png in Resources */,
			);
			runOnlyForDeploymentPostprocessing = 0;
		};
/* End PBXResourcesBuildPhase section */

/* Begin PBXSourcesBuildPhase section */
		C74B810E1CBE335B005307FF /* Sources */ = {
			isa = PBXSourcesBuildPhase;
			buildActionMask = 2147483647;
			files = (
				C74B811A1CBE335C005307FF /* AppDelegate.m in Sources */,
				C74B81431CBE4325005307FF /* iKeyboardNormalModeViewController.m in Sources */,
				C74B81171CBE335C005307FF /* main.m in Sources */,
				C74B812E1CBE358F005307FF /* iKeyboardMenuViewController.m in Sources */,
			);
			runOnlyForDeploymentPostprocessing = 0;
		};
/* End PBXSourcesBuildPhase section */

/* Begin PBXTargetDependency section */
		C757D59C1CBFE19C002BDF5D /* PBXTargetDependency */ = {
			isa = PBXTargetDependency;
			name = Finch;
			targetProxy = C757D59B1CBFE19C002BDF5D /* PBXContainerItemProxy */;
		};
/* End PBXTargetDependency section */

/* Begin PBXVariantGroup section */
		C74B811E1CBE335C005307FF /* Main.storyboard */ = {
			isa = PBXVariantGroup;
			children = (
				C74B811F1CBE335C005307FF /* Base */,
			);
			name = Main.storyboard;
			sourceTree = "<group>";
		};
		C74B81231CBE335C005307FF /* LaunchScreen.storyboard */ = {
			isa = PBXVariantGroup;
			children = (
				C74B81241CBE335C005307FF /* Base */,
			);
			name = LaunchScreen.storyboard;
			sourceTree = "<group>";
		};
/* End PBXVariantGroup section */

/* Begin XCBuildConfiguration section */
		C74B81271CBE335C005307FF /* Debug */ = {
			isa = XCBuildConfiguration;
			buildSettings = {
				ALWAYS_SEARCH_USER_PATHS = NO;
				CLANG_ANALYZER_NONNULL = YES;
				CLANG_CXX_LANGUAGE_STANDARD = "gnu++0x";
				CLANG_CXX_LIBRARY = "libc++";
				CLANG_ENABLE_MODULES = YES;
				CLANG_ENABLE_OBJC_ARC = YES;
				CLANG_WARN_BOOL_CONVERSION = YES;
				CLANG_WARN_CONSTANT_CONVERSION = YES;
				CLANG_WARN_DIRECT_OBJC_ISA_USAGE = YES_ERROR;
				CLANG_WARN_EMPTY_BODY = YES;
				CLANG_WARN_ENUM_CONVERSION = YES;
				CLANG_WARN_INT_CONVERSION = YES;
				CLANG_WARN_OBJC_ROOT_CLASS = YES_ERROR;
				CLANG_WARN_UNREACHABLE_CODE = YES;
				CLANG_WARN__DUPLICATE_METHOD_MATCH = YES;
				"CODE_SIGN_IDENTITY[sdk=iphoneos*]" = "iPhone Developer";
				COPY_PHASE_STRIP = NO;
				DEBUG_INFORMATION_FORMAT = dwarf;
				ENABLE_STRICT_OBJC_MSGSEND = YES;
				ENABLE_TESTABILITY = YES;
				GCC_C_LANGUAGE_STANDARD = gnu99;
				GCC_DYNAMIC_NO_PIC = NO;
				GCC_NO_COMMON_BLOCKS = YES;
				GCC_OPTIMIZATION_LEVEL = 0;
				GCC_PREPROCESSOR_DEFINITIONS = (
					"DEBUG=1",
					"$(inherited)",
				);
				GCC_WARN_64_TO_32_BIT_CONVERSION = YES;
				GCC_WARN_ABOUT_RETURN_TYPE = YES_ERROR;
				GCC_WARN_UNDECLARED_SELECTOR = YES;
				GCC_WARN_UNINITIALIZED_AUTOS = YES_AGGRESSIVE;
				GCC_WARN_UNUSED_FUNCTION = YES;
				GCC_WARN_UNUSED_VARIABLE = YES;
				IPHONEOS_DEPLOYMENT_TARGET = 9.3;
				MTL_ENABLE_DEBUG_INFO = YES;
				ONLY_ACTIVE_ARCH = YES;
				SDKROOT = iphoneos;
				TARGETED_DEVICE_FAMILY = "1,2";
			};
			name = Debug;
		};
		C74B81281CBE335C005307FF /* Release */ = {
			isa = XCBuildConfiguration;
			buildSettings = {
				ALWAYS_SEARCH_USER_PATHS = NO;
				CLANG_ANALYZER_NONNULL = YES;
				CLANG_CXX_LANGUAGE_STANDARD = "gnu++0x";
				CLANG_CXX_LIBRARY = "libc++";
				CLANG_ENABLE_MODULES = YES;
				CLANG_ENABLE_OBJC_ARC = YES;
				CLANG_WARN_BOOL_CONVERSION = YES;
				CLANG_WARN_CONSTANT_CONVERSION = YES;
				CLANG_WARN_DIRECT_OBJC_ISA_USAGE = YES_ERROR;
				CLANG_WARN_EMPTY_BODY = YES;
				CLANG_WARN_ENUM_CONVERSION = YES;
				CLANG_WARN_INT_CONVERSION = YES;
				CLANG_WARN_OBJC_ROOT_CLASS = YES_ERROR;
				CLANG_WARN_UNREACHABLE_CODE = YES;
				CLANG_WARN__DUPLICATE_METHOD_MATCH = YES;
				"CODE_SIGN_IDENTITY[sdk=iphoneos*]" = "iPhone Developer";
				COPY_PHASE_STRIP = NO;
				DEBUG_INFORMATION_FORMAT = "dwarf-with-dsym";
				ENABLE_NS_ASSERTIONS = NO;
				ENABLE_STRICT_OBJC_MSGSEND = YES;
				GCC_C_LANGUAGE_STANDARD = gnu99;
				GCC_NO_COMMON_BLOCKS = YES;
				GCC_WARN_64_TO_32_BIT_CONVERSION = YES;
				GCC_WARN_ABOUT_RETURN_TYPE = YES_ERROR;
				GCC_WARN_UNDECLARED_SELECTOR = YES;
				GCC_WARN_UNINITIALIZED_AUTOS = YES_AGGRESSIVE;
				GCC_WARN_UNUSED_FUNCTION = YES;
				GCC_WARN_UNUSED_VARIABLE = YES;
				IPHONEOS_DEPLOYMENT_TARGET = 9.3;
				MTL_ENABLE_DEBUG_INFO = NO;
				SDKROOT = iphoneos;
				TARGETED_DEVICE_FAMILY = "1,2";
				VALIDATE_PRODUCT = YES;
			};
			name = Release;
		};
		C74B812A1CBE335C005307FF /* Debug */ = {
			isa = XCBuildConfiguration;
			buildSettings = {
				ASSETCATALOG_COMPILER_APPICON_NAME = AppIcon;
				CODE_SIGN_IDENTITY = "iPhone Developer";
				"CODE_SIGN_IDENTITY[sdk=iphoneos*]" = "iPhone Developer";
				INFOPLIST_FILE = iKeyboard/Info.plist;
				LD_RUNPATH_SEARCH_PATHS = "$(inherited) @executable_path/Frameworks";
				PRODUCT_BUNDLE_IDENTIFIER = com.example.iKeyboard;
				PRODUCT_NAME = "$(TARGET_NAME)";
				PROVISIONING_PROFILE = "";
				USER_HEADER_SEARCH_PATHS = "$(SRCROOT)/Finch/**";
			};
			name = Debug;
		};
		C74B812B1CBE335C005307FF /* Release */ = {
			isa = XCBuildConfiguration;
			buildSettings = {
				ASSETCATALOG_COMPILER_APPICON_NAME = AppIcon;
				CODE_SIGN_IDENTITY = "iPhone Developer";
				"CODE_SIGN_IDENTITY[sdk=iphoneos*]" = "iPhone Developer";
				INFOPLIST_FILE = iKeyboard/Info.plist;
				LD_RUNPATH_SEARCH_PATHS = "$(inherited) @executable_path/Frameworks";
				PRODUCT_BUNDLE_IDENTIFIER = com.example.iKeyboard;
				PRODUCT_NAME = "$(TARGET_NAME)";
				PROVISIONING_PROFILE = "";
				USER_HEADER_SEARCH_PATHS = "$(SRCROOT)/Finch/**";
			};
			name = Release;
		};
/* End XCBuildConfiguration section */

/* Begin XCConfigurationList section */
		C74B810D1CBE335B005307FF /* Build configuration list for PBXProject "iKeyboard" */ = {
			isa = XCConfigurationList;
			buildConfigurations = (
				C74B81271CBE335C005307FF /* Debug */,
				C74B81281CBE335C005307FF /* Release */,
			);
			defaultConfigurationIsVisible = 0;
			defaultConfigurationName = Release;
		};
		C74B81291CBE335C005307FF /* Build configuration list for PBXNativeTarget "iKeyboard" */ = {
			isa = XCConfigurationList;
			buildConfigurations = (
				C74B812A1CBE335C005307FF /* Debug */,
				C74B812B1CBE335C005307FF /* Release */,
			);
			defaultConfigurationIsVisible = 0;
			defaultConfigurationName = Release;
		};
/* End XCConfigurationList section */
	};
	rootObject = C74B810A1CBE335B005307FF /* Project object */;
}
