// !$*UTF8*$!
{
	archiveVersion = 1;
	classes = {
	};
	objectVersion = 46;
	objects = {

/* Begin PBXBuildFile section */
		C74B81171CBE335C005307FF /* main.m in Sources */ = {isa = PBXBuildFile; fileRef = C74B81161CBE335C005307FF /* main.m */; };
		C74B811A1CBE335C005307FF /* AppDelegate.m in Sources */ = {isa = PBXBuildFile; fileRef = C74B81191CBE335C005307FF /* AppDelegate.m */; };
		C74B81201CBE335C005307FF /* Main.storyboard in Resources */ = {isa = PBXBuildFile; fileRef = C74B811E1CBE335C005307FF /* Main.storyboard */; };
		C74B81221CBE335C005307FF /* Assets.xcassets in Resources */ = {isa = PBXBuildFile; fileRef = C74B81211CBE335C005307FF /* Assets.xcassets */; };
		C74B81251CBE335C005307FF /* LaunchScreen.storyboard in Resources */ = {isa = PBXBuildFile; fileRef = C74B81231CBE335C005307FF /* LaunchScreen.storyboard */; };
		C74B812E1CBE358F005307FF /* iKeyboardMenuViewController.m in Sources */ = {isa = PBXBuildFile; fileRef = C74B812D1CBE358F005307FF /* iKeyboardMenuViewController.m */; };
		C74B81321CBE3A0D005307FF /* part_of_keyboard.png in Resources */ = {isa = PBXBuildFile; fileRef = C74B81311CBE3A0D005307FF /* part_of_keyboard.png */; };
		C74B81431CBE4325005307FF /* iKeyboardNormalModeViewController.m in Sources */ = {isa = PBXBuildFile; fileRef = C74B81421CBE4325005307FF /* iKeyboardNormalModeViewController.m */; };
		C74B81471CBE54EB005307FF /* keyboard.png in Resources */ = {isa = PBXBuildFile; fileRef = C74B81461CBE54EB005307FF /* keyboard.png */; };
		C74B814C1CBF6B9B005307FF /* rightArrow.png in Resources */ = {isa = PBXBuildFile; fileRef = C74B814A1CBF6B9B005307FF /* rightArrow.png */; };
		C74B814D1CBF6B9B005307FF /* leftArrow.png in Resources */ = {isa = PBXBuildFile; fileRef = C74B814B1CBF6B9B005307FF /* leftArrow.png */; };
		C74B81991CBF9FC6005307FF /* piano_a0.wav in Resources */ = {isa = PBXBuildFile; fileRef = C74B815F1CBF9FC6005307FF /* piano_a0.wav */; };
		C74B819A1CBF9FC6005307FF /* piano_a1.wav in Resources */ = {isa = PBXBuildFile; fileRef = C74B81601CBF9FC6005307FF /* piano_a1.wav */; };
		C74B819B1CBF9FC6005307FF /* piano_a2.wav in Resources */ = {isa = PBXBuildFile; fileRef = C74B81611CBF9FC6005307FF /* piano_a2.wav */; };
		C74B819C1CBF9FC6005307FF /* piano_a3.wav in Resources */ = {isa = PBXBuildFile; fileRef = C74B81621CBF9FC6005307FF /* piano_a3.wav */; };
		C74B819D1CBF9FC6005307FF /* piano_a4.wav in Resources */ = {isa = PBXBuildFile; fileRef = C74B81631CBF9FC6005307FF /* piano_a4.wav */; };
		C74B819E1CBF9FC6005307FF /* piano_a5.wav in Resources */ = {isa = PBXBuildFile; fileRef = C74B81641CBF9FC6005307FF /* piano_a5.wav */; };
		C74B819F1CBF9FC6005307FF /* piano_a6.wav in Resources */ = {isa = PBXBuildFile; fileRef = C74B81651CBF9FC6005307FF /* piano_a6.wav */; };
		C74B81A01CBF9FC6005307FF /* piano_a7.wav in Resources */ = {isa = PBXBuildFile; fileRef = C74B81661CBF9FC6005307FF /* piano_a7.wav */; };
		C74B81A11CBF9FC6005307FF /* piano_b0.wav in Resources */ = {isa = PBXBuildFile; fileRef = C74B81681CBF9FC6005307FF /* piano_b0.wav */; };
		C74B81A21CBF9FC6005307FF /* piano_b1.wav in Resources */ = {isa = PBXBuildFile; fileRef = C74B81691CBF9FC6005307FF /* piano_b1.wav */; };
		C74B81A31CBF9FC6005307FF /* piano_b2.wav in Resources */ = {isa = PBXBuildFile; fileRef = C74B816A1CBF9FC6005307FF /* piano_b2.wav */; };
		C74B81A41CBF9FC6005307FF /* piano_b3.wav in Resources */ = {isa = PBXBuildFile; fileRef = C74B816B1CBF9FC6005307FF /* piano_b3.wav */; };
		C74B81A51CBF9FC6005307FF /* piano_b4.wav in Resources */ = {isa = PBXBuildFile; fileRef = C74B816C1CBF9FC6005307FF /* piano_b4.wav */; };
		C74B81A61CBF9FC6005307FF /* piano_b5.wav in Resources */ = {isa = PBXBuildFile; fileRef = C74B816D1CBF9FC6005307FF /* piano_b5.wav */; };
		C74B81A71CBF9FC6005307FF /* piano_b6.wav in Resources */ = {isa = PBXBuildFile; fileRef = C74B816E1CBF9FC6005307FF /* piano_b6.wav */; };
		C74B81A81CBF9FC6005307FF /* piano_b7.wav in Resources */ = {isa = PBXBuildFile; fileRef = C74B816F1CBF9FC6005307FF /* piano_b7.wav */; };
		C74B81A91CBF9FC6005307FF /* piano_c1.wav in Resources */ = {isa = PBXBuildFile; fileRef = C74B81711CBF9FC6005307FF /* piano_c1.wav */; };
		C74B81AA1CBF9FC6005307FF /* piano_c2.wav in Resources */ = {isa = PBXBuildFile; fileRef = C74B81721CBF9FC6005307FF /* piano_c2.wav */; };
		C74B81AB1CBF9FC6005307FF /* piano_c3.wav in Resources */ = {isa = PBXBuildFile; fileRef = C74B81731CBF9FC6005307FF /* piano_c3.wav */; };
		C74B81AC1CBF9FC6005307FF /* piano_c4.wav in Resources */ = {isa = PBXBuildFile; fileRef = C74B81741CBF9FC6005307FF /* piano_c4.wav */; };
		C74B81AD1CBF9FC6005307FF /* piano_c5.wav in Resources */ = {isa = PBXBuildFile; fileRef = C74B81751CBF9FC6005307FF /* piano_c5.wav */; };
		C74B81AE1CBF9FC6005307FF /* piano_c6.wav in Resources */ = {isa = PBXBuildFile; fileRef = C74B81761CBF9FC6005307FF /* piano_c6.wav */; };
		C74B81AF1CBF9FC6005307FF /* piano_c7.wav in Resources */ = {isa = PBXBuildFile; fileRef = C74B81771CBF9FC6005307FF /* piano_c7.wav */; };
		C74B81B01CBF9FC6005307FF /* piano_c8.wav in Resources */ = {isa = PBXBuildFile; fileRef = C74B81781CBF9FC6005307FF /* piano_c8.wav */; };
		C74B81B11CBF9FC6005307FF /* piano_d1.wav in Resources */ = {isa = PBXBuildFile; fileRef = C74B817A1CBF9FC6005307FF /* piano_d1.wav */; };
		C74B81B21CBF9FC6005307FF /* piano_d2.wav in Resources */ = {isa = PBXBuildFile; fileRef = C74B817B1CBF9FC6005307FF /* piano_d2.wav */; };
		C74B81B31CBF9FC6005307FF /* piano_d3.wav in Resources */ = {isa = PBXBuildFile; fileRef = C74B817C1CBF9FC6005307FF /* piano_d3.wav */; };
		C74B81B41CBF9FC6005307FF /* piano_d4.wav in Resources */ = {isa = PBXBuildFile; fileRef = C74B817D1CBF9FC6005307FF /* piano_d4.wav */; };
		C74B81B51CBF9FC6005307FF /* piano_d5.wav in Resources */ = {isa = PBXBuildFile; fileRef = C74B817E1CBF9FC6005307FF /* piano_d5.wav */; };
		C74B81B61CBF9FC6005307FF /* piano_d6.wav in Resources */ = {isa = PBXBuildFile; fileRef = C74B817F1CBF9FC6005307FF /* piano_d6.wav */; };
		C74B81B71CBF9FC6005307FF /* piano_d7.wav in Resources */ = {isa = PBXBuildFile; fileRef = C74B81801CBF9FC6005307FF /* piano_d7.wav */; };
		C74B81B81CBF9FC6005307FF /* piano_e1.wav in Resources */ = {isa = PBXBuildFile; fileRef = C74B81821CBF9FC6005307FF /* piano_e1.wav */; };
		C74B81B91CBF9FC6005307FF /* piano_e2.wav in Resources */ = {isa = PBXBuildFile; fileRef = C74B81831CBF9FC6005307FF /* piano_e2.wav */; };
		C74B81BA1CBF9FC6005307FF /* piano_e3.wav in Resources */ = {isa = PBXBuildFile; fileRef = C74B81841CBF9FC6005307FF /* piano_e3.wav */; };
		C74B81BB1CBF9FC6005307FF /* piano_e4.wav in Resources */ = {isa = PBXBuildFile; fileRef = C74B81851CBF9FC6005307FF /* piano_e4.wav */; };
		C74B81BC1CBF9FC6005307FF /* piano_e5.wav in Resources */ = {isa = PBXBuildFile; fileRef = C74B81861CBF9FC6005307FF /* piano_e5.wav */; };
		C74B81BD1CBF9FC6005307FF /* piano_e6.wav in Resources */ = {isa = PBXBuildFile; fileRef = C74B81871CBF9FC6005307FF /* piano_e6.wav */; };
		C74B81BE1CBF9FC6005307FF /* piano_e7.wav in Resources */ = {isa = PBXBuildFile; fileRef = C74B81881CBF9FC6005307FF /* piano_e7.wav */; };
		C74B81BF1CBF9FC6005307FF /* piano_f1.wav in Resources */ = {isa = PBXBuildFile; fileRef = C74B818A1CBF9FC6005307FF /* piano_f1.wav */; };
		C74B81C01CBF9FC6005307FF /* piano_f2.wav in Resources */ = {isa = PBXBuildFile; fileRef = C74B818B1CBF9FC6005307FF /* piano_f2.wav */; };
		C74B81C11CBF9FC6005307FF /* piano_f3.wav in Resources */ = {isa = PBXBuildFile; fileRef = C74B818C1CBF9FC6005307FF /* piano_f3.wav */; };
		C74B81C21CBF9FC6005307FF /* piano_f4.wav in Resources */ = {isa = PBXBuildFile; fileRef = C74B818D1CBF9FC6005307FF /* piano_f4.wav */; };
		C74B81C31CBF9FC6005307FF /* piano_f5.wav in Resources */ = {isa = PBXBuildFile; fileRef = C74B818E1CBF9FC6005307FF /* piano_f5.wav */; };
		C74B81C41CBF9FC6005307FF /* piano_f6.wav in Resources */ = {isa = PBXBuildFile; fileRef = C74B818F1CBF9FC6005307FF /* piano_f6.wav */; };
		C74B81C51CBF9FC6005307FF /* piano_f7.wav in Resources */ = {isa = PBXBuildFile; fileRef = C74B81901CBF9FC6005307FF /* piano_f7.wav */; };
		C74B81C61CBF9FC6005307FF /* piano_g1.wav in Resources */ = {isa = PBXBuildFile; fileRef = C74B81921CBF9FC6005307FF /* piano_g1.wav */; };
		C74B81C71CBF9FC6005307FF /* piano_g2.wav in Resources */ = {isa = PBXBuildFile; fileRef = C74B81931CBF9FC6005307FF /* piano_g2.wav */; };
		C74B81C81CBF9FC6005307FF /* piano_g3.wav in Resources */ = {isa = PBXBuildFile; fileRef = C74B81941CBF9FC6005307FF /* piano_g3.wav */; };
		C74B81C91CBF9FC6005307FF /* piano_g4.wav in Resources */ = {isa = PBXBuildFile; fileRef = C74B81951CBF9FC6005307FF /* piano_g4.wav */; };
		C74B81CA1CBF9FC6005307FF /* piano_g5.wav in Resources */ = {isa = PBXBuildFile; fileRef = C74B81961CBF9FC6005307FF /* piano_g5.wav */; };
		C74B81CB1CBF9FC6005307FF /* piano_g6.wav in Resources */ = {isa = PBXBuildFile; fileRef = C74B81971CBF9FC6005307FF /* piano_g6.wav */; };
		C74B81CC1CBF9FC6005307FF /* piano_g7.wav in Resources */ = {isa = PBXBuildFile; fileRef = C74B81981CBF9FC6005307FF /* piano_g7.wav */; };
		C74DCDE81CCA415C006D5F4D /* bkey.png in Resources */ = {isa = PBXBuildFile; fileRef = C74DCDE61CCA415C006D5F4D /* bkey.png */; };
		C74DCDE91CCA415C006D5F4D /* frame.png in Resources */ = {isa = PBXBuildFile; fileRef = C74DCDE71CCA415C006D5F4D /* frame.png */; };
		C74DCDEF1CCB9B74006D5F4D /* tablature.jpg in Resources */ = {isa = PBXBuildFile; fileRef = C74DCDEE1CCB9B74006D5F4D /* tablature.jpg */; };
		C7B074A01CC741C5008E6C9A /* wkey7.png in Resources */ = {isa = PBXBuildFile; fileRef = C7B074971CC741C5008E6C9A /* wkey7.png */; };
		C7B074A11CC741C5008E6C9A /* wkey6.png in Resources */ = {isa = PBXBuildFile; fileRef = C7B074981CC741C5008E6C9A /* wkey6.png */; };
		C7B074A21CC741C5008E6C9A /* wkey5.png in Resources */ = {isa = PBXBuildFile; fileRef = C7B074991CC741C5008E6C9A /* wkey5.png */; };
		C7B074A31CC741C5008E6C9A /* wkey4.png in Resources */ = {isa = PBXBuildFile; fileRef = C7B0749A1CC741C5008E6C9A /* wkey4.png */; };
		C7B074A41CC741C5008E6C9A /* wkey3.png in Resources */ = {isa = PBXBuildFile; fileRef = C7B0749B1CC741C5008E6C9A /* wkey3.png */; };
		C7B074A51CC741C5008E6C9A /* wkey2.png in Resources */ = {isa = PBXBuildFile; fileRef = C7B0749C1CC741C5008E6C9A /* wkey2.png */; };
		C7B074A61CC741C5008E6C9A /* wkey1.png in Resources */ = {isa = PBXBuildFile; fileRef = C7B0749D1CC741C5008E6C9A /* wkey1.png */; };
		C7B074A71CC741C5008E6C9A /* piano_outline.png in Resources */ = {isa = PBXBuildFile; fileRef = C7B0749E1CC741C5008E6C9A /* piano_outline.png */; };
		C7B074A81CC741C5008E6C9A /* blueToothIcon.png in Resources */ = {isa = PBXBuildFile; fileRef = C7B0749F1CC741C5008E6C9A /* blueToothIcon.png */; };
		C7B074B01CC7513D008E6C9A /* wkey14.png in Resources */ = {isa = PBXBuildFile; fileRef = C7B074A91CC7513D008E6C9A /* wkey14.png */; };
		C7B074B11CC7513D008E6C9A /* wkey13.png in Resources */ = {isa = PBXBuildFile; fileRef = C7B074AA1CC7513D008E6C9A /* wkey13.png */; };
		C7B074B21CC7513D008E6C9A /* wkey12.png in Resources */ = {isa = PBXBuildFile; fileRef = C7B074AB1CC7513D008E6C9A /* wkey12.png */; };
		C7B074B31CC7513D008E6C9A /* wkey11.png in Resources */ = {isa = PBXBuildFile; fileRef = C7B074AC1CC7513D008E6C9A /* wkey11.png */; };
		C7B074B41CC7513D008E6C9A /* wkey10.png in Resources */ = {isa = PBXBuildFile; fileRef = C7B074AD1CC7513D008E6C9A /* wkey10.png */; };
		C7B074B51CC7513D008E6C9A /* wkey9.png in Resources */ = {isa = PBXBuildFile; fileRef = C7B074AE1CC7513D008E6C9A /* wkey9.png */; };
		C7B074B61CC7513D008E6C9A /* wkey8.png in Resources */ = {isa = PBXBuildFile; fileRef = C7B074AF1CC7513D008E6C9A /* wkey8.png */; };
		C7B074C51CC75441008E6C9A /* wkey14_highlight.png in Resources */ = {isa = PBXBuildFile; fileRef = C7B074B71CC75441008E6C9A /* wkey14_highlight.png */; };
		C7B074C61CC75441008E6C9A /* wkey13_highlight.png in Resources */ = {isa = PBXBuildFile; fileRef = C7B074B81CC75441008E6C9A /* wkey13_highlight.png */; };
		C7B074C71CC75441008E6C9A /* wkey12_highlight.png in Resources */ = {isa = PBXBuildFile; fileRef = C7B074B91CC75441008E6C9A /* wkey12_highlight.png */; };
		C7B074C81CC75441008E6C9A /* wkey11_highlight.png in Resources */ = {isa = PBXBuildFile; fileRef = C7B074BA1CC75441008E6C9A /* wkey11_highlight.png */; };
		C7B074C91CC75441008E6C9A /* wkey10_highlight.png in Resources */ = {isa = PBXBuildFile; fileRef = C7B074BB1CC75441008E6C9A /* wkey10_highlight.png */; };
		C7B074CA1CC75441008E6C9A /* wkey9_highlight.png in Resources */ = {isa = PBXBuildFile; fileRef = C7B074BC1CC75441008E6C9A /* wkey9_highlight.png */; };
		C7B074CB1CC75441008E6C9A /* wkey8_highlight.png in Resources */ = {isa = PBXBuildFile; fileRef = C7B074BD1CC75441008E6C9A /* wkey8_highlight.png */; };
		C7B074CC1CC75441008E6C9A /* wkey7_highlight.png in Resources */ = {isa = PBXBuildFile; fileRef = C7B074BE1CC75441008E6C9A /* wkey7_highlight.png */; };
		C7B074CD1CC75441008E6C9A /* wkey6_highlight.png in Resources */ = {isa = PBXBuildFile; fileRef = C7B074BF1CC75441008E6C9A /* wkey6_highlight.png */; };
		C7B074CE1CC75441008E6C9A /* wkey5_highlight.png in Resources */ = {isa = PBXBuildFile; fileRef = C7B074C01CC75441008E6C9A /* wkey5_highlight.png */; };
		C7B074CF1CC75441008E6C9A /* wkey4_highlight.png in Resources */ = {isa = PBXBuildFile; fileRef = C7B074C11CC75441008E6C9A /* wkey4_highlight.png */; };
		C7B074D01CC75441008E6C9A /* wkey3_highlight.png in Resources */ = {isa = PBXBuildFile; fileRef = C7B074C21CC75441008E6C9A /* wkey3_highlight.png */; };
		C7B074D11CC75441008E6C9A /* wkey2_highlight.png in Resources */ = {isa = PBXBuildFile; fileRef = C7B074C31CC75441008E6C9A /* wkey2_highlight.png */; };
		C7B074D21CC75441008E6C9A /* wkey1_highlight.png in Resources */ = {isa = PBXBuildFile; fileRef = C7B074C41CC75441008E6C9A /* wkey1_highlight.png */; };
		C7B074D61CC8B984008E6C9A /* guitar_outline.png in Resources */ = {isa = PBXBuildFile; fileRef = C7B074D51CC8B984008E6C9A /* guitar_outline.png */; };
		C7B074D81CC8C69F008E6C9A /* violin_outline.png in Resources */ = {isa = PBXBuildFile; fileRef = C7B074D71CC8C69F008E6C9A /* violin_outline.png */; };
/* End PBXBuildFile section */

/* Begin PBXFileReference section */
		C74B81121CBE335B005307FF /* iKeyboard.app */ = {isa = PBXFileReference; explicitFileType = wrapper.application; includeInIndex = 0; path = iKeyboard.app; sourceTree = BUILT_PRODUCTS_DIR; };
		C74B81161CBE335C005307FF /* main.m */ = {isa = PBXFileReference; lastKnownFileType = sourcecode.c.objc; path = main.m; sourceTree = "<group>"; };
		C74B81181CBE335C005307FF /* AppDelegate.h */ = {isa = PBXFileReference; lastKnownFileType = sourcecode.c.h; path = AppDelegate.h; sourceTree = "<group>"; };
		C74B81191CBE335C005307FF /* AppDelegate.m */ = {isa = PBXFileReference; lastKnownFileType = sourcecode.c.objc; path = AppDelegate.m; sourceTree = "<group>"; };
		C74B811F1CBE335C005307FF /* Base */ = {isa = PBXFileReference; lastKnownFileType = file.storyboard; name = Base; path = Base.lproj/Main.storyboard; sourceTree = "<group>"; };
		C74B81211CBE335C005307FF /* Assets.xcassets */ = {isa = PBXFileReference; lastKnownFileType = folder.assetcatalog; path = Assets.xcassets; sourceTree = "<group>"; };
		C74B81241CBE335C005307FF /* Base */ = {isa = PBXFileReference; lastKnownFileType = file.storyboard; name = Base; path = Base.lproj/LaunchScreen.storyboard; sourceTree = "<group>"; };
		C74B81261CBE335C005307FF /* Info.plist */ = {isa = PBXFileReference; lastKnownFileType = text.plist.xml; path = Info.plist; sourceTree = "<group>"; };
		C74B812C1CBE358F005307FF /* iKeyboardMenuViewController.h */ = {isa = PBXFileReference; fileEncoding = 4; lastKnownFileType = sourcecode.c.h; path = iKeyboardMenuViewController.h; sourceTree = "<group>"; };
		C74B812D1CBE358F005307FF /* iKeyboardMenuViewController.m */ = {isa = PBXFileReference; fileEncoding = 4; lastKnownFileType = sourcecode.c.objc; path = iKeyboardMenuViewController.m; sourceTree = "<group>"; };
		C74B81311CBE3A0D005307FF /* part_of_keyboard.png */ = {isa = PBXFileReference; lastKnownFileType = image.png; path = part_of_keyboard.png; sourceTree = "<group>"; };
		C74B81411CBE4325005307FF /* iKeyboardNormalModeViewController.h */ = {isa = PBXFileReference; fileEncoding = 4; lastKnownFileType = sourcecode.c.h; path = iKeyboardNormalModeViewController.h; sourceTree = "<group>"; };
		C74B81421CBE4325005307FF /* iKeyboardNormalModeViewController.m */ = {isa = PBXFileReference; fileEncoding = 4; lastKnownFileType = sourcecode.c.objc; path = iKeyboardNormalModeViewController.m; sourceTree = "<group>"; };
		C74B81461CBE54EB005307FF /* keyboard.png */ = {isa = PBXFileReference; lastKnownFileType = image.png; path = keyboard.png; sourceTree = "<group>"; };
		C74B814A1CBF6B9B005307FF /* rightArrow.png */ = {isa = PBXFileReference; lastKnownFileType = image.png; path = rightArrow.png; sourceTree = "<group>"; };
		C74B814B1CBF6B9B005307FF /* leftArrow.png */ = {isa = PBXFileReference; lastKnownFileType = image.png; path = leftArrow.png; sourceTree = "<group>"; };
		C74B815F1CBF9FC6005307FF /* piano_a0.wav */ = {isa = PBXFileReference; lastKnownFileType = audio.wav; path = piano_a0.wav; sourceTree = "<group>"; };
		C74B81601CBF9FC6005307FF /* piano_a1.wav */ = {isa = PBXFileReference; lastKnownFileType = audio.wav; path = piano_a1.wav; sourceTree = "<group>"; };
		C74B81611CBF9FC6005307FF /* piano_a2.wav */ = {isa = PBXFileReference; lastKnownFileType = audio.wav; path = piano_a2.wav; sourceTree = "<group>"; };
		C74B81621CBF9FC6005307FF /* piano_a3.wav */ = {isa = PBXFileReference; lastKnownFileType = audio.wav; path = piano_a3.wav; sourceTree = "<group>"; };
		C74B81631CBF9FC6005307FF /* piano_a4.wav */ = {isa = PBXFileReference; lastKnownFileType = audio.wav; path = piano_a4.wav; sourceTree = "<group>"; };
		C74B81641CBF9FC6005307FF /* piano_a5.wav */ = {isa = PBXFileReference; lastKnownFileType = audio.wav; path = piano_a5.wav; sourceTree = "<group>"; };
		C74B81651CBF9FC6005307FF /* piano_a6.wav */ = {isa = PBXFileReference; lastKnownFileType = audio.wav; path = piano_a6.wav; sourceTree = "<group>"; };
		C74B81661CBF9FC6005307FF /* piano_a7.wav */ = {isa = PBXFileReference; lastKnownFileType = audio.wav; path = piano_a7.wav; sourceTree = "<group>"; };
		C74B81681CBF9FC6005307FF /* piano_b0.wav */ = {isa = PBXFileReference; lastKnownFileType = audio.wav; path = piano_b0.wav; sourceTree = "<group>"; };
		C74B81691CBF9FC6005307FF /* piano_b1.wav */ = {isa = PBXFileReference; lastKnownFileType = audio.wav; path = piano_b1.wav; sourceTree = "<group>"; };
		C74B816A1CBF9FC6005307FF /* piano_b2.wav */ = {isa = PBXFileReference; lastKnownFileType = audio.wav; path = piano_b2.wav; sourceTree = "<group>"; };
		C74B816B1CBF9FC6005307FF /* piano_b3.wav */ = {isa = PBXFileReference; lastKnownFileType = audio.wav; path = piano_b3.wav; sourceTree = "<group>"; };
		C74B816C1CBF9FC6005307FF /* piano_b4.wav */ = {isa = PBXFileReference; lastKnownFileType = audio.wav; path = piano_b4.wav; sourceTree = "<group>"; };
		C74B816D1CBF9FC6005307FF /* piano_b5.wav */ = {isa = PBXFileReference; lastKnownFileType = audio.wav; path = piano_b5.wav; sourceTree = "<group>"; };
		C74B816E1CBF9FC6005307FF /* piano_b6.wav */ = {isa = PBXFileReference; lastKnownFileType = audio.wav; path = piano_b6.wav; sourceTree = "<group>"; };
		C74B816F1CBF9FC6005307FF /* piano_b7.wav */ = {isa = PBXFileReference; lastKnownFileType = audio.wav; path = piano_b7.wav; sourceTree = "<group>"; };
		C74B81711CBF9FC6005307FF /* piano_c1.wav */ = {isa = PBXFileReference; lastKnownFileType = audio.wav; path = piano_c1.wav; sourceTree = "<group>"; };
		C74B81721CBF9FC6005307FF /* piano_c2.wav */ = {isa = PBXFileReference; lastKnownFileType = audio.wav; path = piano_c2.wav; sourceTree = "<group>"; };
		C74B81731CBF9FC6005307FF /* piano_c3.wav */ = {isa = PBXFileReference; lastKnownFileType = audio.wav; path = piano_c3.wav; sourceTree = "<group>"; };
		C74B81741CBF9FC6005307FF /* piano_c4.wav */ = {isa = PBXFileReference; lastKnownFileType = audio.wav; path = piano_c4.wav; sourceTree = "<group>"; };
		C74B81751CBF9FC6005307FF /* piano_c5.wav */ = {isa = PBXFileReference; lastKnownFileType = audio.wav; path = piano_c5.wav; sourceTree = "<group>"; };
		C74B81761CBF9FC6005307FF /* piano_c6.wav */ = {isa = PBXFileReference; lastKnownFileType = audio.wav; path = piano_c6.wav; sourceTree = "<group>"; };
		C74B81771CBF9FC6005307FF /* piano_c7.wav */ = {isa = PBXFileReference; lastKnownFileType = audio.wav; path = piano_c7.wav; sourceTree = "<group>"; };
		C74B81781CBF9FC6005307FF /* piano_c8.wav */ = {isa = PBXFileReference; lastKnownFileType = audio.wav; path = piano_c8.wav; sourceTree = "<group>"; };
		C74B817A1CBF9FC6005307FF /* piano_d1.wav */ = {isa = PBXFileReference; lastKnownFileType = audio.wav; path = piano_d1.wav; sourceTree = "<group>"; };
		C74B817B1CBF9FC6005307FF /* piano_d2.wav */ = {isa = PBXFileReference; lastKnownFileType = audio.wav; path = piano_d2.wav; sourceTree = "<group>"; };
		C74B817C1CBF9FC6005307FF /* piano_d3.wav */ = {isa = PBXFileReference; lastKnownFileType = audio.wav; path = piano_d3.wav; sourceTree = "<group>"; };
		C74B817D1CBF9FC6005307FF /* piano_d4.wav */ = {isa = PBXFileReference; lastKnownFileType = audio.wav; path = piano_d4.wav; sourceTree = "<group>"; };
		C74B817E1CBF9FC6005307FF /* piano_d5.wav */ = {isa = PBXFileReference; lastKnownFileType = audio.wav; path = piano_d5.wav; sourceTree = "<group>"; };
		C74B817F1CBF9FC6005307FF /* piano_d6.wav */ = {isa = PBXFileReference; lastKnownFileType = audio.wav; path = piano_d6.wav; sourceTree = "<group>"; };
		C74B81801CBF9FC6005307FF /* piano_d7.wav */ = {isa = PBXFileReference; lastKnownFileType = audio.wav; path = piano_d7.wav; sourceTree = "<group>"; };
		C74B81821CBF9FC6005307FF /* piano_e1.wav */ = {isa = PBXFileReference; lastKnownFileType = audio.wav; path = piano_e1.wav; sourceTree = "<group>"; };
		C74B81831CBF9FC6005307FF /* piano_e2.wav */ = {isa = PBXFileReference; lastKnownFileType = audio.wav; path = piano_e2.wav; sourceTree = "<group>"; };
		C74B81841CBF9FC6005307FF /* piano_e3.wav */ = {isa = PBXFileReference; lastKnownFileType = audio.wav; path = piano_e3.wav; sourceTree = "<group>"; };
		C74B81851CBF9FC6005307FF /* piano_e4.wav */ = {isa = PBXFileReference; lastKnownFileType = audio.wav; path = piano_e4.wav; sourceTree = "<group>"; };
		C74B81861CBF9FC6005307FF /* piano_e5.wav */ = {isa = PBXFileReference; lastKnownFileType = audio.wav; path = piano_e5.wav; sourceTree = "<group>"; };
		C74B81871CBF9FC6005307FF /* piano_e6.wav */ = {isa = PBXFileReference; lastKnownFileType = audio.wav; path = piano_e6.wav; sourceTree = "<group>"; };
		C74B81881CBF9FC6005307FF /* piano_e7.wav */ = {isa = PBXFileReference; lastKnownFileType = audio.wav; path = piano_e7.wav; sourceTree = "<group>"; };
		C74B818A1CBF9FC6005307FF /* piano_f1.wav */ = {isa = PBXFileReference; lastKnownFileType = audio.wav; path = piano_f1.wav; sourceTree = "<group>"; };
		C74B818B1CBF9FC6005307FF /* piano_f2.wav */ = {isa = PBXFileReference; lastKnownFileType = audio.wav; path = piano_f2.wav; sourceTree = "<group>"; };
		C74B818C1CBF9FC6005307FF /* piano_f3.wav */ = {isa = PBXFileReference; lastKnownFileType = audio.wav; path = piano_f3.wav; sourceTree = "<group>"; };
		C74B818D1CBF9FC6005307FF /* piano_f4.wav */ = {isa = PBXFileReference; lastKnownFileType = audio.wav; path = piano_f4.wav; sourceTree = "<group>"; };
		C74B818E1CBF9FC6005307FF /* piano_f5.wav */ = {isa = PBXFileReference; lastKnownFileType = audio.wav; path = piano_f5.wav; sourceTree = "<group>"; };
		C74B818F1CBF9FC6005307FF /* piano_f6.wav */ = {isa = PBXFileReference; lastKnownFileType = audio.wav; path = piano_f6.wav; sourceTree = "<group>"; };
		C74B81901CBF9FC6005307FF /* piano_f7.wav */ = {isa = PBXFileReference; lastKnownFileType = audio.wav; path = piano_f7.wav; sourceTree = "<group>"; };
		C74B81921CBF9FC6005307FF /* piano_g1.wav */ = {isa = PBXFileReference; lastKnownFileType = audio.wav; path = piano_g1.wav; sourceTree = "<group>"; };
		C74B81931CBF9FC6005307FF /* piano_g2.wav */ = {isa = PBXFileReference; lastKnownFileType = audio.wav; path = piano_g2.wav; sourceTree = "<group>"; };
		C74B81941CBF9FC6005307FF /* piano_g3.wav */ = {isa = PBXFileReference; lastKnownFileType = audio.wav; path = piano_g3.wav; sourceTree = "<group>"; };
		C74B81951CBF9FC6005307FF /* piano_g4.wav */ = {isa = PBXFileReference; lastKnownFileType = audio.wav; path = piano_g4.wav; sourceTree = "<group>"; };
		C74B81961CBF9FC6005307FF /* piano_g5.wav */ = {isa = PBXFileReference; lastKnownFileType = audio.wav; path = piano_g5.wav; sourceTree = "<group>"; };
		C74B81971CBF9FC6005307FF /* piano_g6.wav */ = {isa = PBXFileReference; lastKnownFileType = audio.wav; path = piano_g6.wav; sourceTree = "<group>"; };
		C74B81981CBF9FC6005307FF /* piano_g7.wav */ = {isa = PBXFileReference; lastKnownFileType = audio.wav; path = piano_g7.wav; sourceTree = "<group>"; };
		C74DCDE61CCA415C006D5F4D /* bkey.png */ = {isa = PBXFileReference; lastKnownFileType = image.png; path = bkey.png; sourceTree = "<group>"; };
		C74DCDE71CCA415C006D5F4D /* frame.png */ = {isa = PBXFileReference; lastKnownFileType = image.png; path = frame.png; sourceTree = "<group>"; };
		C74DCDEE1CCB9B74006D5F4D /* tablature.jpg */ = {isa = PBXFileReference; lastKnownFileType = image.jpeg; path = tablature.jpg; sourceTree = "<group>"; };
		C7B074971CC741C5008E6C9A /* wkey7.png */ = {isa = PBXFileReference; lastKnownFileType = image.png; path = wkey7.png; sourceTree = "<group>"; };
		C7B074981CC741C5008E6C9A /* wkey6.png */ = {isa = PBXFileReference; lastKnownFileType = image.png; path = wkey6.png; sourceTree = "<group>"; };
		C7B074991CC741C5008E6C9A /* wkey5.png */ = {isa = PBXFileReference; lastKnownFileType = image.png; path = wkey5.png; sourceTree = "<group>"; };
		C7B0749A1CC741C5008E6C9A /* wkey4.png */ = {isa = PBXFileReference; lastKnownFileType = image.png; path = wkey4.png; sourceTree = "<group>"; };
		C7B0749B1CC741C5008E6C9A /* wkey3.png */ = {isa = PBXFileReference; lastKnownFileType = image.png; path = wkey3.png; sourceTree = "<group>"; };
		C7B0749C1CC741C5008E6C9A /* wkey2.png */ = {isa = PBXFileReference; lastKnownFileType = image.png; path = wkey2.png; sourceTree = "<group>"; };
		C7B0749D1CC741C5008E6C9A /* wkey1.png */ = {isa = PBXFileReference; lastKnownFileType = image.png; path = wkey1.png; sourceTree = "<group>"; };
		C7B0749E1CC741C5008E6C9A /* piano_outline.png */ = {isa = PBXFileReference; lastKnownFileType = image.png; path = piano_outline.png; sourceTree = "<group>"; };
		C7B0749F1CC741C5008E6C9A /* blueToothIcon.png */ = {isa = PBXFileReference; lastKnownFileType = image.png; path = blueToothIcon.png; sourceTree = "<group>"; };
		C7B074A91CC7513D008E6C9A /* wkey14.png */ = {isa = PBXFileReference; lastKnownFileType = image.png; path = wkey14.png; sourceTree = "<group>"; };
		C7B074AA1CC7513D008E6C9A /* wkey13.png */ = {isa = PBXFileReference; lastKnownFileType = image.png; path = wkey13.png; sourceTree = "<group>"; };
		C7B074AB1CC7513D008E6C9A /* wkey12.png */ = {isa = PBXFileReference; lastKnownFileType = image.png; path = wkey12.png; sourceTree = "<group>"; };
		C7B074AC1CC7513D008E6C9A /* wkey11.png */ = {isa = PBXFileReference; lastKnownFileType = image.png; path = wkey11.png; sourceTree = "<group>"; };
		C7B074AD1CC7513D008E6C9A /* wkey10.png */ = {isa = PBXFileReference; lastKnownFileType = image.png; path = wkey10.png; sourceTree = "<group>"; };
		C7B074AE1CC7513D008E6C9A /* wkey9.png */ = {isa = PBXFileReference; lastKnownFileType = image.png; path = wkey9.png; sourceTree = "<group>"; };
		C7B074AF1CC7513D008E6C9A /* wkey8.png */ = {isa = PBXFileReference; lastKnownFileType = image.png; path = wkey8.png; sourceTree = "<group>"; };
		C7B074B71CC75441008E6C9A /* wkey14_highlight.png */ = {isa = PBXFileReference; lastKnownFileType = image.png; path = wkey14_highlight.png; sourceTree = "<group>"; };
		C7B074B81CC75441008E6C9A /* wkey13_highlight.png */ = {isa = PBXFileReference; lastKnownFileType = image.png; path = wkey13_highlight.png; sourceTree = "<group>"; };
		C7B074B91CC75441008E6C9A /* wkey12_highlight.png */ = {isa = PBXFileReference; lastKnownFileType = image.png; path = wkey12_highlight.png; sourceTree = "<group>"; };
		C7B074BA1CC75441008E6C9A /* wkey11_highlight.png */ = {isa = PBXFileReference; lastKnownFileType = image.png; path = wkey11_highlight.png; sourceTree = "<group>"; };
		C7B074BB1CC75441008E6C9A /* wkey10_highlight.png */ = {isa = PBXFileReference; lastKnownFileType = image.png; path = wkey10_highlight.png; sourceTree = "<group>"; };
		C7B074BC1CC75441008E6C9A /* wkey9_highlight.png */ = {isa = PBXFileReference; lastKnownFileType = image.png; path = wkey9_highlight.png; sourceTree = "<group>"; };
		C7B074BD1CC75441008E6C9A /* wkey8_highlight.png */ = {isa = PBXFileReference; lastKnownFileType = image.png; path = wkey8_highlight.png; sourceTree = "<group>"; };
		C7B074BE1CC75441008E6C9A /* wkey7_highlight.png */ = {isa = PBXFileReference; lastKnownFileType = image.png; path = wkey7_highlight.png; sourceTree = "<group>"; };
		C7B074BF1CC75441008E6C9A /* wkey6_highlight.png */ = {isa = PBXFileReference; lastKnownFileType = image.png; path = wkey6_highlight.png; sourceTree = "<group>"; };
		C7B074C01CC75441008E6C9A /* wkey5_highlight.png */ = {isa = PBXFileReference; lastKnownFileType = image.png; path = wkey5_highlight.png; sourceTree = "<group>"; };
		C7B074C11CC75441008E6C9A /* wkey4_highlight.png */ = {isa = PBXFileReference; lastKnownFileType = image.png; path = wkey4_highlight.png; sourceTree = "<group>"; };
		C7B074C21CC75441008E6C9A /* wkey3_highlight.png */ = {isa = PBXFileReference; lastKnownFileType = image.png; path = wkey3_highlight.png; sourceTree = "<group>"; };
		C7B074C31CC75441008E6C9A /* wkey2_highlight.png */ = {isa = PBXFileReference; lastKnownFileType = image.png; path = wkey2_highlight.png; sourceTree = "<group>"; };
		C7B074C41CC75441008E6C9A /* wkey1_highlight.png */ = {isa = PBXFileReference; lastKnownFileType = image.png; path = wkey1_highlight.png; sourceTree = "<group>"; };
		C7B074D51CC8B984008E6C9A /* guitar_outline.png */ = {isa = PBXFileReference; lastKnownFileType = image.png; path = guitar_outline.png; sourceTree = "<group>"; };
		C7B074D71CC8C69F008E6C9A /* violin_outline.png */ = {isa = PBXFileReference; lastKnownFileType = image.png; path = violin_outline.png; sourceTree = "<group>"; };
/* End PBXFileReference section */

/* Begin PBXFrameworksBuildPhase section */
		C74B810F1CBE335B005307FF /* Frameworks */ = {
			isa = PBXFrameworksBuildPhase;
			buildActionMask = 2147483647;
			files = (
			);
			runOnlyForDeploymentPostprocessing = 0;
		};
/* End PBXFrameworksBuildPhase section */

/* Begin PBXGroup section */
		C74B81091CBE335B005307FF = {
			isa = PBXGroup;
			children = (
				C74B81141CBE335C005307FF /* iKeyboard */,
				C74B81301CBE3A0D005307FF /* image */,
				C74B815C1CBF9FC6005307FF /* voice */,
				C74B81131CBE335B005307FF /* Products */,
			);
			sourceTree = "<group>";
		};
		C74B81131CBE335B005307FF /* Products */ = {
			isa = PBXGroup;
			children = (
				C74B81121CBE335B005307FF /* iKeyboard.app */,
			);
			name = Products;
			sourceTree = "<group>";
		};
		C74B81141CBE335C005307FF /* iKeyboard */ = {
			isa = PBXGroup;
			children = (
				C74B81181CBE335C005307FF /* AppDelegate.h */,
				C74B81191CBE335C005307FF /* AppDelegate.m */,
				C74B812C1CBE358F005307FF /* iKeyboardMenuViewController.h */,
				C74B812D1CBE358F005307FF /* iKeyboardMenuViewController.m */,
				C74B81411CBE4325005307FF /* iKeyboardNormalModeViewController.h */,
				C74B81421CBE4325005307FF /* iKeyboardNormalModeViewController.m */,
				C74B811E1CBE335C005307FF /* Main.storyboard */,
				C74B81211CBE335C005307FF /* Assets.xcassets */,
				C74B81231CBE335C005307FF /* LaunchScreen.storyboard */,
				C74B81261CBE335C005307FF /* Info.plist */,
				C74B81151CBE335C005307FF /* Supporting Files */,
			);
			path = iKeyboard;
			sourceTree = "<group>";
		};
		C74B81151CBE335C005307FF /* Supporting Files */ = {
			isa = PBXGroup;
			children = (
				C74B81161CBE335C005307FF /* main.m */,
			);
			name = "Supporting Files";
			sourceTree = "<group>";
		};
		C74B81301CBE3A0D005307FF /* image */ = {
			isa = PBXGroup;
			children = (
				C74DCDEE1CCB9B74006D5F4D /* tablature.jpg */,
				C74DCDE61CCA415C006D5F4D /* bkey.png */,
				C74DCDE71CCA415C006D5F4D /* frame.png */,
				C7B074D71CC8C69F008E6C9A /* violin_outline.png */,
				C7B074D51CC8B984008E6C9A /* guitar_outline.png */,
				C7B074B71CC75441008E6C9A /* wkey14_highlight.png */,
				C7B074B81CC75441008E6C9A /* wkey13_highlight.png */,
				C7B074B91CC75441008E6C9A /* wkey12_highlight.png */,
				C7B074BA1CC75441008E6C9A /* wkey11_highlight.png */,
				C7B074BB1CC75441008E6C9A /* wkey10_highlight.png */,
				C7B074BC1CC75441008E6C9A /* wkey9_highlight.png */,
				C7B074BD1CC75441008E6C9A /* wkey8_highlight.png */,
				C7B074BE1CC75441008E6C9A /* wkey7_highlight.png */,
				C7B074BF1CC75441008E6C9A /* wkey6_highlight.png */,
				C7B074C01CC75441008E6C9A /* wkey5_highlight.png */,
				C7B074C11CC75441008E6C9A /* wkey4_highlight.png */,
				C7B074C21CC75441008E6C9A /* wkey3_highlight.png */,
				C7B074C31CC75441008E6C9A /* wkey2_highlight.png */,
				C7B074C41CC75441008E6C9A /* wkey1_highlight.png */,
				C7B074A91CC7513D008E6C9A /* wkey14.png */,
				C7B074AA1CC7513D008E6C9A /* wkey13.png */,
				C7B074AB1CC7513D008E6C9A /* wkey12.png */,
				C7B074AC1CC7513D008E6C9A /* wkey11.png */,
				C7B074AD1CC7513D008E6C9A /* wkey10.png */,
				C7B074AE1CC7513D008E6C9A /* wkey9.png */,
				C7B074AF1CC7513D008E6C9A /* wkey8.png */,
				C7B074971CC741C5008E6C9A /* wkey7.png */,
				C7B074981CC741C5008E6C9A /* wkey6.png */,
				C7B074991CC741C5008E6C9A /* wkey5.png */,
				C7B0749A1CC741C5008E6C9A /* wkey4.png */,
				C7B0749B1CC741C5008E6C9A /* wkey3.png */,
				C7B0749C1CC741C5008E6C9A /* wkey2.png */,
				C7B0749D1CC741C5008E6C9A /* wkey1.png */,
				C7B0749E1CC741C5008E6C9A /* piano_outline.png */,
				C7B0749F1CC741C5008E6C9A /* blueToothIcon.png */,
				C74B814A1CBF6B9B005307FF /* rightArrow.png */,
				C74B814B1CBF6B9B005307FF /* leftArrow.png */,
				C74B81461CBE54EB005307FF /* keyboard.png */,
				C74B81311CBE3A0D005307FF /* part_of_keyboard.png */,
			);
			path = image;
			sourceTree = "<group>";
		};
		C74B815C1CBF9FC6005307FF /* voice */ = {
			isa = PBXGroup;
			children = (
				C74B815D1CBF9FC6005307FF /* piano */,
			);
			path = voice;
			sourceTree = "<group>";
		};
		C74B815D1CBF9FC6005307FF /* piano */ = {
			isa = PBXGroup;
			children = (
				C74B815E1CBF9FC6005307FF /* a */,
				C74B81671CBF9FC6005307FF /* b */,
				C74B81701CBF9FC6005307FF /* c */,
				C74B81791CBF9FC6005307FF /* d */,
				C74B81811CBF9FC6005307FF /* e */,
				C74B81891CBF9FC6005307FF /* f */,
				C74B81911CBF9FC6005307FF /* g */,
			);
			path = piano;
			sourceTree = "<group>";
		};
		C74B815E1CBF9FC6005307FF /* a */ = {
			isa = PBXGroup;
			children = (
				C74B815F1CBF9FC6005307FF /* piano_a0.wav */,
				C74B81601CBF9FC6005307FF /* piano_a1.wav */,
				C74B81611CBF9FC6005307FF /* piano_a2.wav */,
				C74B81621CBF9FC6005307FF /* piano_a3.wav */,
				C74B81631CBF9FC6005307FF /* piano_a4.wav */,
				C74B81641CBF9FC6005307FF /* piano_a5.wav */,
				C74B81651CBF9FC6005307FF /* piano_a6.wav */,
				C74B81661CBF9FC6005307FF /* piano_a7.wav */,
			);
			path = a;
			sourceTree = "<group>";
		};
		C74B81671CBF9FC6005307FF /* b */ = {
			isa = PBXGroup;
			children = (
				C74B81681CBF9FC6005307FF /* piano_b0.wav */,
				C74B81691CBF9FC6005307FF /* piano_b1.wav */,
				C74B816A1CBF9FC6005307FF /* piano_b2.wav */,
				C74B816B1CBF9FC6005307FF /* piano_b3.wav */,
				C74B816C1CBF9FC6005307FF /* piano_b4.wav */,
				C74B816D1CBF9FC6005307FF /* piano_b5.wav */,
				C74B816E1CBF9FC6005307FF /* piano_b6.wav */,
				C74B816F1CBF9FC6005307FF /* piano_b7.wav */,
			);
			path = b;
			sourceTree = "<group>";
		};
		C74B81701CBF9FC6005307FF /* c */ = {
			isa = PBXGroup;
			children = (
				C74B81711CBF9FC6005307FF /* piano_c1.wav */,
				C74B81721CBF9FC6005307FF /* piano_c2.wav */,
				C74B81731CBF9FC6005307FF /* piano_c3.wav */,
				C74B81741CBF9FC6005307FF /* piano_c4.wav */,
				C74B81751CBF9FC6005307FF /* piano_c5.wav */,
				C74B81761CBF9FC6005307FF /* piano_c6.wav */,
				C74B81771CBF9FC6005307FF /* piano_c7.wav */,
				C74B81781CBF9FC6005307FF /* piano_c8.wav */,
			);
			path = c;
			sourceTree = "<group>";
		};
		C74B81791CBF9FC6005307FF /* d */ = {
			isa = PBXGroup;
			children = (
				C74B817A1CBF9FC6005307FF /* piano_d1.wav */,
				C74B817B1CBF9FC6005307FF /* piano_d2.wav */,
				C74B817C1CBF9FC6005307FF /* piano_d3.wav */,
				C74B817D1CBF9FC6005307FF /* piano_d4.wav */,
				C74B817E1CBF9FC6005307FF /* piano_d5.wav */,
				C74B817F1CBF9FC6005307FF /* piano_d6.wav */,
				C74B81801CBF9FC6005307FF /* piano_d7.wav */,
			);
			path = d;
			sourceTree = "<group>";
		};
		C74B81811CBF9FC6005307FF /* e */ = {
			isa = PBXGroup;
			children = (
				C74B81821CBF9FC6005307FF /* piano_e1.wav */,
				C74B81831CBF9FC6005307FF /* piano_e2.wav */,
				C74B81841CBF9FC6005307FF /* piano_e3.wav */,
				C74B81851CBF9FC6005307FF /* piano_e4.wav */,
				C74B81861CBF9FC6005307FF /* piano_e5.wav */,
				C74B81871CBF9FC6005307FF /* piano_e6.wav */,
				C74B81881CBF9FC6005307FF /* piano_e7.wav */,
			);
			path = e;
			sourceTree = "<group>";
		};
		C74B81891CBF9FC6005307FF /* f */ = {
			isa = PBXGroup;
			children = (
				C74B818A1CBF9FC6005307FF /* piano_f1.wav */,
				C74B818B1CBF9FC6005307FF /* piano_f2.wav */,
				C74B818C1CBF9FC6005307FF /* piano_f3.wav */,
				C74B818D1CBF9FC6005307FF /* piano_f4.wav */,
				C74B818E1CBF9FC6005307FF /* piano_f5.wav */,
				C74B818F1CBF9FC6005307FF /* piano_f6.wav */,
				C74B81901CBF9FC6005307FF /* piano_f7.wav */,
			);
			path = f;
			sourceTree = "<group>";
		};
		C74B81911CBF9FC6005307FF /* g */ = {
			isa = PBXGroup;
			children = (
				C74B81921CBF9FC6005307FF /* piano_g1.wav */,
				C74B81931CBF9FC6005307FF /* piano_g2.wav */,
				C74B81941CBF9FC6005307FF /* piano_g3.wav */,
				C74B81951CBF9FC6005307FF /* piano_g4.wav */,
				C74B81961CBF9FC6005307FF /* piano_g5.wav */,
				C74B81971CBF9FC6005307FF /* piano_g6.wav */,
				C74B81981CBF9FC6005307FF /* piano_g7.wav */,
			);
			path = g;
			sourceTree = "<group>";
		};
/* End PBXGroup section */

/* Begin PBXNativeTarget section */
		C74B81111CBE335B005307FF /* iKeyboard */ = {
			isa = PBXNativeTarget;
			buildConfigurationList = C74B81291CBE335C005307FF /* Build configuration list for PBXNativeTarget "iKeyboard" */;
			buildPhases = (
				C74B810E1CBE335B005307FF /* Sources */,
				C74B810F1CBE335B005307FF /* Frameworks */,
				C74B81101CBE335B005307FF /* Resources */,
			);
			buildRules = (
			);
			dependencies = (
			);
			name = iKeyboard;
			productName = iKeyboard;
			productReference = C74B81121CBE335B005307FF /* iKeyboard.app */;
			productType = "com.apple.product-type.application";
		};
/* End PBXNativeTarget section */

/* Begin PBXProject section */
		C74B810A1CBE335B005307FF /* Project object */ = {
			isa = PBXProject;
			attributes = {
				LastUpgradeCheck = 0730;
				ORGANIZATIONNAME = "Lin Chih-An";
				TargetAttributes = {
					C74B81111CBE335B005307FF = {
						CreatedOnToolsVersion = 7.3;
						DevelopmentTeam = KRGS5BKS3M;
					};
				};
			};
			buildConfigurationList = C74B810D1CBE335B005307FF /* Build configuration list for PBXProject "iKeyboard" */;
			compatibilityVersion = "Xcode 3.2";
			developmentRegion = English;
			hasScannedForEncodings = 0;
			knownRegions = (
				en,
				Base,
			);
			mainGroup = C74B81091CBE335B005307FF;
			productRefGroup = C74B81131CBE335B005307FF /* Products */;
			projectDirPath = "";
			projectRoot = "";
			targets = (
				C74B81111CBE335B005307FF /* iKeyboard */,
			);
		};
/* End PBXProject section */

/* Begin PBXResourcesBuildPhase section */
		C74B81101CBE335B005307FF /* Resources */ = {
			isa = PBXResourcesBuildPhase;
			buildActionMask = 2147483647;
			files = (
				C7B074A01CC741C5008E6C9A /* wkey7.png in Resources */,
				C74B81A51CBF9FC6005307FF /* piano_b4.wav in Resources */,
				C7B074CB1CC75441008E6C9A /* wkey8_highlight.png in Resources */,
				C74B81A91CBF9FC6005307FF /* piano_c1.wav in Resources */,
				C7B074B61CC7513D008E6C9A /* wkey8.png in Resources */,
				C7B074A61CC741C5008E6C9A /* wkey1.png in Resources */,
				C7B074A21CC741C5008E6C9A /* wkey5.png in Resources */,
				C7B074CA1CC75441008E6C9A /* wkey9_highlight.png in Resources */,
				C74B81B61CBF9FC6005307FF /* piano_d6.wav in Resources */,
				C74B814D1CBF6B9B005307FF /* leftArrow.png in Resources */,
				C74B81A41CBF9FC6005307FF /* piano_b3.wav in Resources */,
				C74B814C1CBF6B9B005307FF /* rightArrow.png in Resources */,
				C74B81251CBE335C005307FF /* LaunchScreen.storyboard in Resources */,
				C74B81A31CBF9FC6005307FF /* piano_b2.wav in Resources */,
				C74B81C51CBF9FC6005307FF /* piano_f7.wav in Resources */,
				C74B81C91CBF9FC6005307FF /* piano_g4.wav in Resources */,
				C74B81B91CBF9FC6005307FF /* piano_e2.wav in Resources */,
				C74B81AA1CBF9FC6005307FF /* piano_c2.wav in Resources */,
				C7B074CE1CC75441008E6C9A /* wkey5_highlight.png in Resources */,
				C7B074C81CC75441008E6C9A /* wkey11_highlight.png in Resources */,
				C74B81CC1CBF9FC6005307FF /* piano_g7.wav in Resources */,
				C74B819A1CBF9FC6005307FF /* piano_a1.wav in Resources */,
				C7B074C71CC75441008E6C9A /* wkey12_highlight.png in Resources */,
				C74B819C1CBF9FC6005307FF /* piano_a3.wav in Resources */,
				C74B81BD1CBF9FC6005307FF /* piano_e6.wav in Resources */,
				C74B81C71CBF9FC6005307FF /* piano_g2.wav in Resources */,
				C74B81B41CBF9FC6005307FF /* piano_d4.wav in Resources */,
				C74B81991CBF9FC6005307FF /* piano_a0.wav in Resources */,
				C74DCDE91CCA415C006D5F4D /* frame.png in Resources */,
				C74B819B1CBF9FC6005307FF /* piano_a2.wav in Resources */,
				C74B81B11CBF9FC6005307FF /* piano_d1.wav in Resources */,
				C7B074B31CC7513D008E6C9A /* wkey11.png in Resources */,
				C74B81CA1CBF9FC6005307FF /* piano_g5.wav in Resources */,
				C7B074D01CC75441008E6C9A /* wkey3_highlight.png in Resources */,
				C74B81BA1CBF9FC6005307FF /* piano_e3.wav in Resources */,
				C74B81C21CBF9FC6005307FF /* piano_f4.wav in Resources */,
				C74B81B51CBF9FC6005307FF /* piano_d5.wav in Resources */,
				C7B074C61CC75441008E6C9A /* wkey13_highlight.png in Resources */,
				C74B81C41CBF9FC6005307FF /* piano_f6.wav in Resources */,
				C7B074A11CC741C5008E6C9A /* wkey6.png in Resources */,
				C74B81BE1CBF9FC6005307FF /* piano_e7.wav in Resources */,
				C74B81B21CBF9FC6005307FF /* piano_d2.wav in Resources */,
				C74B81A61CBF9FC6005307FF /* piano_b5.wav in Resources */,
				C74B81A81CBF9FC6005307FF /* piano_b7.wav in Resources */,
				C74B81AC1CBF9FC6005307FF /* piano_c4.wav in Resources */,
				C74B81BF1CBF9FC6005307FF /* piano_f1.wav in Resources */,
				C7B074D11CC75441008E6C9A /* wkey2_highlight.png in Resources */,
				C7B074B41CC7513D008E6C9A /* wkey10.png in Resources */,
				C7B074D61CC8B984008E6C9A /* guitar_outline.png in Resources */,
				C74B81B71CBF9FC6005307FF /* piano_d7.wav in Resources */,
				C7B074C91CC75441008E6C9A /* wkey10_highlight.png in Resources */,
				C7B074B21CC7513D008E6C9A /* wkey12.png in Resources */,
				C74B81CB1CBF9FC6005307FF /* piano_g6.wav in Resources */,
				C7B074A81CC741C5008E6C9A /* blueToothIcon.png in Resources */,
				C7B074A51CC741C5008E6C9A /* wkey2.png in Resources */,
				C74B81C31CBF9FC6005307FF /* piano_f5.wav in Resources */,
				C7B074D81CC8C69F008E6C9A /* violin_outline.png in Resources */,
				C74B81A71CBF9FC6005307FF /* piano_b6.wav in Resources */,
				C74B81AF1CBF9FC6005307FF /* piano_c7.wav in Resources */,
				C7B074A71CC741C5008E6C9A /* piano_outline.png in Resources */,
				C74B81A21CBF9FC6005307FF /* piano_b1.wav in Resources */,
				C74B81BC1CBF9FC6005307FF /* piano_e5.wav in Resources */,
				C7B074A31CC741C5008E6C9A /* wkey4.png in Resources */,
				C74B81AB1CBF9FC6005307FF /* piano_c3.wav in Resources */,
				C74B81AD1CBF9FC6005307FF /* piano_c5.wav in Resources */,
				C74DCDE81CCA415C006D5F4D /* bkey.png in Resources */,
				C74B81BB1CBF9FC6005307FF /* piano_e4.wav in Resources */,
				C74B819D1CBF9FC6005307FF /* piano_a4.wav in Resources */,
				C7B074B51CC7513D008E6C9A /* wkey9.png in Resources */,
				C74B81C11CBF9FC6005307FF /* piano_f3.wav in Resources */,
				C74DCDEF1CCB9B74006D5F4D /* tablature.jpg in Resources */,
				C7B074A41CC741C5008E6C9A /* wkey3.png in Resources */,
				C74B81221CBE335C005307FF /* Assets.xcassets in Resources */,
				C74B81AE1CBF9FC6005307FF /* piano_c6.wav in Resources */,
				C7B074B11CC7513D008E6C9A /* wkey13.png in Resources */,
				C74B81B31CBF9FC6005307FF /* piano_d3.wav in Resources */,
				C7B074CD1CC75441008E6C9A /* wkey6_highlight.png in Resources */,
				C74B81C61CBF9FC6005307FF /* piano_g1.wav in Resources */,
				C74B81321CBE3A0D005307FF /* part_of_keyboard.png in Resources */,
				C74B819F1CBF9FC6005307FF /* piano_a6.wav in Resources */,
				C7B074D21CC75441008E6C9A /* wkey1_highlight.png in Resources */,
				C74B81B81CBF9FC6005307FF /* piano_e1.wav in Resources */,
				C7B074C51CC75441008E6C9A /* wkey14_highlight.png in Resources */,
				C74B81B01CBF9FC6005307FF /* piano_c8.wav in Resources */,
				C74B81A11CBF9FC6005307FF /* piano_b0.wav in Resources */,
				C7B074CC1CC75441008E6C9A /* wkey7_highlight.png in Resources */,
				C74B81471CBE54EB005307FF /* keyboard.png in Resources */,
				C74B81C01CBF9FC6005307FF /* piano_f2.wav in Resources */,
				C74B819E1CBF9FC6005307FF /* piano_a5.wav in Resources */,
				C7B074B01CC7513D008E6C9A /* wkey14.png in Resources */,
				C74B81A01CBF9FC6005307FF /* piano_a7.wav in Resources */,
				C74B81C81CBF9FC6005307FF /* piano_g3.wav in Resources */,
				C74B81201CBE335C005307FF /* Main.storyboard in Resources */,
				C7B074CF1CC75441008E6C9A /* wkey4_highlight.png in Resources */,
			);
			runOnlyForDeploymentPostprocessing = 0;
		};
/* End PBXResourcesBuildPhase section */

/* Begin PBXSourcesBuildPhase section */
		C74B810E1CBE335B005307FF /* Sources */ = {
			isa = PBXSourcesBuildPhase;
			buildActionMask = 2147483647;
			files = (
				C74B811A1CBE335C005307FF /* AppDelegate.m in Sources */,
				C74B81431CBE4325005307FF /* iKeyboardNormalModeViewController.m in Sources */,
				C74B81171CBE335C005307FF /* main.m in Sources */,
				C74B812E1CBE358F005307FF /* iKeyboardMenuViewController.m in Sources */,
			);
			runOnlyForDeploymentPostprocessing = 0;
		};
/* End PBXSourcesBuildPhase section */

/* Begin PBXVariantGroup section */
		C74B811E1CBE335C005307FF /* Main.storyboard */ = {
			isa = PBXVariantGroup;
			children = (
				C74B811F1CBE335C005307FF /* Base */,
			);
			name = Main.storyboard;
			sourceTree = "<group>";
		};
		C74B81231CBE335C005307FF /* LaunchScreen.storyboard */ = {
			isa = PBXVariantGroup;
			children = (
				C74B81241CBE335C005307FF /* Base */,
			);
			name = LaunchScreen.storyboard;
			sourceTree = "<group>";
		};
/* End PBXVariantGroup section */

/* Begin XCBuildConfiguration section */
		C74B81271CBE335C005307FF /* Debug */ = {
			isa = XCBuildConfiguration;
			buildSettings = {
				ALWAYS_SEARCH_USER_PATHS = NO;
				CLANG_ANALYZER_NONNULL = YES;
				CLANG_CXX_LANGUAGE_STANDARD = "gnu++0x";
				CLANG_CXX_LIBRARY = "libc++";
				CLANG_ENABLE_MODULES = YES;
				CLANG_ENABLE_OBJC_ARC = YES;
				CLANG_WARN_BOOL_CONVERSION = YES;
				CLANG_WARN_CONSTANT_CONVERSION = YES;
				CLANG_WARN_DIRECT_OBJC_ISA_USAGE = YES_ERROR;
				CLANG_WARN_EMPTY_BODY = YES;
				CLANG_WARN_ENUM_CONVERSION = YES;
				CLANG_WARN_INT_CONVERSION = YES;
				CLANG_WARN_OBJC_ROOT_CLASS = YES_ERROR;
				CLANG_WARN_UNREACHABLE_CODE = YES;
				CLANG_WARN__DUPLICATE_METHOD_MATCH = YES;
				"CODE_SIGN_IDENTITY[sdk=iphoneos*]" = "iPhone Developer";
				COPY_PHASE_STRIP = NO;
				DEBUG_INFORMATION_FORMAT = dwarf;
				ENABLE_STRICT_OBJC_MSGSEND = YES;
				ENABLE_TESTABILITY = YES;
				GCC_C_LANGUAGE_STANDARD = gnu99;
				GCC_DYNAMIC_NO_PIC = NO;
				GCC_NO_COMMON_BLOCKS = YES;
				GCC_OPTIMIZATION_LEVEL = 0;
				GCC_PREPROCESSOR_DEFINITIONS = (
					"DEBUG=1",
					"$(inherited)",
				);
				GCC_WARN_64_TO_32_BIT_CONVERSION = YES;
				GCC_WARN_ABOUT_RETURN_TYPE = YES_ERROR;
				GCC_WARN_UNDECLARED_SELECTOR = YES;
				GCC_WARN_UNINITIALIZED_AUTOS = YES_AGGRESSIVE;
				GCC_WARN_UNUSED_FUNCTION = YES;
				GCC_WARN_UNUSED_VARIABLE = YES;
				IPHONEOS_DEPLOYMENT_TARGET = 9.3;
				MTL_ENABLE_DEBUG_INFO = YES;
				ONLY_ACTIVE_ARCH = YES;
				SDKROOT = iphoneos;
				TARGETED_DEVICE_FAMILY = "1,2";
			};
			name = Debug;
		};
		C74B81281CBE335C005307FF /* Release */ = {
			isa = XCBuildConfiguration;
			buildSettings = {
				ALWAYS_SEARCH_USER_PATHS = NO;
				CLANG_ANALYZER_NONNULL = YES;
				CLANG_CXX_LANGUAGE_STANDARD = "gnu++0x";
				CLANG_CXX_LIBRARY = "libc++";
				CLANG_ENABLE_MODULES = YES;
				CLANG_ENABLE_OBJC_ARC = YES;
				CLANG_WARN_BOOL_CONVERSION = YES;
				CLANG_WARN_CONSTANT_CONVERSION = YES;
				CLANG_WARN_DIRECT_OBJC_ISA_USAGE = YES_ERROR;
				CLANG_WARN_EMPTY_BODY = YES;
				CLANG_WARN_ENUM_CONVERSION = YES;
				CLANG_WARN_INT_CONVERSION = YES;
				CLANG_WARN_OBJC_ROOT_CLASS = YES_ERROR;
				CLANG_WARN_UNREACHABLE_CODE = YES;
				CLANG_WARN__DUPLICATE_METHOD_MATCH = YES;
				"CODE_SIGN_IDENTITY[sdk=iphoneos*]" = "iPhone Developer";
				COPY_PHASE_STRIP = NO;
				DEBUG_INFORMATION_FORMAT = "dwarf-with-dsym";
				ENABLE_NS_ASSERTIONS = NO;
				ENABLE_STRICT_OBJC_MSGSEND = YES;
				GCC_C_LANGUAGE_STANDARD = gnu99;
				GCC_NO_COMMON_BLOCKS = YES;
				GCC_WARN_64_TO_32_BIT_CONVERSION = YES;
				GCC_WARN_ABOUT_RETURN_TYPE = YES_ERROR;
				GCC_WARN_UNDECLARED_SELECTOR = YES;
				GCC_WARN_UNINITIALIZED_AUTOS = YES_AGGRESSIVE;
				GCC_WARN_UNUSED_FUNCTION = YES;
				GCC_WARN_UNUSED_VARIABLE = YES;
				IPHONEOS_DEPLOYMENT_TARGET = 9.3;
				MTL_ENABLE_DEBUG_INFO = NO;
				SDKROOT = iphoneos;
				TARGETED_DEVICE_FAMILY = "1,2";
				VALIDATE_PRODUCT = YES;
			};
			name = Release;
		};
		C74B812A1CBE335C005307FF /* Debug */ = {
			isa = XCBuildConfiguration;
			buildSettings = {
				ASSETCATALOG_COMPILER_APPICON_NAME = AppIcon;
				CODE_SIGN_IDENTITY = "iPhone Developer";
				"CODE_SIGN_IDENTITY[sdk=iphoneos*]" = "iPhone Developer";
				INFOPLIST_FILE = iKeyboard/Info.plist;
				LD_RUNPATH_SEARCH_PATHS = "$(inherited) @executable_path/Frameworks";
				PRODUCT_BUNDLE_IDENTIFIER = com.example.iKeyboard;
				PRODUCT_NAME = "$(TARGET_NAME)";
				PROVISIONING_PROFILE = "";
				USER_HEADER_SEARCH_PATHS = "$(SRCROOT)/Finch/**";
			};
			name = Debug;
		};
		C74B812B1CBE335C005307FF /* Release */ = {
			isa = XCBuildConfiguration;
			buildSettings = {
				ASSETCATALOG_COMPILER_APPICON_NAME = AppIcon;
				CODE_SIGN_IDENTITY = "iPhone Developer";
				"CODE_SIGN_IDENTITY[sdk=iphoneos*]" = "iPhone Developer";
				INFOPLIST_FILE = iKeyboard/Info.plist;
				LD_RUNPATH_SEARCH_PATHS = "$(inherited) @executable_path/Frameworks";
				PRODUCT_BUNDLE_IDENTIFIER = com.example.iKeyboard;
				PRODUCT_NAME = "$(TARGET_NAME)";
				PROVISIONING_PROFILE = "";
				USER_HEADER_SEARCH_PATHS = "$(SRCROOT)/Finch/**";
			};
			name = Release;
		};
/* End XCBuildConfiguration section */

/* Begin XCConfigurationList section */
		C74B810D1CBE335B005307FF /* Build configuration list for PBXProject "iKeyboard" */ = {
			isa = XCConfigurationList;
			buildConfigurations = (
				C74B81271CBE335C005307FF /* Debug */,
				C74B81281CBE335C005307FF /* Release */,
			);
			defaultConfigurationIsVisible = 0;
			defaultConfigurationName = Release;
		};
		C74B81291CBE335C005307FF /* Build configuration list for PBXNativeTarget "iKeyboard" */ = {
			isa = XCConfigurationList;
			buildConfigurations = (
				C74B812A1CBE335C005307FF /* Debug */,
				C74B812B1CBE335C005307FF /* Release */,
			);
			defaultConfigurationIsVisible = 0;
			defaultConfigurationName = Release;
		};
/* End XCConfigurationList section */
	};
	rootObject = C74B810A1CBE335B005307FF /* Project object */;
}
