// !$*UTF8*$!
{
	archiveVersion = 1;
	classes = {
	};
	objectVersion = 46;
	objects = {

/* Begin PBXBuildFile section */
		C74B81171CBE335C005307FF /* main.m in Sources */ = {isa = PBXBuildFile; fileRef = C74B81161CBE335C005307FF /* main.m */; };
		C74B811A1CBE335C005307FF /* AppDelegate.m in Sources */ = {isa = PBXBuildFile; fileRef = C74B81191CBE335C005307FF /* AppDelegate.m */; };
		C74B81201CBE335C005307FF /* Main.storyboard in Resources */ = {isa = PBXBuildFile; fileRef = C74B811E1CBE335C005307FF /* Main.storyboard */; };
		C74B81221CBE335C005307FF /* Assets.xcassets in Resources */ = {isa = PBXBuildFile; fileRef = C74B81211CBE335C005307FF /* Assets.xcassets */; };
		C74B81251CBE335C005307FF /* LaunchScreen.storyboard in Resources */ = {isa = PBXBuildFile; fileRef = C74B81231CBE335C005307FF /* LaunchScreen.storyboard */; };
		C74B812E1CBE358F005307FF /* iKeyboardMenuViewController.m in Sources */ = {isa = PBXBuildFile; fileRef = C74B812D1CBE358F005307FF /* iKeyboardMenuViewController.m */; };
		C74B81321CBE3A0D005307FF /* part_of_keyboard.png in Resources */ = {isa = PBXBuildFile; fileRef = C74B81311CBE3A0D005307FF /* part_of_keyboard.png */; };
		C74B81431CBE4325005307FF /* iKeyboardNormalModeViewController.m in Sources */ = {isa = PBXBuildFile; fileRef = C74B81421CBE4325005307FF /* iKeyboardNormalModeViewController.m */; };
		C74B81471CBE54EB005307FF /* keyboard.png in Resources */ = {isa = PBXBuildFile; fileRef = C74B81461CBE54EB005307FF /* keyboard.png */; };
		C74B814C1CBF6B9B005307FF /* rightArrow.png in Resources */ = {isa = PBXBuildFile; fileRef = C74B814A1CBF6B9B005307FF /* rightArrow.png */; };
		C74B814D1CBF6B9B005307FF /* leftArrow.png in Resources */ = {isa = PBXBuildFile; fileRef = C74B814B1CBF6B9B005307FF /* leftArrow.png */; };
		C74DCDE81CCA415C006D5F4D /* bkey.png in Resources */ = {isa = PBXBuildFile; fileRef = C74DCDE61CCA415C006D5F4D /* bkey.png */; };
		C74DCDE91CCA415C006D5F4D /* frame.png in Resources */ = {isa = PBXBuildFile; fileRef = C74DCDE71CCA415C006D5F4D /* frame.png */; };
		C74DCDEF1CCB9B74006D5F4D /* tablature.jpg in Resources */ = {isa = PBXBuildFile; fileRef = C74DCDEE1CCB9B74006D5F4D /* tablature.jpg */; };
		C74DCDF11CCBA178006D5F4D /* bkey_highlight.png in Resources */ = {isa = PBXBuildFile; fileRef = C74DCDF01CCBA178006D5F4D /* bkey_highlight.png */; };
		C74DCE501CCBCAEA006D5F4D /* piano_A1#.mp3 in Resources */ = {isa = PBXBuildFile; fileRef = C74DCDF61CCBCAEA006D5F4D /* piano_A1#.mp3 */; };
		C74DCE511CCBCAEA006D5F4D /* piano_A1.mp3 in Resources */ = {isa = PBXBuildFile; fileRef = C74DCDF71CCBCAEA006D5F4D /* piano_A1.mp3 */; };
		C74DCE521CCBCAEA006D5F4D /* piano_B1.mp3 in Resources */ = {isa = PBXBuildFile; fileRef = C74DCDF81CCBCAEA006D5F4D /* piano_B1.mp3 */; };
		C74DCE531CCBCAEA006D5F4D /* piano_C1#.mp3 in Resources */ = {isa = PBXBuildFile; fileRef = C74DCDF91CCBCAEA006D5F4D /* piano_C1#.mp3 */; };
		C74DCE541CCBCAEA006D5F4D /* piano_C1.mp3 in Resources */ = {isa = PBXBuildFile; fileRef = C74DCDFA1CCBCAEA006D5F4D /* piano_C1.mp3 */; };
		C74DCE551CCBCAEA006D5F4D /* piano_D1#.mp3 in Resources */ = {isa = PBXBuildFile; fileRef = C74DCDFB1CCBCAEA006D5F4D /* piano_D1#.mp3 */; };
		C74DCE561CCBCAEA006D5F4D /* piano_D1.mp3 in Resources */ = {isa = PBXBuildFile; fileRef = C74DCDFC1CCBCAEA006D5F4D /* piano_D1.mp3 */; };
		C74DCE571CCBCAEA006D5F4D /* piano_E1.mp3 in Resources */ = {isa = PBXBuildFile; fileRef = C74DCDFD1CCBCAEA006D5F4D /* piano_E1.mp3 */; };
		C74DCE581CCBCAEA006D5F4D /* piano_F1#.mp3 in Resources */ = {isa = PBXBuildFile; fileRef = C74DCDFE1CCBCAEA006D5F4D /* piano_F1#.mp3 */; };
		C74DCE591CCBCAEA006D5F4D /* piano_F1.mp3 in Resources */ = {isa = PBXBuildFile; fileRef = C74DCDFF1CCBCAEA006D5F4D /* piano_F1.mp3 */; };
		C74DCE5A1CCBCAEA006D5F4D /* piano_G1#.mp3 in Resources */ = {isa = PBXBuildFile; fileRef = C74DCE001CCBCAEA006D5F4D /* piano_G1#.mp3 */; };
		C74DCE5B1CCBCAEA006D5F4D /* piano_G1.mp3 in Resources */ = {isa = PBXBuildFile; fileRef = C74DCE011CCBCAEA006D5F4D /* piano_G1.mp3 */; };
		C74DCE5C1CCBCAEA006D5F4D /* piano_A2#.mp3 in Resources */ = {isa = PBXBuildFile; fileRef = C74DCE031CCBCAEA006D5F4D /* piano_A2#.mp3 */; };
		C74DCE5D1CCBCAEA006D5F4D /* piano_A2.mp3 in Resources */ = {isa = PBXBuildFile; fileRef = C74DCE041CCBCAEA006D5F4D /* piano_A2.mp3 */; };
		C74DCE5E1CCBCAEA006D5F4D /* piano_B2.mp3 in Resources */ = {isa = PBXBuildFile; fileRef = C74DCE051CCBCAEA006D5F4D /* piano_B2.mp3 */; };
		C74DCE5F1CCBCAEA006D5F4D /* piano_C2#.mp3 in Resources */ = {isa = PBXBuildFile; fileRef = C74DCE061CCBCAEA006D5F4D /* piano_C2#.mp3 */; };
		C74DCE601CCBCAEA006D5F4D /* piano_C2.mp3 in Resources */ = {isa = PBXBuildFile; fileRef = C74DCE071CCBCAEA006D5F4D /* piano_C2.mp3 */; };
		C74DCE611CCBCAEA006D5F4D /* piano_D2#.mp3 in Resources */ = {isa = PBXBuildFile; fileRef = C74DCE081CCBCAEA006D5F4D /* piano_D2#.mp3 */; };
		C74DCE621CCBCAEA006D5F4D /* piano_D2.mp3 in Resources */ = {isa = PBXBuildFile; fileRef = C74DCE091CCBCAEA006D5F4D /* piano_D2.mp3 */; };
		C74DCE631CCBCAEA006D5F4D /* piano_E2.mp3 in Resources */ = {isa = PBXBuildFile; fileRef = C74DCE0A1CCBCAEA006D5F4D /* piano_E2.mp3 */; };
		C74DCE641CCBCAEA006D5F4D /* piano_F2#.mp3 in Resources */ = {isa = PBXBuildFile; fileRef = C74DCE0B1CCBCAEA006D5F4D /* piano_F2#.mp3 */; };
		C74DCE651CCBCAEA006D5F4D /* piano_F2.mp3 in Resources */ = {isa = PBXBuildFile; fileRef = C74DCE0C1CCBCAEA006D5F4D /* piano_F2.mp3 */; };
		C74DCE661CCBCAEA006D5F4D /* piano_G2#.mp3 in Resources */ = {isa = PBXBuildFile; fileRef = C74DCE0D1CCBCAEA006D5F4D /* piano_G2#.mp3 */; };
		C74DCE671CCBCAEA006D5F4D /* piano_G2.mp3 in Resources */ = {isa = PBXBuildFile; fileRef = C74DCE0E1CCBCAEA006D5F4D /* piano_G2.mp3 */; };
		C74DCE681CCBCAEA006D5F4D /* piano_A3#.mp3 in Resources */ = {isa = PBXBuildFile; fileRef = C74DCE101CCBCAEA006D5F4D /* piano_A3#.mp3 */; };
		C74DCE691CCBCAEA006D5F4D /* piano_A3.mp3 in Resources */ = {isa = PBXBuildFile; fileRef = C74DCE111CCBCAEA006D5F4D /* piano_A3.mp3 */; };
		C74DCE6A1CCBCAEA006D5F4D /* piano_B3.mp3 in Resources */ = {isa = PBXBuildFile; fileRef = C74DCE121CCBCAEA006D5F4D /* piano_B3.mp3 */; };
		C74DCE6B1CCBCAEA006D5F4D /* piano_C3#.mp3 in Resources */ = {isa = PBXBuildFile; fileRef = C74DCE131CCBCAEA006D5F4D /* piano_C3#.mp3 */; };
		C74DCE6C1CCBCAEA006D5F4D /* piano_C3.mp3 in Resources */ = {isa = PBXBuildFile; fileRef = C74DCE141CCBCAEA006D5F4D /* piano_C3.mp3 */; };
		C74DCE6D1CCBCAEA006D5F4D /* piano_D3#.mp3 in Resources */ = {isa = PBXBuildFile; fileRef = C74DCE151CCBCAEA006D5F4D /* piano_D3#.mp3 */; };
		C74DCE6E1CCBCAEA006D5F4D /* piano_D3.mp3 in Resources */ = {isa = PBXBuildFile; fileRef = C74DCE161CCBCAEA006D5F4D /* piano_D3.mp3 */; };
		C74DCE6F1CCBCAEA006D5F4D /* piano_E3.mp3 in Resources */ = {isa = PBXBuildFile; fileRef = C74DCE171CCBCAEA006D5F4D /* piano_E3.mp3 */; };
		C74DCE701CCBCAEA006D5F4D /* piano_F3#.mp3 in Resources */ = {isa = PBXBuildFile; fileRef = C74DCE181CCBCAEA006D5F4D /* piano_F3#.mp3 */; };
		C74DCE711CCBCAEA006D5F4D /* piano_F3.mp3 in Resources */ = {isa = PBXBuildFile; fileRef = C74DCE191CCBCAEA006D5F4D /* piano_F3.mp3 */; };
		C74DCE721CCBCAEA006D5F4D /* piano_G3#.mp3 in Resources */ = {isa = PBXBuildFile; fileRef = C74DCE1A1CCBCAEA006D5F4D /* piano_G3#.mp3 */; };
		C74DCE731CCBCAEA006D5F4D /* piano_G3.mp3 in Resources */ = {isa = PBXBuildFile; fileRef = C74DCE1B1CCBCAEA006D5F4D /* piano_G3.mp3 */; };
		C74DCE741CCBCAEA006D5F4D /* piano_A4#.mp3 in Resources */ = {isa = PBXBuildFile; fileRef = C74DCE1D1CCBCAEA006D5F4D /* piano_A4#.mp3 */; };
		C74DCE751CCBCAEA006D5F4D /* piano_A4.mp3 in Resources */ = {isa = PBXBuildFile; fileRef = C74DCE1E1CCBCAEA006D5F4D /* piano_A4.mp3 */; };
		C74DCE761CCBCAEA006D5F4D /* piano_B4.mp3 in Resources */ = {isa = PBXBuildFile; fileRef = C74DCE1F1CCBCAEA006D5F4D /* piano_B4.mp3 */; };
		C74DCE771CCBCAEA006D5F4D /* piano_C4#.mp3 in Resources */ = {isa = PBXBuildFile; fileRef = C74DCE201CCBCAEA006D5F4D /* piano_C4#.mp3 */; };
		C74DCE781CCBCAEA006D5F4D /* piano_C4.mp3 in Resources */ = {isa = PBXBuildFile; fileRef = C74DCE211CCBCAEA006D5F4D /* piano_C4.mp3 */; };
		C74DCE791CCBCAEA006D5F4D /* piano_D4#.mp3 in Resources */ = {isa = PBXBuildFile; fileRef = C74DCE221CCBCAEA006D5F4D /* piano_D4#.mp3 */; };
		C74DCE7A1CCBCAEA006D5F4D /* piano_D4.mp3 in Resources */ = {isa = PBXBuildFile; fileRef = C74DCE231CCBCAEA006D5F4D /* piano_D4.mp3 */; };
		C74DCE7B1CCBCAEA006D5F4D /* piano_E4.mp3 in Resources */ = {isa = PBXBuildFile; fileRef = C74DCE241CCBCAEA006D5F4D /* piano_E4.mp3 */; };
		C74DCE7C1CCBCAEA006D5F4D /* piano_F4#.mp3 in Resources */ = {isa = PBXBuildFile; fileRef = C74DCE251CCBCAEA006D5F4D /* piano_F4#.mp3 */; };
		C74DCE7D1CCBCAEA006D5F4D /* piano_F4.mp3 in Resources */ = {isa = PBXBuildFile; fileRef = C74DCE261CCBCAEA006D5F4D /* piano_F4.mp3 */; };
		C74DCE7E1CCBCAEA006D5F4D /* piano_G4#.mp3 in Resources */ = {isa = PBXBuildFile; fileRef = C74DCE271CCBCAEA006D5F4D /* piano_G4#.mp3 */; };
		C74DCE7F1CCBCAEA006D5F4D /* piano_G4.mp3 in Resources */ = {isa = PBXBuildFile; fileRef = C74DCE281CCBCAEA006D5F4D /* piano_G4.mp3 */; };
		C74DCE801CCBCAEA006D5F4D /* piano_A5#.mp3 in Resources */ = {isa = PBXBuildFile; fileRef = C74DCE2A1CCBCAEA006D5F4D /* piano_A5#.mp3 */; };
		C74DCE811CCBCAEA006D5F4D /* piano_A5.mp3 in Resources */ = {isa = PBXBuildFile; fileRef = C74DCE2B1CCBCAEA006D5F4D /* piano_A5.mp3 */; };
		C74DCE821CCBCAEA006D5F4D /* piano_B5.mp3 in Resources */ = {isa = PBXBuildFile; fileRef = C74DCE2C1CCBCAEA006D5F4D /* piano_B5.mp3 */; };
		C74DCE831CCBCAEA006D5F4D /* piano_C5#.mp3 in Resources */ = {isa = PBXBuildFile; fileRef = C74DCE2D1CCBCAEA006D5F4D /* piano_C5#.mp3 */; };
		C74DCE841CCBCAEA006D5F4D /* piano_C5.mp3 in Resources */ = {isa = PBXBuildFile; fileRef = C74DCE2E1CCBCAEA006D5F4D /* piano_C5.mp3 */; };
		C74DCE851CCBCAEA006D5F4D /* piano_D5#.mp3 in Resources */ = {isa = PBXBuildFile; fileRef = C74DCE2F1CCBCAEA006D5F4D /* piano_D5#.mp3 */; };
		C74DCE861CCBCAEA006D5F4D /* piano_D5.mp3 in Resources */ = {isa = PBXBuildFile; fileRef = C74DCE301CCBCAEA006D5F4D /* piano_D5.mp3 */; };
		C74DCE871CCBCAEA006D5F4D /* piano_E5.mp3 in Resources */ = {isa = PBXBuildFile; fileRef = C74DCE311CCBCAEA006D5F4D /* piano_E5.mp3 */; };
		C74DCE881CCBCAEA006D5F4D /* piano_F5#.mp3 in Resources */ = {isa = PBXBuildFile; fileRef = C74DCE321CCBCAEA006D5F4D /* piano_F5#.mp3 */; };
		C74DCE891CCBCAEA006D5F4D /* piano_F5.mp3 in Resources */ = {isa = PBXBuildFile; fileRef = C74DCE331CCBCAEA006D5F4D /* piano_F5.mp3 */; };
		C74DCE8A1CCBCAEA006D5F4D /* piano_G5#.mp3 in Resources */ = {isa = PBXBuildFile; fileRef = C74DCE341CCBCAEA006D5F4D /* piano_G5#.mp3 */; };
		C74DCE8B1CCBCAEA006D5F4D /* piano_G5.mp3 in Resources */ = {isa = PBXBuildFile; fileRef = C74DCE351CCBCAEA006D5F4D /* piano_G5.mp3 */; };
		C74DCE8C1CCBCAEA006D5F4D /* piano_A6#.mp3 in Resources */ = {isa = PBXBuildFile; fileRef = C74DCE371CCBCAEA006D5F4D /* piano_A6#.mp3 */; };
		C74DCE8D1CCBCAEA006D5F4D /* piano_A6.mp3 in Resources */ = {isa = PBXBuildFile; fileRef = C74DCE381CCBCAEA006D5F4D /* piano_A6.mp3 */; };
		C74DCE8E1CCBCAEA006D5F4D /* piano_B6.mp3 in Resources */ = {isa = PBXBuildFile; fileRef = C74DCE391CCBCAEA006D5F4D /* piano_B6.mp3 */; };
		C74DCE8F1CCBCAEA006D5F4D /* piano_C6#.mp3 in Resources */ = {isa = PBXBuildFile; fileRef = C74DCE3A1CCBCAEA006D5F4D /* piano_C6#.mp3 */; };
		C74DCE901CCBCAEA006D5F4D /* piano_C6.mp3 in Resources */ = {isa = PBXBuildFile; fileRef = C74DCE3B1CCBCAEA006D5F4D /* piano_C6.mp3 */; };
		C74DCE911CCBCAEA006D5F4D /* piano_D6#.mp3 in Resources */ = {isa = PBXBuildFile; fileRef = C74DCE3C1CCBCAEA006D5F4D /* piano_D6#.mp3 */; };
		C74DCE921CCBCAEA006D5F4D /* piano_D6.mp3 in Resources */ = {isa = PBXBuildFile; fileRef = C74DCE3D1CCBCAEA006D5F4D /* piano_D6.mp3 */; };
		C74DCE931CCBCAEA006D5F4D /* piano_E6.mp3 in Resources */ = {isa = PBXBuildFile; fileRef = C74DCE3E1CCBCAEA006D5F4D /* piano_E6.mp3 */; };
		C74DCE941CCBCAEA006D5F4D /* piano_F6#.mp3 in Resources */ = {isa = PBXBuildFile; fileRef = C74DCE3F1CCBCAEA006D5F4D /* piano_F6#.mp3 */; };
		C74DCE951CCBCAEA006D5F4D /* piano_F6.mp3 in Resources */ = {isa = PBXBuildFile; fileRef = C74DCE401CCBCAEA006D5F4D /* piano_F6.mp3 */; };
		C74DCE961CCBCAEA006D5F4D /* piano_G6#.mp3 in Resources */ = {isa = PBXBuildFile; fileRef = C74DCE411CCBCAEA006D5F4D /* piano_G6#.mp3 */; };
		C74DCE971CCBCAEA006D5F4D /* piano_G6.mp3 in Resources */ = {isa = PBXBuildFile; fileRef = C74DCE421CCBCAEA006D5F4D /* piano_G6.mp3 */; };
		C74DCE981CCBCAEA006D5F4D /* piano_A7#.mp3 in Resources */ = {isa = PBXBuildFile; fileRef = C74DCE441CCBCAEA006D5F4D /* piano_A7#.mp3 */; };
		C74DCE991CCBCAEA006D5F4D /* piano_A7.mp3 in Resources */ = {isa = PBXBuildFile; fileRef = C74DCE451CCBCAEA006D5F4D /* piano_A7.mp3 */; };
		C74DCE9A1CCBCAEA006D5F4D /* piano_B7.mp3 in Resources */ = {isa = PBXBuildFile; fileRef = C74DCE461CCBCAEA006D5F4D /* piano_B7.mp3 */; };
		C74DCE9B1CCBCAEA006D5F4D /* piano_C7#.mp3 in Resources */ = {isa = PBXBuildFile; fileRef = C74DCE471CCBCAEA006D5F4D /* piano_C7#.mp3 */; };
		C74DCE9C1CCBCAEA006D5F4D /* piano_C7.mp3 in Resources */ = {isa = PBXBuildFile; fileRef = C74DCE481CCBCAEA006D5F4D /* piano_C7.mp3 */; };
		C74DCE9D1CCBCAEA006D5F4D /* piano_D7#.mp3 in Resources */ = {isa = PBXBuildFile; fileRef = C74DCE491CCBCAEA006D5F4D /* piano_D7#.mp3 */; };
		C74DCE9E1CCBCAEA006D5F4D /* piano_D7.mp3 in Resources */ = {isa = PBXBuildFile; fileRef = C74DCE4A1CCBCAEA006D5F4D /* piano_D7.mp3 */; };
		C74DCE9F1CCBCAEA006D5F4D /* piano_E7.mp3 in Resources */ = {isa = PBXBuildFile; fileRef = C74DCE4B1CCBCAEA006D5F4D /* piano_E7.mp3 */; };
		C74DCEA01CCBCAEA006D5F4D /* piano_F7#.mp3 in Resources */ = {isa = PBXBuildFile; fileRef = C74DCE4C1CCBCAEA006D5F4D /* piano_F7#.mp3 */; };
		C74DCEA11CCBCAEA006D5F4D /* piano_F7.mp3 in Resources */ = {isa = PBXBuildFile; fileRef = C74DCE4D1CCBCAEA006D5F4D /* piano_F7.mp3 */; };
		C74DCEA21CCBCAEA006D5F4D /* piano_G7#.mp3 in Resources */ = {isa = PBXBuildFile; fileRef = C74DCE4E1CCBCAEA006D5F4D /* piano_G7#.mp3 */; };
		C74DCEA31CCBCAEA006D5F4D /* piano_G7.mp3 in Resources */ = {isa = PBXBuildFile; fileRef = C74DCE4F1CCBCAEA006D5F4D /* piano_G7.mp3 */; };
		C7B074A01CC741C5008E6C9A /* wkey7.png in Resources */ = {isa = PBXBuildFile; fileRef = C7B074971CC741C5008E6C9A /* wkey7.png */; };
		C7B074A11CC741C5008E6C9A /* wkey6.png in Resources */ = {isa = PBXBuildFile; fileRef = C7B074981CC741C5008E6C9A /* wkey6.png */; };
		C7B074A21CC741C5008E6C9A /* wkey5.png in Resources */ = {isa = PBXBuildFile; fileRef = C7B074991CC741C5008E6C9A /* wkey5.png */; };
		C7B074A31CC741C5008E6C9A /* wkey4.png in Resources */ = {isa = PBXBuildFile; fileRef = C7B0749A1CC741C5008E6C9A /* wkey4.png */; };
		C7B074A41CC741C5008E6C9A /* wkey3.png in Resources */ = {isa = PBXBuildFile; fileRef = C7B0749B1CC741C5008E6C9A /* wkey3.png */; };
		C7B074A51CC741C5008E6C9A /* wkey2.png in Resources */ = {isa = PBXBuildFile; fileRef = C7B0749C1CC741C5008E6C9A /* wkey2.png */; };
		C7B074A61CC741C5008E6C9A /* wkey1.png in Resources */ = {isa = PBXBuildFile; fileRef = C7B0749D1CC741C5008E6C9A /* wkey1.png */; };
		C7B074A71CC741C5008E6C9A /* piano_outline.png in Resources */ = {isa = PBXBuildFile; fileRef = C7B0749E1CC741C5008E6C9A /* piano_outline.png */; };
		C7B074A81CC741C5008E6C9A /* blueToothIcon.png in Resources */ = {isa = PBXBuildFile; fileRef = C7B0749F1CC741C5008E6C9A /* blueToothIcon.png */; };
		C7B074B01CC7513D008E6C9A /* wkey14.png in Resources */ = {isa = PBXBuildFile; fileRef = C7B074A91CC7513D008E6C9A /* wkey14.png */; };
		C7B074B11CC7513D008E6C9A /* wkey13.png in Resources */ = {isa = PBXBuildFile; fileRef = C7B074AA1CC7513D008E6C9A /* wkey13.png */; };
		C7B074B21CC7513D008E6C9A /* wkey12.png in Resources */ = {isa = PBXBuildFile; fileRef = C7B074AB1CC7513D008E6C9A /* wkey12.png */; };
		C7B074B31CC7513D008E6C9A /* wkey11.png in Resources */ = {isa = PBXBuildFile; fileRef = C7B074AC1CC7513D008E6C9A /* wkey11.png */; };
		C7B074B41CC7513D008E6C9A /* wkey10.png in Resources */ = {isa = PBXBuildFile; fileRef = C7B074AD1CC7513D008E6C9A /* wkey10.png */; };
		C7B074B51CC7513D008E6C9A /* wkey9.png in Resources */ = {isa = PBXBuildFile; fileRef = C7B074AE1CC7513D008E6C9A /* wkey9.png */; };
		C7B074B61CC7513D008E6C9A /* wkey8.png in Resources */ = {isa = PBXBuildFile; fileRef = C7B074AF1CC7513D008E6C9A /* wkey8.png */; };
		C7B074C51CC75441008E6C9A /* wkey14_highlight.png in Resources */ = {isa = PBXBuildFile; fileRef = C7B074B71CC75441008E6C9A /* wkey14_highlight.png */; };
		C7B074C61CC75441008E6C9A /* wkey13_highlight.png in Resources */ = {isa = PBXBuildFile; fileRef = C7B074B81CC75441008E6C9A /* wkey13_highlight.png */; };
		C7B074C71CC75441008E6C9A /* wkey12_highlight.png in Resources */ = {isa = PBXBuildFile; fileRef = C7B074B91CC75441008E6C9A /* wkey12_highlight.png */; };
		C7B074C81CC75441008E6C9A /* wkey11_highlight.png in Resources */ = {isa = PBXBuildFile; fileRef = C7B074BA1CC75441008E6C9A /* wkey11_highlight.png */; };
		C7B074C91CC75441008E6C9A /* wkey10_highlight.png in Resources */ = {isa = PBXBuildFile; fileRef = C7B074BB1CC75441008E6C9A /* wkey10_highlight.png */; };
		C7B074CA1CC75441008E6C9A /* wkey9_highlight.png in Resources */ = {isa = PBXBuildFile; fileRef = C7B074BC1CC75441008E6C9A /* wkey9_highlight.png */; };
		C7B074CB1CC75441008E6C9A /* wkey8_highlight.png in Resources */ = {isa = PBXBuildFile; fileRef = C7B074BD1CC75441008E6C9A /* wkey8_highlight.png */; };
		C7B074CC1CC75441008E6C9A /* wkey7_highlight.png in Resources */ = {isa = PBXBuildFile; fileRef = C7B074BE1CC75441008E6C9A /* wkey7_highlight.png */; };
		C7B074CD1CC75441008E6C9A /* wkey6_highlight.png in Resources */ = {isa = PBXBuildFile; fileRef = C7B074BF1CC75441008E6C9A /* wkey6_highlight.png */; };
		C7B074CE1CC75441008E6C9A /* wkey5_highlight.png in Resources */ = {isa = PBXBuildFile; fileRef = C7B074C01CC75441008E6C9A /* wkey5_highlight.png */; };
		C7B074CF1CC75441008E6C9A /* wkey4_highlight.png in Resources */ = {isa = PBXBuildFile; fileRef = C7B074C11CC75441008E6C9A /* wkey4_highlight.png */; };
		C7B074D01CC75441008E6C9A /* wkey3_highlight.png in Resources */ = {isa = PBXBuildFile; fileRef = C7B074C21CC75441008E6C9A /* wkey3_highlight.png */; };
		C7B074D11CC75441008E6C9A /* wkey2_highlight.png in Resources */ = {isa = PBXBuildFile; fileRef = C7B074C31CC75441008E6C9A /* wkey2_highlight.png */; };
		C7B074D21CC75441008E6C9A /* wkey1_highlight.png in Resources */ = {isa = PBXBuildFile; fileRef = C7B074C41CC75441008E6C9A /* wkey1_highlight.png */; };
		C7B074D61CC8B984008E6C9A /* guitar_outline.png in Resources */ = {isa = PBXBuildFile; fileRef = C7B074D51CC8B984008E6C9A /* guitar_outline.png */; };
		C7B074D81CC8C69F008E6C9A /* violin_outline.png in Resources */ = {isa = PBXBuildFile; fileRef = C7B074D71CC8C69F008E6C9A /* violin_outline.png */; };
/* End PBXBuildFile section */

/* Begin PBXFileReference section */
		C74B81121CBE335B005307FF /* iKeyboard.app */ = {isa = PBXFileReference; explicitFileType = wrapper.application; includeInIndex = 0; path = iKeyboard.app; sourceTree = BUILT_PRODUCTS_DIR; };
		C74B81161CBE335C005307FF /* main.m */ = {isa = PBXFileReference; lastKnownFileType = sourcecode.c.objc; path = main.m; sourceTree = "<group>"; };
		C74B81181CBE335C005307FF /* AppDelegate.h */ = {isa = PBXFileReference; lastKnownFileType = sourcecode.c.h; path = AppDelegate.h; sourceTree = "<group>"; };
		C74B81191CBE335C005307FF /* AppDelegate.m */ = {isa = PBXFileReference; lastKnownFileType = sourcecode.c.objc; path = AppDelegate.m; sourceTree = "<group>"; };
		C74B811F1CBE335C005307FF /* Base */ = {isa = PBXFileReference; lastKnownFileType = file.storyboard; name = Base; path = Base.lproj/Main.storyboard; sourceTree = "<group>"; };
		C74B81211CBE335C005307FF /* Assets.xcassets */ = {isa = PBXFileReference; lastKnownFileType = folder.assetcatalog; path = Assets.xcassets; sourceTree = "<group>"; };
		C74B81241CBE335C005307FF /* Base */ = {isa = PBXFileReference; lastKnownFileType = file.storyboard; name = Base; path = Base.lproj/LaunchScreen.storyboard; sourceTree = "<group>"; };
		C74B81261CBE335C005307FF /* Info.plist */ = {isa = PBXFileReference; lastKnownFileType = text.plist.xml; path = Info.plist; sourceTree = "<group>"; };
		C74B812C1CBE358F005307FF /* iKeyboardMenuViewController.h */ = {isa = PBXFileReference; fileEncoding = 4; lastKnownFileType = sourcecode.c.h; path = iKeyboardMenuViewController.h; sourceTree = "<group>"; };
		C74B812D1CBE358F005307FF /* iKeyboardMenuViewController.m */ = {isa = PBXFileReference; fileEncoding = 4; lastKnownFileType = sourcecode.c.objc; path = iKeyboardMenuViewController.m; sourceTree = "<group>"; };
		C74B81311CBE3A0D005307FF /* part_of_keyboard.png */ = {isa = PBXFileReference; lastKnownFileType = image.png; path = part_of_keyboard.png; sourceTree = "<group>"; };
		C74B81411CBE4325005307FF /* iKeyboardNormalModeViewController.h */ = {isa = PBXFileReference; fileEncoding = 4; lastKnownFileType = sourcecode.c.h; path = iKeyboardNormalModeViewController.h; sourceTree = "<group>"; };
		C74B81421CBE4325005307FF /* iKeyboardNormalModeViewController.m */ = {isa = PBXFileReference; fileEncoding = 4; lastKnownFileType = sourcecode.c.objc; path = iKeyboardNormalModeViewController.m; sourceTree = "<group>"; };
		C74B81461CBE54EB005307FF /* keyboard.png */ = {isa = PBXFileReference; lastKnownFileType = image.png; path = keyboard.png; sourceTree = "<group>"; };
		C74B814A1CBF6B9B005307FF /* rightArrow.png */ = {isa = PBXFileReference; lastKnownFileType = image.png; path = rightArrow.png; sourceTree = "<group>"; };
		C74B814B1CBF6B9B005307FF /* leftArrow.png */ = {isa = PBXFileReference; lastKnownFileType = image.png; path = leftArrow.png; sourceTree = "<group>"; };
		C74DCDE61CCA415C006D5F4D /* bkey.png */ = {isa = PBXFileReference; lastKnownFileType = image.png; path = bkey.png; sourceTree = "<group>"; };
		C74DCDE71CCA415C006D5F4D /* frame.png */ = {isa = PBXFileReference; lastKnownFileType = image.png; path = frame.png; sourceTree = "<group>"; };
		C74DCDEE1CCB9B74006D5F4D /* tablature.jpg */ = {isa = PBXFileReference; lastKnownFileType = image.jpeg; path = tablature.jpg; sourceTree = "<group>"; };
		C74DCDF01CCBA178006D5F4D /* bkey_highlight.png */ = {isa = PBXFileReference; lastKnownFileType = image.png; path = bkey_highlight.png; sourceTree = "<group>"; };
		C74DCDF61CCBCAEA006D5F4D /* piano_A1#.mp3 */ = {isa = PBXFileReference; lastKnownFileType = audio.mp3; path = "piano_A1#.mp3"; sourceTree = "<group>"; };
		C74DCDF71CCBCAEA006D5F4D /* piano_A1.mp3 */ = {isa = PBXFileReference; lastKnownFileType = audio.mp3; path = piano_A1.mp3; sourceTree = "<group>"; };
		C74DCDF81CCBCAEA006D5F4D /* piano_B1.mp3 */ = {isa = PBXFileReference; lastKnownFileType = audio.mp3; path = piano_B1.mp3; sourceTree = "<group>"; };
		C74DCDF91CCBCAEA006D5F4D /* piano_C1#.mp3 */ = {isa = PBXFileReference; lastKnownFileType = audio.mp3; path = "piano_C1#.mp3"; sourceTree = "<group>"; };
		C74DCDFA1CCBCAEA006D5F4D /* piano_C1.mp3 */ = {isa = PBXFileReference; lastKnownFileType = audio.mp3; path = piano_C1.mp3; sourceTree = "<group>"; };
		C74DCDFB1CCBCAEA006D5F4D /* piano_D1#.mp3 */ = {isa = PBXFileReference; lastKnownFileType = audio.mp3; path = "piano_D1#.mp3"; sourceTree = "<group>"; };
		C74DCDFC1CCBCAEA006D5F4D /* piano_D1.mp3 */ = {isa = PBXFileReference; lastKnownFileType = audio.mp3; path = piano_D1.mp3; sourceTree = "<group>"; };
		C74DCDFD1CCBCAEA006D5F4D /* piano_E1.mp3 */ = {isa = PBXFileReference; lastKnownFileType = audio.mp3; path = piano_E1.mp3; sourceTree = "<group>"; };
		C74DCDFE1CCBCAEA006D5F4D /* piano_F1#.mp3 */ = {isa = PBXFileReference; lastKnownFileType = audio.mp3; path = "piano_F1#.mp3"; sourceTree = "<group>"; };
		C74DCDFF1CCBCAEA006D5F4D /* piano_F1.mp3 */ = {isa = PBXFileReference; lastKnownFileType = audio.mp3; path = piano_F1.mp3; sourceTree = "<group>"; };
		C74DCE001CCBCAEA006D5F4D /* piano_G1#.mp3 */ = {isa = PBXFileReference; lastKnownFileType = audio.mp3; path = "piano_G1#.mp3"; sourceTree = "<group>"; };
		C74DCE011CCBCAEA006D5F4D /* piano_G1.mp3 */ = {isa = PBXFileReference; lastKnownFileType = audio.mp3; path = piano_G1.mp3; sourceTree = "<group>"; };
		C74DCE031CCBCAEA006D5F4D /* piano_A2#.mp3 */ = {isa = PBXFileReference; lastKnownFileType = audio.mp3; path = "piano_A2#.mp3"; sourceTree = "<group>"; };
		C74DCE041CCBCAEA006D5F4D /* piano_A2.mp3 */ = {isa = PBXFileReference; lastKnownFileType = audio.mp3; path = piano_A2.mp3; sourceTree = "<group>"; };
		C74DCE051CCBCAEA006D5F4D /* piano_B2.mp3 */ = {isa = PBXFileReference; lastKnownFileType = audio.mp3; path = piano_B2.mp3; sourceTree = "<group>"; };
		C74DCE061CCBCAEA006D5F4D /* piano_C2#.mp3 */ = {isa = PBXFileReference; lastKnownFileType = audio.mp3; path = "piano_C2#.mp3"; sourceTree = "<group>"; };
		C74DCE071CCBCAEA006D5F4D /* piano_C2.mp3 */ = {isa = PBXFileReference; lastKnownFileType = audio.mp3; path = piano_C2.mp3; sourceTree = "<group>"; };
		C74DCE081CCBCAEA006D5F4D /* piano_D2#.mp3 */ = {isa = PBXFileReference; lastKnownFileType = audio.mp3; path = "piano_D2#.mp3"; sourceTree = "<group>"; };
		C74DCE091CCBCAEA006D5F4D /* piano_D2.mp3 */ = {isa = PBXFileReference; lastKnownFileType = audio.mp3; path = piano_D2.mp3; sourceTree = "<group>"; };
		C74DCE0A1CCBCAEA006D5F4D /* piano_E2.mp3 */ = {isa = PBXFileReference; lastKnownFileType = audio.mp3; path = piano_E2.mp3; sourceTree = "<group>"; };
		C74DCE0B1CCBCAEA006D5F4D /* piano_F2#.mp3 */ = {isa = PBXFileReference; lastKnownFileType = audio.mp3; path = "piano_F2#.mp3"; sourceTree = "<group>"; };
		C74DCE0C1CCBCAEA006D5F4D /* piano_F2.mp3 */ = {isa = PBXFileReference; lastKnownFileType = audio.mp3; path = piano_F2.mp3; sourceTree = "<group>"; };
		C74DCE0D1CCBCAEA006D5F4D /* piano_G2#.mp3 */ = {isa = PBXFileReference; lastKnownFileType = audio.mp3; path = "piano_G2#.mp3"; sourceTree = "<group>"; };
		C74DCE0E1CCBCAEA006D5F4D /* piano_G2.mp3 */ = {isa = PBXFileReference; lastKnownFileType = audio.mp3; path = piano_G2.mp3; sourceTree = "<group>"; };
		C74DCE101CCBCAEA006D5F4D /* piano_A3#.mp3 */ = {isa = PBXFileReference; lastKnownFileType = audio.mp3; path = "piano_A3#.mp3"; sourceTree = "<group>"; };
		C74DCE111CCBCAEA006D5F4D /* piano_A3.mp3 */ = {isa = PBXFileReference; lastKnownFileType = audio.mp3; path = piano_A3.mp3; sourceTree = "<group>"; };
		C74DCE121CCBCAEA006D5F4D /* piano_B3.mp3 */ = {isa = PBXFileReference; lastKnownFileType = audio.mp3; path = piano_B3.mp3; sourceTree = "<group>"; };
		C74DCE131CCBCAEA006D5F4D /* piano_C3#.mp3 */ = {isa = PBXFileReference; lastKnownFileType = audio.mp3; path = "piano_C3#.mp3"; sourceTree = "<group>"; };
		C74DCE141CCBCAEA006D5F4D /* piano_C3.mp3 */ = {isa = PBXFileReference; lastKnownFileType = audio.mp3; path = piano_C3.mp3; sourceTree = "<group>"; };
		C74DCE151CCBCAEA006D5F4D /* piano_D3#.mp3 */ = {isa = PBXFileReference; lastKnownFileType = audio.mp3; path = "piano_D3#.mp3"; sourceTree = "<group>"; };
		C74DCE161CCBCAEA006D5F4D /* piano_D3.mp3 */ = {isa = PBXFileReference; lastKnownFileType = audio.mp3; path = piano_D3.mp3; sourceTree = "<group>"; };
		C74DCE171CCBCAEA006D5F4D /* piano_E3.mp3 */ = {isa = PBXFileReference; lastKnownFileType = audio.mp3; path = piano_E3.mp3; sourceTree = "<group>"; };
		C74DCE181CCBCAEA006D5F4D /* piano_F3#.mp3 */ = {isa = PBXFileReference; lastKnownFileType = audio.mp3; path = "piano_F3#.mp3"; sourceTree = "<group>"; };
		C74DCE191CCBCAEA006D5F4D /* piano_F3.mp3 */ = {isa = PBXFileReference; lastKnownFileType = audio.mp3; path = piano_F3.mp3; sourceTree = "<group>"; };
		C74DCE1A1CCBCAEA006D5F4D /* piano_G3#.mp3 */ = {isa = PBXFileReference; lastKnownFileType = audio.mp3; path = "piano_G3#.mp3"; sourceTree = "<group>"; };
		C74DCE1B1CCBCAEA006D5F4D /* piano_G3.mp3 */ = {isa = PBXFileReference; lastKnownFileType = audio.mp3; path = piano_G3.mp3; sourceTree = "<group>"; };
		C74DCE1D1CCBCAEA006D5F4D /* piano_A4#.mp3 */ = {isa = PBXFileReference; lastKnownFileType = audio.mp3; path = "piano_A4#.mp3"; sourceTree = "<group>"; };
		C74DCE1E1CCBCAEA006D5F4D /* piano_A4.mp3 */ = {isa = PBXFileReference; lastKnownFileType = audio.mp3; path = piano_A4.mp3; sourceTree = "<group>"; };
		C74DCE1F1CCBCAEA006D5F4D /* piano_B4.mp3 */ = {isa = PBXFileReference; lastKnownFileType = audio.mp3; path = piano_B4.mp3; sourceTree = "<group>"; };
		C74DCE201CCBCAEA006D5F4D /* piano_C4#.mp3 */ = {isa = PBXFileReference; lastKnownFileType = audio.mp3; path = "piano_C4#.mp3"; sourceTree = "<group>"; };
		C74DCE211CCBCAEA006D5F4D /* piano_C4.mp3 */ = {isa = PBXFileReference; lastKnownFileType = audio.mp3; path = piano_C4.mp3; sourceTree = "<group>"; };
		C74DCE221CCBCAEA006D5F4D /* piano_D4#.mp3 */ = {isa = PBXFileReference; lastKnownFileType = audio.mp3; path = "piano_D4#.mp3"; sourceTree = "<group>"; };
		C74DCE231CCBCAEA006D5F4D /* piano_D4.mp3 */ = {isa = PBXFileReference; lastKnownFileType = audio.mp3; path = piano_D4.mp3; sourceTree = "<group>"; };
		C74DCE241CCBCAEA006D5F4D /* piano_E4.mp3 */ = {isa = PBXFileReference; lastKnownFileType = audio.mp3; path = piano_E4.mp3; sourceTree = "<group>"; };
		C74DCE251CCBCAEA006D5F4D /* piano_F4#.mp3 */ = {isa = PBXFileReference; lastKnownFileType = audio.mp3; path = "piano_F4#.mp3"; sourceTree = "<group>"; };
		C74DCE261CCBCAEA006D5F4D /* piano_F4.mp3 */ = {isa = PBXFileReference; lastKnownFileType = audio.mp3; path = piano_F4.mp3; sourceTree = "<group>"; };
		C74DCE271CCBCAEA006D5F4D /* piano_G4#.mp3 */ = {isa = PBXFileReference; lastKnownFileType = audio.mp3; path = "piano_G4#.mp3"; sourceTree = "<group>"; };
		C74DCE281CCBCAEA006D5F4D /* piano_G4.mp3 */ = {isa = PBXFileReference; lastKnownFileType = audio.mp3; path = piano_G4.mp3; sourceTree = "<group>"; };
		C74DCE2A1CCBCAEA006D5F4D /* piano_A5#.mp3 */ = {isa = PBXFileReference; lastKnownFileType = audio.mp3; path = "piano_A5#.mp3"; sourceTree = "<group>"; };
		C74DCE2B1CCBCAEA006D5F4D /* piano_A5.mp3 */ = {isa = PBXFileReference; lastKnownFileType = audio.mp3; path = piano_A5.mp3; sourceTree = "<group>"; };
		C74DCE2C1CCBCAEA006D5F4D /* piano_B5.mp3 */ = {isa = PBXFileReference; lastKnownFileType = audio.mp3; path = piano_B5.mp3; sourceTree = "<group>"; };
		C74DCE2D1CCBCAEA006D5F4D /* piano_C5#.mp3 */ = {isa = PBXFileReference; lastKnownFileType = audio.mp3; path = "piano_C5#.mp3"; sourceTree = "<group>"; };
		C74DCE2E1CCBCAEA006D5F4D /* piano_C5.mp3 */ = {isa = PBXFileReference; lastKnownFileType = audio.mp3; path = piano_C5.mp3; sourceTree = "<group>"; };
		C74DCE2F1CCBCAEA006D5F4D /* piano_D5#.mp3 */ = {isa = PBXFileReference; lastKnownFileType = audio.mp3; path = "piano_D5#.mp3"; sourceTree = "<group>"; };
		C74DCE301CCBCAEA006D5F4D /* piano_D5.mp3 */ = {isa = PBXFileReference; lastKnownFileType = audio.mp3; path = piano_D5.mp3; sourceTree = "<group>"; };
		C74DCE311CCBCAEA006D5F4D /* piano_E5.mp3 */ = {isa = PBXFileReference; lastKnownFileType = audio.mp3; path = piano_E5.mp3; sourceTree = "<group>"; };
		C74DCE321CCBCAEA006D5F4D /* piano_F5#.mp3 */ = {isa = PBXFileReference; lastKnownFileType = audio.mp3; path = "piano_F5#.mp3"; sourceTree = "<group>"; };
		C74DCE331CCBCAEA006D5F4D /* piano_F5.mp3 */ = {isa = PBXFileReference; lastKnownFileType = audio.mp3; path = piano_F5.mp3; sourceTree = "<group>"; };
		C74DCE341CCBCAEA006D5F4D /* piano_G5#.mp3 */ = {isa = PBXFileReference; lastKnownFileType = audio.mp3; path = "piano_G5#.mp3"; sourceTree = "<group>"; };
		C74DCE351CCBCAEA006D5F4D /* piano_G5.mp3 */ = {isa = PBXFileReference; lastKnownFileType = audio.mp3; path = piano_G5.mp3; sourceTree = "<group>"; };
		C74DCE371CCBCAEA006D5F4D /* piano_A6#.mp3 */ = {isa = PBXFileReference; lastKnownFileType = audio.mp3; path = "piano_A6#.mp3"; sourceTree = "<group>"; };
		C74DCE381CCBCAEA006D5F4D /* piano_A6.mp3 */ = {isa = PBXFileReference; lastKnownFileType = audio.mp3; path = piano_A6.mp3; sourceTree = "<group>"; };
		C74DCE391CCBCAEA006D5F4D /* piano_B6.mp3 */ = {isa = PBXFileReference; lastKnownFileType = audio.mp3; path = piano_B6.mp3; sourceTree = "<group>"; };
		C74DCE3A1CCBCAEA006D5F4D /* piano_C6#.mp3 */ = {isa = PBXFileReference; lastKnownFileType = audio.mp3; path = "piano_C6#.mp3"; sourceTree = "<group>"; };
		C74DCE3B1CCBCAEA006D5F4D /* piano_C6.mp3 */ = {isa = PBXFileReference; lastKnownFileType = audio.mp3; path = piano_C6.mp3; sourceTree = "<group>"; };
		C74DCE3C1CCBCAEA006D5F4D /* piano_D6#.mp3 */ = {isa = PBXFileReference; lastKnownFileType = audio.mp3; path = "piano_D6#.mp3"; sourceTree = "<group>"; };
		C74DCE3D1CCBCAEA006D5F4D /* piano_D6.mp3 */ = {isa = PBXFileReference; lastKnownFileType = audio.mp3; path = piano_D6.mp3; sourceTree = "<group>"; };
		C74DCE3E1CCBCAEA006D5F4D /* piano_E6.mp3 */ = {isa = PBXFileReference; lastKnownFileType = audio.mp3; path = piano_E6.mp3; sourceTree = "<group>"; };
		C74DCE3F1CCBCAEA006D5F4D /* piano_F6#.mp3 */ = {isa = PBXFileReference; lastKnownFileType = audio.mp3; path = "piano_F6#.mp3"; sourceTree = "<group>"; };
		C74DCE401CCBCAEA006D5F4D /* piano_F6.mp3 */ = {isa = PBXFileReference; lastKnownFileType = audio.mp3; path = piano_F6.mp3; sourceTree = "<group>"; };
		C74DCE411CCBCAEA006D5F4D /* piano_G6#.mp3 */ = {isa = PBXFileReference; lastKnownFileType = audio.mp3; path = "piano_G6#.mp3"; sourceTree = "<group>"; };
		C74DCE421CCBCAEA006D5F4D /* piano_G6.mp3 */ = {isa = PBXFileReference; lastKnownFileType = audio.mp3; path = piano_G6.mp3; sourceTree = "<group>"; };
		C74DCE441CCBCAEA006D5F4D /* piano_A7#.mp3 */ = {isa = PBXFileReference; lastKnownFileType = audio.mp3; path = "piano_A7#.mp3"; sourceTree = "<group>"; };
		C74DCE451CCBCAEA006D5F4D /* piano_A7.mp3 */ = {isa = PBXFileReference; lastKnownFileType = audio.mp3; path = piano_A7.mp3; sourceTree = "<group>"; };
		C74DCE461CCBCAEA006D5F4D /* piano_B7.mp3 */ = {isa = PBXFileReference; lastKnownFileType = audio.mp3; path = piano_B7.mp3; sourceTree = "<group>"; };
		C74DCE471CCBCAEA006D5F4D /* piano_C7#.mp3 */ = {isa = PBXFileReference; lastKnownFileType = audio.mp3; path = "piano_C7#.mp3"; sourceTree = "<group>"; };
		C74DCE481CCBCAEA006D5F4D /* piano_C7.mp3 */ = {isa = PBXFileReference; lastKnownFileType = audio.mp3; path = piano_C7.mp3; sourceTree = "<group>"; };
		C74DCE491CCBCAEA006D5F4D /* piano_D7#.mp3 */ = {isa = PBXFileReference; lastKnownFileType = audio.mp3; path = "piano_D7#.mp3"; sourceTree = "<group>"; };
		C74DCE4A1CCBCAEA006D5F4D /* piano_D7.mp3 */ = {isa = PBXFileReference; lastKnownFileType = audio.mp3; path = piano_D7.mp3; sourceTree = "<group>"; };
		C74DCE4B1CCBCAEA006D5F4D /* piano_E7.mp3 */ = {isa = PBXFileReference; lastKnownFileType = audio.mp3; path = piano_E7.mp3; sourceTree = "<group>"; };
		C74DCE4C1CCBCAEA006D5F4D /* piano_F7#.mp3 */ = {isa = PBXFileReference; lastKnownFileType = audio.mp3; path = "piano_F7#.mp3"; sourceTree = "<group>"; };
		C74DCE4D1CCBCAEA006D5F4D /* piano_F7.mp3 */ = {isa = PBXFileReference; lastKnownFileType = audio.mp3; path = piano_F7.mp3; sourceTree = "<group>"; };
		C74DCE4E1CCBCAEA006D5F4D /* piano_G7#.mp3 */ = {isa = PBXFileReference; lastKnownFileType = audio.mp3; path = "piano_G7#.mp3"; sourceTree = "<group>"; };
		C74DCE4F1CCBCAEA006D5F4D /* piano_G7.mp3 */ = {isa = PBXFileReference; lastKnownFileType = audio.mp3; path = piano_G7.mp3; sourceTree = "<group>"; };
		C7B074971CC741C5008E6C9A /* wkey7.png */ = {isa = PBXFileReference; lastKnownFileType = image.png; path = wkey7.png; sourceTree = "<group>"; };
		C7B074981CC741C5008E6C9A /* wkey6.png */ = {isa = PBXFileReference; lastKnownFileType = image.png; path = wkey6.png; sourceTree = "<group>"; };
		C7B074991CC741C5008E6C9A /* wkey5.png */ = {isa = PBXFileReference; lastKnownFileType = image.png; path = wkey5.png; sourceTree = "<group>"; };
		C7B0749A1CC741C5008E6C9A /* wkey4.png */ = {isa = PBXFileReference; lastKnownFileType = image.png; path = wkey4.png; sourceTree = "<group>"; };
		C7B0749B1CC741C5008E6C9A /* wkey3.png */ = {isa = PBXFileReference; lastKnownFileType = image.png; path = wkey3.png; sourceTree = "<group>"; };
		C7B0749C1CC741C5008E6C9A /* wkey2.png */ = {isa = PBXFileReference; lastKnownFileType = image.png; path = wkey2.png; sourceTree = "<group>"; };
		C7B0749D1CC741C5008E6C9A /* wkey1.png */ = {isa = PBXFileReference; lastKnownFileType = image.png; path = wkey1.png; sourceTree = "<group>"; };
		C7B0749E1CC741C5008E6C9A /* piano_outline.png */ = {isa = PBXFileReference; lastKnownFileType = image.png; path = piano_outline.png; sourceTree = "<group>"; };
		C7B0749F1CC741C5008E6C9A /* blueToothIcon.png */ = {isa = PBXFileReference; lastKnownFileType = image.png; path = blueToothIcon.png; sourceTree = "<group>"; };
		C7B074A91CC7513D008E6C9A /* wkey14.png */ = {isa = PBXFileReference; lastKnownFileType = image.png; path = wkey14.png; sourceTree = "<group>"; };
		C7B074AA1CC7513D008E6C9A /* wkey13.png */ = {isa = PBXFileReference; lastKnownFileType = image.png; path = wkey13.png; sourceTree = "<group>"; };
		C7B074AB1CC7513D008E6C9A /* wkey12.png */ = {isa = PBXFileReference; lastKnownFileType = image.png; path = wkey12.png; sourceTree = "<group>"; };
		C7B074AC1CC7513D008E6C9A /* wkey11.png */ = {isa = PBXFileReference; lastKnownFileType = image.png; path = wkey11.png; sourceTree = "<group>"; };
		C7B074AD1CC7513D008E6C9A /* wkey10.png */ = {isa = PBXFileReference; lastKnownFileType = image.png; path = wkey10.png; sourceTree = "<group>"; };
		C7B074AE1CC7513D008E6C9A /* wkey9.png */ = {isa = PBXFileReference; lastKnownFileType = image.png; path = wkey9.png; sourceTree = "<group>"; };
		C7B074AF1CC7513D008E6C9A /* wkey8.png */ = {isa = PBXFileReference; lastKnownFileType = image.png; path = wkey8.png; sourceTree = "<group>"; };
		C7B074B71CC75441008E6C9A /* wkey14_highlight.png */ = {isa = PBXFileReference; lastKnownFileType = image.png; path = wkey14_highlight.png; sourceTree = "<group>"; };
		C7B074B81CC75441008E6C9A /* wkey13_highlight.png */ = {isa = PBXFileReference; lastKnownFileType = image.png; path = wkey13_highlight.png; sourceTree = "<group>"; };
		C7B074B91CC75441008E6C9A /* wkey12_highlight.png */ = {isa = PBXFileReference; lastKnownFileType = image.png; path = wkey12_highlight.png; sourceTree = "<group>"; };
		C7B074BA1CC75441008E6C9A /* wkey11_highlight.png */ = {isa = PBXFileReference; lastKnownFileType = image.png; path = wkey11_highlight.png; sourceTree = "<group>"; };
		C7B074BB1CC75441008E6C9A /* wkey10_highlight.png */ = {isa = PBXFileReference; lastKnownFileType = image.png; path = wkey10_highlight.png; sourceTree = "<group>"; };
		C7B074BC1CC75441008E6C9A /* wkey9_highlight.png */ = {isa = PBXFileReference; lastKnownFileType = image.png; path = wkey9_highlight.png; sourceTree = "<group>"; };
		C7B074BD1CC75441008E6C9A /* wkey8_highlight.png */ = {isa = PBXFileReference; lastKnownFileType = image.png; path = wkey8_highlight.png; sourceTree = "<group>"; };
		C7B074BE1CC75441008E6C9A /* wkey7_highlight.png */ = {isa = PBXFileReference; lastKnownFileType = image.png; path = wkey7_highlight.png; sourceTree = "<group>"; };
		C7B074BF1CC75441008E6C9A /* wkey6_highlight.png */ = {isa = PBXFileReference; lastKnownFileType = image.png; path = wkey6_highlight.png; sourceTree = "<group>"; };
		C7B074C01CC75441008E6C9A /* wkey5_highlight.png */ = {isa = PBXFileReference; lastKnownFileType = image.png; path = wkey5_highlight.png; sourceTree = "<group>"; };
		C7B074C11CC75441008E6C9A /* wkey4_highlight.png */ = {isa = PBXFileReference; lastKnownFileType = image.png; path = wkey4_highlight.png; sourceTree = "<group>"; };
		C7B074C21CC75441008E6C9A /* wkey3_highlight.png */ = {isa = PBXFileReference; lastKnownFileType = image.png; path = wkey3_highlight.png; sourceTree = "<group>"; };
		C7B074C31CC75441008E6C9A /* wkey2_highlight.png */ = {isa = PBXFileReference; lastKnownFileType = image.png; path = wkey2_highlight.png; sourceTree = "<group>"; };
		C7B074C41CC75441008E6C9A /* wkey1_highlight.png */ = {isa = PBXFileReference; lastKnownFileType = image.png; path = wkey1_highlight.png; sourceTree = "<group>"; };
		C7B074D51CC8B984008E6C9A /* guitar_outline.png */ = {isa = PBXFileReference; lastKnownFileType = image.png; path = guitar_outline.png; sourceTree = "<group>"; };
		C7B074D71CC8C69F008E6C9A /* violin_outline.png */ = {isa = PBXFileReference; lastKnownFileType = image.png; path = violin_outline.png; sourceTree = "<group>"; };
/* End PBXFileReference section */

/* Begin PBXFrameworksBuildPhase section */
		C74B810F1CBE335B005307FF /* Frameworks */ = {
			isa = PBXFrameworksBuildPhase;
			buildActionMask = 2147483647;
			files = (
			);
			runOnlyForDeploymentPostprocessing = 0;
		};
/* End PBXFrameworksBuildPhase section */

/* Begin PBXGroup section */
		C74B81091CBE335B005307FF = {
			isa = PBXGroup;
			children = (
				C74B81141CBE335C005307FF /* iKeyboard */,
				C74B81301CBE3A0D005307FF /* image */,
				C74B815C1CBF9FC6005307FF /* voice */,
				C74B81131CBE335B005307FF /* Products */,
			);
			sourceTree = "<group>";
		};
		C74B81131CBE335B005307FF /* Products */ = {
			isa = PBXGroup;
			children = (
				C74B81121CBE335B005307FF /* iKeyboard.app */,
			);
			name = Products;
			sourceTree = "<group>";
		};
		C74B81141CBE335C005307FF /* iKeyboard */ = {
			isa = PBXGroup;
			children = (
				C74B81181CBE335C005307FF /* AppDelegate.h */,
				C74B81191CBE335C005307FF /* AppDelegate.m */,
				C74B812C1CBE358F005307FF /* iKeyboardMenuViewController.h */,
				C74B812D1CBE358F005307FF /* iKeyboardMenuViewController.m */,
				C74B81411CBE4325005307FF /* iKeyboardNormalModeViewController.h */,
				C74B81421CBE4325005307FF /* iKeyboardNormalModeViewController.m */,
				C74B811E1CBE335C005307FF /* Main.storyboard */,
				C74B81211CBE335C005307FF /* Assets.xcassets */,
				C74B81231CBE335C005307FF /* LaunchScreen.storyboard */,
				C74B81261CBE335C005307FF /* Info.plist */,
				C74B81151CBE335C005307FF /* Supporting Files */,
			);
			path = iKeyboard;
			sourceTree = "<group>";
		};
		C74B81151CBE335C005307FF /* Supporting Files */ = {
			isa = PBXGroup;
			children = (
				C74B81161CBE335C005307FF /* main.m */,
			);
			name = "Supporting Files";
			sourceTree = "<group>";
		};
		C74B81301CBE3A0D005307FF /* image */ = {
			isa = PBXGroup;
			children = (
				C74DCDF01CCBA178006D5F4D /* bkey_highlight.png */,
				C74DCDEE1CCB9B74006D5F4D /* tablature.jpg */,
				C74DCDE61CCA415C006D5F4D /* bkey.png */,
				C74DCDE71CCA415C006D5F4D /* frame.png */,
				C7B074D71CC8C69F008E6C9A /* violin_outline.png */,
				C7B074D51CC8B984008E6C9A /* guitar_outline.png */,
				C7B074B71CC75441008E6C9A /* wkey14_highlight.png */,
				C7B074B81CC75441008E6C9A /* wkey13_highlight.png */,
				C7B074B91CC75441008E6C9A /* wkey12_highlight.png */,
				C7B074BA1CC75441008E6C9A /* wkey11_highlight.png */,
				C7B074BB1CC75441008E6C9A /* wkey10_highlight.png */,
				C7B074BC1CC75441008E6C9A /* wkey9_highlight.png */,
				C7B074BD1CC75441008E6C9A /* wkey8_highlight.png */,
				C7B074BE1CC75441008E6C9A /* wkey7_highlight.png */,
				C7B074BF1CC75441008E6C9A /* wkey6_highlight.png */,
				C7B074C01CC75441008E6C9A /* wkey5_highlight.png */,
				C7B074C11CC75441008E6C9A /* wkey4_highlight.png */,
				C7B074C21CC75441008E6C9A /* wkey3_highlight.png */,
				C7B074C31CC75441008E6C9A /* wkey2_highlight.png */,
				C7B074C41CC75441008E6C9A /* wkey1_highlight.png */,
				C7B074A91CC7513D008E6C9A /* wkey14.png */,
				C7B074AA1CC7513D008E6C9A /* wkey13.png */,
				C7B074AB1CC7513D008E6C9A /* wkey12.png */,
				C7B074AC1CC7513D008E6C9A /* wkey11.png */,
				C7B074AD1CC7513D008E6C9A /* wkey10.png */,
				C7B074AE1CC7513D008E6C9A /* wkey9.png */,
				C7B074AF1CC7513D008E6C9A /* wkey8.png */,
				C7B074971CC741C5008E6C9A /* wkey7.png */,
				C7B074981CC741C5008E6C9A /* wkey6.png */,
				C7B074991CC741C5008E6C9A /* wkey5.png */,
				C7B0749A1CC741C5008E6C9A /* wkey4.png */,
				C7B0749B1CC741C5008E6C9A /* wkey3.png */,
				C7B0749C1CC741C5008E6C9A /* wkey2.png */,
				C7B0749D1CC741C5008E6C9A /* wkey1.png */,
				C7B0749E1CC741C5008E6C9A /* piano_outline.png */,
				C7B0749F1CC741C5008E6C9A /* blueToothIcon.png */,
				C74B814A1CBF6B9B005307FF /* rightArrow.png */,
				C74B814B1CBF6B9B005307FF /* leftArrow.png */,
				C74B81461CBE54EB005307FF /* keyboard.png */,
				C74B81311CBE3A0D005307FF /* part_of_keyboard.png */,
			);
			path = image;
			sourceTree = "<group>";
		};
		C74B815C1CBF9FC6005307FF /* voice */ = {
			isa = PBXGroup;
			children = (
				C74DCDF41CCBCAEA006D5F4D /* piano */,
			);
			path = voice;
			sourceTree = "<group>";
		};
		C74DCDF41CCBCAEA006D5F4D /* piano */ = {
			isa = PBXGroup;
			children = (
				C74DCDF51CCBCAEA006D5F4D /* ocative1 */,
				C74DCE021CCBCAEA006D5F4D /* ocative2 */,
				C74DCE0F1CCBCAEA006D5F4D /* ocative3 */,
				C74DCE1C1CCBCAEA006D5F4D /* ocative4 */,
				C74DCE291CCBCAEA006D5F4D /* ocative5 */,
				C74DCE361CCBCAEA006D5F4D /* ocative6 */,
				C74DCE431CCBCAEA006D5F4D /* ocative7 */,
			);
			path = piano;
			sourceTree = "<group>";
		};
		C74DCDF51CCBCAEA006D5F4D /* ocative1 */ = {
			isa = PBXGroup;
			children = (
				C74DCDF61CCBCAEA006D5F4D /* piano_A1#.mp3 */,
				C74DCDF71CCBCAEA006D5F4D /* piano_A1.mp3 */,
				C74DCDF81CCBCAEA006D5F4D /* piano_B1.mp3 */,
				C74DCDF91CCBCAEA006D5F4D /* piano_C1#.mp3 */,
				C74DCDFA1CCBCAEA006D5F4D /* piano_C1.mp3 */,
				C74DCDFB1CCBCAEA006D5F4D /* piano_D1#.mp3 */,
				C74DCDFC1CCBCAEA006D5F4D /* piano_D1.mp3 */,
				C74DCDFD1CCBCAEA006D5F4D /* piano_E1.mp3 */,
				C74DCDFE1CCBCAEA006D5F4D /* piano_F1#.mp3 */,
				C74DCDFF1CCBCAEA006D5F4D /* piano_F1.mp3 */,
				C74DCE001CCBCAEA006D5F4D /* piano_G1#.mp3 */,
				C74DCE011CCBCAEA006D5F4D /* piano_G1.mp3 */,
			);
			path = ocative1;
			sourceTree = "<group>";
		};
		C74DCE021CCBCAEA006D5F4D /* ocative2 */ = {
			isa = PBXGroup;
			children = (
				C74DCE031CCBCAEA006D5F4D /* piano_A2#.mp3 */,
				C74DCE041CCBCAEA006D5F4D /* piano_A2.mp3 */,
				C74DCE051CCBCAEA006D5F4D /* piano_B2.mp3 */,
				C74DCE061CCBCAEA006D5F4D /* piano_C2#.mp3 */,
				C74DCE071CCBCAEA006D5F4D /* piano_C2.mp3 */,
				C74DCE081CCBCAEA006D5F4D /* piano_D2#.mp3 */,
				C74DCE091CCBCAEA006D5F4D /* piano_D2.mp3 */,
				C74DCE0A1CCBCAEA006D5F4D /* piano_E2.mp3 */,
				C74DCE0B1CCBCAEA006D5F4D /* piano_F2#.mp3 */,
				C74DCE0C1CCBCAEA006D5F4D /* piano_F2.mp3 */,
				C74DCE0D1CCBCAEA006D5F4D /* piano_G2#.mp3 */,
				C74DCE0E1CCBCAEA006D5F4D /* piano_G2.mp3 */,
			);
			path = ocative2;
			sourceTree = "<group>";
		};
		C74DCE0F1CCBCAEA006D5F4D /* ocative3 */ = {
			isa = PBXGroup;
			children = (
				C74DCE101CCBCAEA006D5F4D /* piano_A3#.mp3 */,
				C74DCE111CCBCAEA006D5F4D /* piano_A3.mp3 */,
				C74DCE121CCBCAEA006D5F4D /* piano_B3.mp3 */,
				C74DCE131CCBCAEA006D5F4D /* piano_C3#.mp3 */,
				C74DCE141CCBCAEA006D5F4D /* piano_C3.mp3 */,
				C74DCE151CCBCAEA006D5F4D /* piano_D3#.mp3 */,
				C74DCE161CCBCAEA006D5F4D /* piano_D3.mp3 */,
				C74DCE171CCBCAEA006D5F4D /* piano_E3.mp3 */,
				C74DCE181CCBCAEA006D5F4D /* piano_F3#.mp3 */,
				C74DCE191CCBCAEA006D5F4D /* piano_F3.mp3 */,
				C74DCE1A1CCBCAEA006D5F4D /* piano_G3#.mp3 */,
				C74DCE1B1CCBCAEA006D5F4D /* piano_G3.mp3 */,
			);
			path = ocative3;
			sourceTree = "<group>";
		};
		C74DCE1C1CCBCAEA006D5F4D /* ocative4 */ = {
			isa = PBXGroup;
			children = (
				C74DCE1D1CCBCAEA006D5F4D /* piano_A4#.mp3 */,
				C74DCE1E1CCBCAEA006D5F4D /* piano_A4.mp3 */,
				C74DCE1F1CCBCAEA006D5F4D /* piano_B4.mp3 */,
				C74DCE201CCBCAEA006D5F4D /* piano_C4#.mp3 */,
				C74DCE211CCBCAEA006D5F4D /* piano_C4.mp3 */,
				C74DCE221CCBCAEA006D5F4D /* piano_D4#.mp3 */,
				C74DCE231CCBCAEA006D5F4D /* piano_D4.mp3 */,
				C74DCE241CCBCAEA006D5F4D /* piano_E4.mp3 */,
				C74DCE251CCBCAEA006D5F4D /* piano_F4#.mp3 */,
				C74DCE261CCBCAEA006D5F4D /* piano_F4.mp3 */,
				C74DCE271CCBCAEA006D5F4D /* piano_G4#.mp3 */,
				C74DCE281CCBCAEA006D5F4D /* piano_G4.mp3 */,
			);
			path = ocative4;
			sourceTree = "<group>";
		};
		C74DCE291CCBCAEA006D5F4D /* ocative5 */ = {
			isa = PBXGroup;
			children = (
				C74DCE2A1CCBCAEA006D5F4D /* piano_A5#.mp3 */,
				C74DCE2B1CCBCAEA006D5F4D /* piano_A5.mp3 */,
				C74DCE2C1CCBCAEA006D5F4D /* piano_B5.mp3 */,
				C74DCE2D1CCBCAEA006D5F4D /* piano_C5#.mp3 */,
				C74DCE2E1CCBCAEA006D5F4D /* piano_C5.mp3 */,
				C74DCE2F1CCBCAEA006D5F4D /* piano_D5#.mp3 */,
				C74DCE301CCBCAEA006D5F4D /* piano_D5.mp3 */,
				C74DCE311CCBCAEA006D5F4D /* piano_E5.mp3 */,
				C74DCE321CCBCAEA006D5F4D /* piano_F5#.mp3 */,
				C74DCE331CCBCAEA006D5F4D /* piano_F5.mp3 */,
				C74DCE341CCBCAEA006D5F4D /* piano_G5#.mp3 */,
				C74DCE351CCBCAEA006D5F4D /* piano_G5.mp3 */,
			);
			path = ocative5;
			sourceTree = "<group>";
		};
		C74DCE361CCBCAEA006D5F4D /* ocative6 */ = {
			isa = PBXGroup;
			children = (
				C74DCE371CCBCAEA006D5F4D /* piano_A6#.mp3 */,
				C74DCE381CCBCAEA006D5F4D /* piano_A6.mp3 */,
				C74DCE391CCBCAEA006D5F4D /* piano_B6.mp3 */,
				C74DCE3A1CCBCAEA006D5F4D /* piano_C6#.mp3 */,
				C74DCE3B1CCBCAEA006D5F4D /* piano_C6.mp3 */,
				C74DCE3C1CCBCAEA006D5F4D /* piano_D6#.mp3 */,
				C74DCE3D1CCBCAEA006D5F4D /* piano_D6.mp3 */,
				C74DCE3E1CCBCAEA006D5F4D /* piano_E6.mp3 */,
				C74DCE3F1CCBCAEA006D5F4D /* piano_F6#.mp3 */,
				C74DCE401CCBCAEA006D5F4D /* piano_F6.mp3 */,
				C74DCE411CCBCAEA006D5F4D /* piano_G6#.mp3 */,
				C74DCE421CCBCAEA006D5F4D /* piano_G6.mp3 */,
			);
			path = ocative6;
			sourceTree = "<group>";
		};
		C74DCE431CCBCAEA006D5F4D /* ocative7 */ = {
			isa = PBXGroup;
			children = (
				C74DCE441CCBCAEA006D5F4D /* piano_A7#.mp3 */,
				C74DCE451CCBCAEA006D5F4D /* piano_A7.mp3 */,
				C74DCE461CCBCAEA006D5F4D /* piano_B7.mp3 */,
				C74DCE471CCBCAEA006D5F4D /* piano_C7#.mp3 */,
				C74DCE481CCBCAEA006D5F4D /* piano_C7.mp3 */,
				C74DCE491CCBCAEA006D5F4D /* piano_D7#.mp3 */,
				C74DCE4A1CCBCAEA006D5F4D /* piano_D7.mp3 */,
				C74DCE4B1CCBCAEA006D5F4D /* piano_E7.mp3 */,
				C74DCE4C1CCBCAEA006D5F4D /* piano_F7#.mp3 */,
				C74DCE4D1CCBCAEA006D5F4D /* piano_F7.mp3 */,
				C74DCE4E1CCBCAEA006D5F4D /* piano_G7#.mp3 */,
				C74DCE4F1CCBCAEA006D5F4D /* piano_G7.mp3 */,
			);
			path = ocative7;
			sourceTree = "<group>";
		};
/* End PBXGroup section */

/* Begin PBXNativeTarget section */
		C74B81111CBE335B005307FF /* iKeyboard */ = {
			isa = PBXNativeTarget;
			buildConfigurationList = C74B81291CBE335C005307FF /* Build configuration list for PBXNativeTarget "iKeyboard" */;
			buildPhases = (
				C74B810E1CBE335B005307FF /* Sources */,
				C74B810F1CBE335B005307FF /* Frameworks */,
				C74B81101CBE335B005307FF /* Resources */,
			);
			buildRules = (
			);
			dependencies = (
			);
			name = iKeyboard;
			productName = iKeyboard;
			productReference = C74B81121CBE335B005307FF /* iKeyboard.app */;
			productType = "com.apple.product-type.application";
		};
/* End PBXNativeTarget section */

/* Begin PBXProject section */
		C74B810A1CBE335B005307FF /* Project object */ = {
			isa = PBXProject;
			attributes = {
				LastUpgradeCheck = 0730;
				ORGANIZATIONNAME = "Lin Chih-An";
				TargetAttributes = {
					C74B81111CBE335B005307FF = {
						CreatedOnToolsVersion = 7.3;
						DevelopmentTeam = KRGS5BKS3M;
					};
				};
			};
			buildConfigurationList = C74B810D1CBE335B005307FF /* Build configuration list for PBXProject "iKeyboard" */;
			compatibilityVersion = "Xcode 3.2";
			developmentRegion = English;
			hasScannedForEncodings = 0;
			knownRegions = (
				en,
				Base,
			);
			mainGroup = C74B81091CBE335B005307FF;
			productRefGroup = C74B81131CBE335B005307FF /* Products */;
			projectDirPath = "";
			projectRoot = "";
			targets = (
				C74B81111CBE335B005307FF /* iKeyboard */,
			);
		};
/* End PBXProject section */

/* Begin PBXResourcesBuildPhase section */
		C74B81101CBE335B005307FF /* Resources */ = {
			isa = PBXResourcesBuildPhase;
			buildActionMask = 2147483647;
			files = (
				C7B074A01CC741C5008E6C9A /* wkey7.png in Resources */,
				C74DCE821CCBCAEA006D5F4D /* piano_B5.mp3 in Resources */,
				C74DCE661CCBCAEA006D5F4D /* piano_G2#.mp3 in Resources */,
				C7B074CB1CC75441008E6C9A /* wkey8_highlight.png in Resources */,
				C7B074B61CC7513D008E6C9A /* wkey8.png in Resources */,
				C7B074A61CC741C5008E6C9A /* wkey1.png in Resources */,
				C74DCE891CCBCAEA006D5F4D /* piano_F5.mp3 in Resources */,
				C74DCE541CCBCAEA006D5F4D /* piano_C1.mp3 in Resources */,
				C74DCE801CCBCAEA006D5F4D /* piano_A5#.mp3 in Resources */,
				C7B074A21CC741C5008E6C9A /* wkey5.png in Resources */,
				C74DCE6A1CCBCAEA006D5F4D /* piano_B3.mp3 in Resources */,
				C74DCE871CCBCAEA006D5F4D /* piano_E5.mp3 in Resources */,
				C7B074CA1CC75441008E6C9A /* wkey9_highlight.png in Resources */,
				C74B814D1CBF6B9B005307FF /* leftArrow.png in Resources */,
				C74DCE7B1CCBCAEA006D5F4D /* piano_E4.mp3 in Resources */,
				C74B814C1CBF6B9B005307FF /* rightArrow.png in Resources */,
				C74DCE711CCBCAEA006D5F4D /* piano_F3.mp3 in Resources */,
				C74B81251CBE335C005307FF /* LaunchScreen.storyboard in Resources */,
				C74DCE5A1CCBCAEA006D5F4D /* piano_G1#.mp3 in Resources */,
				C74DCE851CCBCAEA006D5F4D /* piano_D5#.mp3 in Resources */,
				C74DCE811CCBCAEA006D5F4D /* piano_A5.mp3 in Resources */,
				C7B074CE1CC75441008E6C9A /* wkey5_highlight.png in Resources */,
				C74DCE8D1CCBCAEA006D5F4D /* piano_A6.mp3 in Resources */,
				C74DCE6B1CCBCAEA006D5F4D /* piano_C3#.mp3 in Resources */,
				C74DCE981CCBCAEA006D5F4D /* piano_A7#.mp3 in Resources */,
				C74DCE5E1CCBCAEA006D5F4D /* piano_B2.mp3 in Resources */,
				C74DCE5B1CCBCAEA006D5F4D /* piano_G1.mp3 in Resources */,
				C74DCE621CCBCAEA006D5F4D /* piano_D2.mp3 in Resources */,
				C74DCE671CCBCAEA006D5F4D /* piano_G2.mp3 in Resources */,
				C74DCE8C1CCBCAEA006D5F4D /* piano_A6#.mp3 in Resources */,
				C74DCE501CCBCAEA006D5F4D /* piano_A1#.mp3 in Resources */,
				C74DCE551CCBCAEA006D5F4D /* piano_D1#.mp3 in Resources */,
				C74DCE531CCBCAEA006D5F4D /* piano_C1#.mp3 in Resources */,
				C74DCE5F1CCBCAEA006D5F4D /* piano_C2#.mp3 in Resources */,
				C74DCE9F1CCBCAEA006D5F4D /* piano_E7.mp3 in Resources */,
				C74DCE861CCBCAEA006D5F4D /* piano_D5.mp3 in Resources */,
				C74DCE5D1CCBCAEA006D5F4D /* piano_A2.mp3 in Resources */,
				C74DCE741CCBCAEA006D5F4D /* piano_A4#.mp3 in Resources */,
				C7B074C81CC75441008E6C9A /* wkey11_highlight.png in Resources */,
				C7B074C71CC75441008E6C9A /* wkey12_highlight.png in Resources */,
				C74DCDE91CCA415C006D5F4D /* frame.png in Resources */,
				C74DCE7D1CCBCAEA006D5F4D /* piano_F4.mp3 in Resources */,
				C7B074B31CC7513D008E6C9A /* wkey11.png in Resources */,
				C7B074D01CC75441008E6C9A /* wkey3_highlight.png in Resources */,
				C7B074C61CC75441008E6C9A /* wkey13_highlight.png in Resources */,
				C7B074A11CC741C5008E6C9A /* wkey6.png in Resources */,
				C74DCE9A1CCBCAEA006D5F4D /* piano_B7.mp3 in Resources */,
				C74DCE611CCBCAEA006D5F4D /* piano_D2#.mp3 in Resources */,
				C74DCE7F1CCBCAEA006D5F4D /* piano_G4.mp3 in Resources */,
				C74DCE641CCBCAEA006D5F4D /* piano_F2#.mp3 in Resources */,
				C74DCE691CCBCAEA006D5F4D /* piano_A3.mp3 in Resources */,
				C74DCE631CCBCAEA006D5F4D /* piano_E2.mp3 in Resources */,
				C74DCEA11CCBCAEA006D5F4D /* piano_F7.mp3 in Resources */,
				C74DCE681CCBCAEA006D5F4D /* piano_A3#.mp3 in Resources */,
				C7B074D11CC75441008E6C9A /* wkey2_highlight.png in Resources */,
				C7B074B41CC7513D008E6C9A /* wkey10.png in Resources */,
				C74DCE8E1CCBCAEA006D5F4D /* piano_B6.mp3 in Resources */,
				C7B074D61CC8B984008E6C9A /* guitar_outline.png in Resources */,
				C7B074C91CC75441008E6C9A /* wkey10_highlight.png in Resources */,
				C74DCE931CCBCAEA006D5F4D /* piano_E6.mp3 in Resources */,
				C7B074B21CC7513D008E6C9A /* wkey12.png in Resources */,
				C74DCE521CCBCAEA006D5F4D /* piano_B1.mp3 in Resources */,
				C74DCE561CCBCAEA006D5F4D /* piano_D1.mp3 in Resources */,
				C74DCE651CCBCAEA006D5F4D /* piano_F2.mp3 in Resources */,
				C7B074A81CC741C5008E6C9A /* blueToothIcon.png in Resources */,
				C74DCE961CCBCAEA006D5F4D /* piano_G6#.mp3 in Resources */,
				C7B074A51CC741C5008E6C9A /* wkey2.png in Resources */,
				C74DCE6C1CCBCAEA006D5F4D /* piano_C3.mp3 in Resources */,
				C74DCE9D1CCBCAEA006D5F4D /* piano_D7#.mp3 in Resources */,
				C74DCE591CCBCAEA006D5F4D /* piano_F1.mp3 in Resources */,
				C74DCDF11CCBA178006D5F4D /* bkey_highlight.png in Resources */,
				C74DCE8B1CCBCAEA006D5F4D /* piano_G5.mp3 in Resources */,
				C74DCE601CCBCAEA006D5F4D /* piano_C2.mp3 in Resources */,
				C7B074D81CC8C69F008E6C9A /* violin_outline.png in Resources */,
				C74DCE7E1CCBCAEA006D5F4D /* piano_G4#.mp3 in Resources */,
				C7B074A71CC741C5008E6C9A /* piano_outline.png in Resources */,
				C7B074A31CC741C5008E6C9A /* wkey4.png in Resources */,
				C74DCDE81CCA415C006D5F4D /* bkey.png in Resources */,
				C7B074B51CC7513D008E6C9A /* wkey9.png in Resources */,
				C74DCDEF1CCB9B74006D5F4D /* tablature.jpg in Resources */,
				C74DCE901CCBCAEA006D5F4D /* piano_C6.mp3 in Resources */,
				C74DCE571CCBCAEA006D5F4D /* piano_E1.mp3 in Resources */,
				C74DCEA21CCBCAEA006D5F4D /* piano_G7#.mp3 in Resources */,
				C7B074A41CC741C5008E6C9A /* wkey3.png in Resources */,
				C74DCE7A1CCBCAEA006D5F4D /* piano_D4.mp3 in Resources */,
				C74DCE7C1CCBCAEA006D5F4D /* piano_F4#.mp3 in Resources */,
				C74DCE9C1CCBCAEA006D5F4D /* piano_C7.mp3 in Resources */,
				C74DCE791CCBCAEA006D5F4D /* piano_D4#.mp3 in Resources */,
				C74DCE9E1CCBCAEA006D5F4D /* piano_D7.mp3 in Resources */,
				C74DCE941CCBCAEA006D5F4D /* piano_F6#.mp3 in Resources */,
				C74DCE731CCBCAEA006D5F4D /* piano_G3.mp3 in Resources */,
				C74DCE6D1CCBCAEA006D5F4D /* piano_D3#.mp3 in Resources */,
				C74DCE581CCBCAEA006D5F4D /* piano_F1#.mp3 in Resources */,
				C74B81221CBE335C005307FF /* Assets.xcassets in Resources */,
				C74DCE701CCBCAEA006D5F4D /* piano_F3#.mp3 in Resources */,
				C7B074B11CC7513D008E6C9A /* wkey13.png in Resources */,
				C7B074CD1CC75441008E6C9A /* wkey6_highlight.png in Resources */,
				C74DCE781CCBCAEA006D5F4D /* piano_C4.mp3 in Resources */,
				C74B81321CBE3A0D005307FF /* part_of_keyboard.png in Resources */,
				C74DCE5C1CCBCAEA006D5F4D /* piano_A2#.mp3 in Resources */,
				C74DCE831CCBCAEA006D5F4D /* piano_C5#.mp3 in Resources */,
				C74DCE511CCBCAEA006D5F4D /* piano_A1.mp3 in Resources */,
				C7B074D21CC75441008E6C9A /* wkey1_highlight.png in Resources */,
				C74DCEA01CCBCAEA006D5F4D /* piano_F7#.mp3 in Resources */,
				C74DCE6F1CCBCAEA006D5F4D /* piano_E3.mp3 in Resources */,
				C74DCE8A1CCBCAEA006D5F4D /* piano_G5#.mp3 in Resources */,
				C7B074C51CC75441008E6C9A /* wkey14_highlight.png in Resources */,
				C74DCE751CCBCAEA006D5F4D /* piano_A4.mp3 in Resources */,
				C74DCE771CCBCAEA006D5F4D /* piano_C4#.mp3 in Resources */,
				C74DCE911CCBCAEA006D5F4D /* piano_D6#.mp3 in Resources */,
				C74DCEA31CCBCAEA006D5F4D /* piano_G7.mp3 in Resources */,
				C7B074CC1CC75441008E6C9A /* wkey7_highlight.png in Resources */,
				C74DCE841CCBCAEA006D5F4D /* piano_C5.mp3 in Resources */,
				C74B81471CBE54EB005307FF /* keyboard.png in Resources */,
				C7B074B01CC7513D008E6C9A /* wkey14.png in Resources */,
				C74DCE921CCBCAEA006D5F4D /* piano_D6.mp3 in Resources */,
				C74DCE6E1CCBCAEA006D5F4D /* piano_D3.mp3 in Resources */,
				C74DCE971CCBCAEA006D5F4D /* piano_G6.mp3 in Resources */,
				C74DCE991CCBCAEA006D5F4D /* piano_A7.mp3 in Resources */,
				C74DCE881CCBCAEA006D5F4D /* piano_F5#.mp3 in Resources */,
				C74DCE761CCBCAEA006D5F4D /* piano_B4.mp3 in Resources */,
				C74B81201CBE335C005307FF /* Main.storyboard in Resources */,
				C74DCE721CCBCAEA006D5F4D /* piano_G3#.mp3 in Resources */,
				C74DCE9B1CCBCAEA006D5F4D /* piano_C7#.mp3 in Resources */,
				C74DCE951CCBCAEA006D5F4D /* piano_F6.mp3 in Resources */,
				C74DCE8F1CCBCAEA006D5F4D /* piano_C6#.mp3 in Resources */,
				C7B074CF1CC75441008E6C9A /* wkey4_highlight.png in Resources */,
			);
			runOnlyForDeploymentPostprocessing = 0;
		};
/* End PBXResourcesBuildPhase section */

/* Begin PBXSourcesBuildPhase section */
		C74B810E1CBE335B005307FF /* Sources */ = {
			isa = PBXSourcesBuildPhase;
			buildActionMask = 2147483647;
			files = (
				C74B811A1CBE335C005307FF /* AppDelegate.m in Sources */,
				C74B81431CBE4325005307FF /* iKeyboardNormalModeViewController.m in Sources */,
				C74B81171CBE335C005307FF /* main.m in Sources */,
				C74B812E1CBE358F005307FF /* iKeyboardMenuViewController.m in Sources */,
			);
			runOnlyForDeploymentPostprocessing = 0;
		};
/* End PBXSourcesBuildPhase section */

/* Begin PBXVariantGroup section */
		C74B811E1CBE335C005307FF /* Main.storyboard */ = {
			isa = PBXVariantGroup;
			children = (
				C74B811F1CBE335C005307FF /* Base */,
			);
			name = Main.storyboard;
			sourceTree = "<group>";
		};
		C74B81231CBE335C005307FF /* LaunchScreen.storyboard */ = {
			isa = PBXVariantGroup;
			children = (
				C74B81241CBE335C005307FF /* Base */,
			);
			name = LaunchScreen.storyboard;
			sourceTree = "<group>";
		};
/* End PBXVariantGroup section */

/* Begin XCBuildConfiguration section */
		C74B81271CBE335C005307FF /* Debug */ = {
			isa = XCBuildConfiguration;
			buildSettings = {
				ALWAYS_SEARCH_USER_PATHS = NO;
				CLANG_ANALYZER_NONNULL = YES;
				CLANG_CXX_LANGUAGE_STANDARD = "gnu++0x";
				CLANG_CXX_LIBRARY = "libc++";
				CLANG_ENABLE_MODULES = YES;
				CLANG_ENABLE_OBJC_ARC = YES;
				CLANG_WARN_BOOL_CONVERSION = YES;
				CLANG_WARN_CONSTANT_CONVERSION = YES;
				CLANG_WARN_DIRECT_OBJC_ISA_USAGE = YES_ERROR;
				CLANG_WARN_EMPTY_BODY = YES;
				CLANG_WARN_ENUM_CONVERSION = YES;
				CLANG_WARN_INT_CONVERSION = YES;
				CLANG_WARN_OBJC_ROOT_CLASS = YES_ERROR;
				CLANG_WARN_UNREACHABLE_CODE = YES;
				CLANG_WARN__DUPLICATE_METHOD_MATCH = YES;
				"CODE_SIGN_IDENTITY[sdk=iphoneos*]" = "iPhone Developer";
				COPY_PHASE_STRIP = NO;
				DEBUG_INFORMATION_FORMAT = dwarf;
				ENABLE_STRICT_OBJC_MSGSEND = YES;
				ENABLE_TESTABILITY = YES;
				GCC_C_LANGUAGE_STANDARD = gnu99;
				GCC_DYNAMIC_NO_PIC = NO;
				GCC_NO_COMMON_BLOCKS = YES;
				GCC_OPTIMIZATION_LEVEL = 0;
				GCC_PREPROCESSOR_DEFINITIONS = (
					"DEBUG=1",
					"$(inherited)",
				);
				GCC_WARN_64_TO_32_BIT_CONVERSION = YES;
				GCC_WARN_ABOUT_RETURN_TYPE = YES_ERROR;
				GCC_WARN_UNDECLARED_SELECTOR = YES;
				GCC_WARN_UNINITIALIZED_AUTOS = YES_AGGRESSIVE;
				GCC_WARN_UNUSED_FUNCTION = YES;
				GCC_WARN_UNUSED_VARIABLE = YES;
				IPHONEOS_DEPLOYMENT_TARGET = 9.3;
				MTL_ENABLE_DEBUG_INFO = YES;
				ONLY_ACTIVE_ARCH = YES;
				SDKROOT = iphoneos;
				TARGETED_DEVICE_FAMILY = "1,2";
			};
			name = Debug;
		};
		C74B81281CBE335C005307FF /* Release */ = {
			isa = XCBuildConfiguration;
			buildSettings = {
				ALWAYS_SEARCH_USER_PATHS = NO;
				CLANG_ANALYZER_NONNULL = YES;
				CLANG_CXX_LANGUAGE_STANDARD = "gnu++0x";
				CLANG_CXX_LIBRARY = "libc++";
				CLANG_ENABLE_MODULES = YES;
				CLANG_ENABLE_OBJC_ARC = YES;
				CLANG_WARN_BOOL_CONVERSION = YES;
				CLANG_WARN_CONSTANT_CONVERSION = YES;
				CLANG_WARN_DIRECT_OBJC_ISA_USAGE = YES_ERROR;
				CLANG_WARN_EMPTY_BODY = YES;
				CLANG_WARN_ENUM_CONVERSION = YES;
				CLANG_WARN_INT_CONVERSION = YES;
				CLANG_WARN_OBJC_ROOT_CLASS = YES_ERROR;
				CLANG_WARN_UNREACHABLE_CODE = YES;
				CLANG_WARN__DUPLICATE_METHOD_MATCH = YES;
				"CODE_SIGN_IDENTITY[sdk=iphoneos*]" = "iPhone Developer";
				COPY_PHASE_STRIP = NO;
				DEBUG_INFORMATION_FORMAT = "dwarf-with-dsym";
				ENABLE_NS_ASSERTIONS = NO;
				ENABLE_STRICT_OBJC_MSGSEND = YES;
				GCC_C_LANGUAGE_STANDARD = gnu99;
				GCC_NO_COMMON_BLOCKS = YES;
				GCC_WARN_64_TO_32_BIT_CONVERSION = YES;
				GCC_WARN_ABOUT_RETURN_TYPE = YES_ERROR;
				GCC_WARN_UNDECLARED_SELECTOR = YES;
				GCC_WARN_UNINITIALIZED_AUTOS = YES_AGGRESSIVE;
				GCC_WARN_UNUSED_FUNCTION = YES;
				GCC_WARN_UNUSED_VARIABLE = YES;
				IPHONEOS_DEPLOYMENT_TARGET = 9.3;
				MTL_ENABLE_DEBUG_INFO = NO;
				SDKROOT = iphoneos;
				TARGETED_DEVICE_FAMILY = "1,2";
				VALIDATE_PRODUCT = YES;
			};
			name = Release;
		};
		C74B812A1CBE335C005307FF /* Debug */ = {
			isa = XCBuildConfiguration;
			buildSettings = {
				ASSETCATALOG_COMPILER_APPICON_NAME = AppIcon;
				CODE_SIGN_IDENTITY = "iPhone Developer";
				"CODE_SIGN_IDENTITY[sdk=iphoneos*]" = "iPhone Developer";
				INFOPLIST_FILE = iKeyboard/Info.plist;
				LD_RUNPATH_SEARCH_PATHS = "$(inherited) @executable_path/Frameworks";
				PRODUCT_BUNDLE_IDENTIFIER = com.example.iKeyboard;
				PRODUCT_NAME = "$(TARGET_NAME)";
				PROVISIONING_PROFILE = "";
				USER_HEADER_SEARCH_PATHS = "$(SRCROOT)/Finch/**";
			};
			name = Debug;
		};
		C74B812B1CBE335C005307FF /* Release */ = {
			isa = XCBuildConfiguration;
			buildSettings = {
				ASSETCATALOG_COMPILER_APPICON_NAME = AppIcon;
				CODE_SIGN_IDENTITY = "iPhone Developer";
				"CODE_SIGN_IDENTITY[sdk=iphoneos*]" = "iPhone Developer";
				INFOPLIST_FILE = iKeyboard/Info.plist;
				LD_RUNPATH_SEARCH_PATHS = "$(inherited) @executable_path/Frameworks";
				PRODUCT_BUNDLE_IDENTIFIER = com.example.iKeyboard;
				PRODUCT_NAME = "$(TARGET_NAME)";
				PROVISIONING_PROFILE = "";
				USER_HEADER_SEARCH_PATHS = "$(SRCROOT)/Finch/**";
			};
			name = Release;
		};
/* End XCBuildConfiguration section */

/* Begin XCConfigurationList section */
		C74B810D1CBE335B005307FF /* Build configuration list for PBXProject "iKeyboard" */ = {
			isa = XCConfigurationList;
			buildConfigurations = (
				C74B81271CBE335C005307FF /* Debug */,
				C74B81281CBE335C005307FF /* Release */,
			);
			defaultConfigurationIsVisible = 0;
			defaultConfigurationName = Release;
		};
		C74B81291CBE335C005307FF /* Build configuration list for PBXNativeTarget "iKeyboard" */ = {
			isa = XCConfigurationList;
			buildConfigurations = (
				C74B812A1CBE335C005307FF /* Debug */,
				C74B812B1CBE335C005307FF /* Release */,
			);
			defaultConfigurationIsVisible = 0;
			defaultConfigurationName = Release;
		};
/* End XCConfigurationList section */
	};
	rootObject = C74B810A1CBE335B005307FF /* Project object */;
}
